
Microsoft Visual Studio Solution File, Format Version 12.00
# Visual Studio Version 16
VisualStudioVersion = 16.0.28222.4001
MinimumVisualStudioVersion = 10.0.40219.1
Project("{9A19103F-16F7-4668-BE54-9A1E7A4F7556}") = "System.Windows.Forms", "src\System.Windows.Forms\src\System.Windows.Forms.csproj", "{0D23A41B-2626-4703-9E4A-87C07F69B0B2}"
EndProject
Project("{9A19103F-16F7-4668-BE54-9A1E7A4F7556}") = "System.Windows.Forms.Ref", "src\System.Windows.Forms\ref\System.Windows.Forms.Ref.csproj", "{334C343B-9D39-498E-89D8-B6526028FD5C}"
EndProject
Project("{9A19103F-16F7-4668-BE54-9A1E7A4F7556}") = "System.Windows.Forms.Tests", "src\System.Windows.Forms\tests\UnitTests\System.Windows.Forms.Tests.csproj", "{AB38E262-F206-4820-8F29-23C5F72A4A16}"
EndProject
Project("{9A19103F-16F7-4668-BE54-9A1E7A4F7556}") = "WinformsControlsTest", "src\System.Windows.Forms\tests\functests\WinformsControlsTest\WinformsControlsTest.csproj", "{657472B8-FDA3-49DF-B8BE-0246046A4348}"
EndProject
Global
	GlobalSection(SolutionConfigurationPlatforms) = preSolution
		Debug|Any CPU = Debug|Any CPU
		Release|Any CPU = Release|Any CPU
	EndGlobalSection
	GlobalSection(ProjectConfigurationPlatforms) = postSolution
		{0D23A41B-2626-4703-9E4A-87C07F69B0B2}.Debug|Any CPU.ActiveCfg = Debug|Any CPU
		{0D23A41B-2626-4703-9E4A-87C07F69B0B2}.Debug|Any CPU.Build.0 = Debug|Any CPU
		{0D23A41B-2626-4703-9E4A-87C07F69B0B2}.Release|Any CPU.ActiveCfg = Release|Any CPU
		{0D23A41B-2626-4703-9E4A-87C07F69B0B2}.Release|Any CPU.Build.0 = Release|Any CPU
		{334C343B-9D39-498E-89D8-B6526028FD5C}.Debug|Any CPU.ActiveCfg = Debug|Any CPU
		{334C343B-9D39-498E-89D8-B6526028FD5C}.Debug|Any CPU.Build.0 = Debug|Any CPU
		{334C343B-9D39-498E-89D8-B6526028FD5C}.Release|Any CPU.ActiveCfg = Release|Any CPU
		{334C343B-9D39-498E-89D8-B6526028FD5C}.Release|Any CPU.Build.0 = Release|Any CPU
		{AB38E262-F206-4820-8F29-23C5F72A4A16}.Debug|Any CPU.ActiveCfg = Debug|Any CPU
		{AB38E262-F206-4820-8F29-23C5F72A4A16}.Debug|Any CPU.Build.0 = Debug|Any CPU
		{AB38E262-F206-4820-8F29-23C5F72A4A16}.Release|Any CPU.ActiveCfg = Release|Any CPU
		{AB38E262-F206-4820-8F29-23C5F72A4A16}.Release|Any CPU.Build.0 = Release|Any CPU
		{657472B8-FDA3-49DF-B8BE-0246046A4348}.Debug|Any CPU.ActiveCfg = Debug|Any CPU
		{657472B8-FDA3-49DF-B8BE-0246046A4348}.Debug|Any CPU.Build.0 = Debug|Any CPU
		{657472B8-FDA3-49DF-B8BE-0246046A4348}.Release|Any CPU.ActiveCfg = Release|Any CPU
		{657472B8-FDA3-49DF-B8BE-0246046A4348}.Release|Any CPU.Build.0 = Release|Any CPU
	EndGlobalSection
	GlobalSection(SolutionProperties) = preSolution
		HideSolutionNode = FALSE
	EndGlobalSection
	GlobalSection(ExtensibilityGlobals) = postSolution
		SolutionGuid = {7B1B0433-F612-4E5A-BE7E-FCF5B9F6E136}
	EndGlobalSection
EndGlobal
