Microsoft Visual Studio Solution File, Format Version 12.00
# Visual Studio Version 18
VisualStudioVersion = 18.3.11520.95
MinimumVisualStudioVersion = 10.0.40219.1
Project("{9A19103F-16F7-4668-BE54-9A1E7A4F7556}") = "System.Windows.Forms", "src\System.Windows.Forms\System.Windows.Forms.csproj", "{0D23A41B-2626-4703-9E4A-87C07F69B0B2}"
EndProject
Project("{9A19103F-16F7-4668-BE54-9A1E7A4F7556}") = "System.Windows.Forms.Design", "src\System.Windows.Forms.Design\src\System.Windows.Forms.Design.csproj", "{61D06BBD-B0CF-4CE1-9139-1CC4B82F0F9B}"
EndProject
Project("{9A19103F-16F7-4668-BE54-9A1E7A4F7556}") = "System.Windows.Forms.Primitives", "src\System.Windows.Forms.Primitives\src\System.Windows.Forms.Primitives.csproj", "{90B27178-F535-43F7-886E-0AB75203F246}"
EndProject
Project("{9A19103F-16F7-4668-BE54-9A1E7A4F7556}") = "System.Windows.Forms.PrivateSourceGenerators", "src\System.Windows.Forms.PrivateSourceGenerators\src\System.Windows.Forms.PrivateSourceGenerators.csproj", "{3BB220A9-7BC9-4D45-9DC7-B5A1D659B478}"
EndProject
Project("{9A19103F-16F7-4668-BE54-9A1E7A4F7556}") = "System.Windows.Forms.Legacy.Demo", "src\System.Windows.Forms.Legacy\System.Windows.Forms.Legacy.Demo\System.Windows.Forms.Legacy.Demo.csproj", "{313D5215-7E76-4864-AEBF-0C15819D0B34}"
EndProject
Project("{9A19103F-16F7-4668-BE54-9A1E7A4F7556}") = "System.Windows.Forms.Legacy.Tests", "src\System.Windows.Forms.Legacy\System.Windows.Forms.Legacy.Tests\System.Windows.Forms.Legacy.Tests.csproj", "{EAF018D1-D51E-4F67-BC7F-6F7F5702C411}"
EndProject
Project("{9A19103F-16F7-4668-BE54-9A1E7A4F7556}") = "Accessibility", "src\Accessibility\src\Accessibility.ilproj", "{351D8601-6E21-45E8-B3B9-847C4540BD4E}"
EndProject
Project("{9A19103F-16F7-4668-BE54-9A1E7A4F7556}") = "System.Drawing.Common", "src\System.Drawing.Common\src\System.Drawing.Common.csproj", "{90CC3A84-1087-48A0-8FDC-3A0F6D4D3B4D}"
EndProject
Project("{9A19103F-16F7-4668-BE54-9A1E7A4F7556}") = "System.Private.Windows.Core", "src\System.Private.Windows.Core\src\System.Private.Windows.Core.csproj", "{61376D2A-4AD5-48F4-BF99-2BB630E21945}"
EndProject
Project("{FAE04EC0-301F-11D3-BF4B-00C04F79EFBC}") = "System.Private.Windows.GdiPlus", "src\System.Private.Windows.GdiPlus\System.Private.Windows.GdiPlus.csproj", "{442C867C-51C0-8CE5-F067-DF065008E3DA}"
EndProject
Project("{2150E333-8FDC-42A3-9474-1A3956D46DE8}") = "winforms", "winforms", "{FFD82D6B-78FA-4D85-A19D-FF0A12FC47F2}"
EndProject
Project("{FAE04EC0-301F-11D3-BF4B-00C04F79EFBC}") = "System.Windows.Forms.Package", "src\System.Windows.Forms.Legacy\System.Windows.Forms.Package\System.Windows.Forms.Package.csproj", "{8AB498C9-5D10-DEBB-99E0-485A02435166}"
EndProject
Global
	GlobalSection(SolutionConfigurationPlatforms) = preSolution
		Debug|Any CPU = Debug|Any CPU
		Debug|arm64 = Debug|arm64
		Debug|x64 = Debug|x64
		Debug|x86 = Debug|x86
		Release|Any CPU = Release|Any CPU
		Release|arm64 = Release|arm64
		Release|x64 = Release|x64
		Release|x86 = Release|x86
	EndGlobalSection
	GlobalSection(ProjectConfigurationPlatforms) = postSolution
		{0D23A41B-2626-4703-9E4A-87C07F69B0B2}.Debug|Any CPU.ActiveCfg = Debug|Any CPU
		{0D23A41B-2626-4703-9E4A-87C07F69B0B2}.Debug|Any CPU.Build.0 = Debug|Any CPU
		{0D23A41B-2626-4703-9E4A-87C07F69B0B2}.Debug|arm64.ActiveCfg = Debug|Any CPU
		{0D23A41B-2626-4703-9E4A-87C07F69B0B2}.Debug|arm64.Build.0 = Debug|Any CPU
		{0D23A41B-2626-4703-9E4A-87C07F69B0B2}.Debug|x64.ActiveCfg = Debug|Any CPU
		{0D23A41B-2626-4703-9E4A-87C07F69B0B2}.Debug|x64.Build.0 = Debug|Any CPU
		{0D23A41B-2626-4703-9E4A-87C07F69B0B2}.Debug|x86.ActiveCfg = Debug|Any CPU
		{0D23A41B-2626-4703-9E4A-87C07F69B0B2}.Debug|x86.Build.0 = Debug|Any CPU
		{0D23A41B-2626-4703-9E4A-87C07F69B0B2}.Release|Any CPU.ActiveCfg = Release|Any CPU
		{0D23A41B-2626-4703-9E4A-87C07F69B0B2}.Release|Any CPU.Build.0 = Release|Any CPU
		{0D23A41B-2626-4703-9E4A-87C07F69B0B2}.Release|arm64.ActiveCfg = Release|Any CPU
		{0D23A41B-2626-4703-9E4A-87C07F69B0B2}.Release|arm64.Build.0 = Release|Any CPU
		{0D23A41B-2626-4703-9E4A-87C07F69B0B2}.Release|x64.ActiveCfg = Release|Any CPU
		{0D23A41B-2626-4703-9E4A-87C07F69B0B2}.Release|x64.Build.0 = Release|Any CPU
		{0D23A41B-2626-4703-9E4A-87C07F69B0B2}.Release|x86.ActiveCfg = Release|Any CPU
		{0D23A41B-2626-4703-9E4A-87C07F69B0B2}.Release|x86.Build.0 = Release|Any CPU
		{61D06BBD-B0CF-4CE1-9139-1CC4B82F0F9B}.Debug|Any CPU.ActiveCfg = Debug|Any CPU
		{61D06BBD-B0CF-4CE1-9139-1CC4B82F0F9B}.Debug|Any CPU.Build.0 = Debug|Any CPU
		{61D06BBD-B0CF-4CE1-9139-1CC4B82F0F9B}.Debug|arm64.ActiveCfg = Debug|Any CPU
		{61D06BBD-B0CF-4CE1-9139-1CC4B82F0F9B}.Debug|arm64.Build.0 = Debug|Any CPU
		{61D06BBD-B0CF-4CE1-9139-1CC4B82F0F9B}.Debug|x64.ActiveCfg = Debug|Any CPU
		{61D06BBD-B0CF-4CE1-9139-1CC4B82F0F9B}.Debug|x64.Build.0 = Debug|Any CPU
		{61D06BBD-B0CF-4CE1-9139-1CC4B82F0F9B}.Debug|x86.ActiveCfg = Debug|Any CPU
		{61D06BBD-B0CF-4CE1-9139-1CC4B82F0F9B}.Debug|x86.Build.0 = Debug|Any CPU
		{61D06BBD-B0CF-4CE1-9139-1CC4B82F0F9B}.Release|Any CPU.ActiveCfg = Release|Any CPU
		{61D06BBD-B0CF-4CE1-9139-1CC4B82F0F9B}.Release|Any CPU.Build.0 = Release|Any CPU
		{61D06BBD-B0CF-4CE1-9139-1CC4B82F0F9B}.Release|arm64.ActiveCfg = Release|Any CPU
		{61D06BBD-B0CF-4CE1-9139-1CC4B82F0F9B}.Release|arm64.Build.0 = Release|Any CPU
		{61D06BBD-B0CF-4CE1-9139-1CC4B82F0F9B}.Release|x64.ActiveCfg = Release|Any CPU
		{61D06BBD-B0CF-4CE1-9139-1CC4B82F0F9B}.Release|x64.Build.0 = Release|Any CPU
		{61D06BBD-B0CF-4CE1-9139-1CC4B82F0F9B}.Release|x86.ActiveCfg = Release|Any CPU
		{61D06BBD-B0CF-4CE1-9139-1CC4B82F0F9B}.Release|x86.Build.0 = Release|Any CPU
		{90B27178-F535-43F7-886E-0AB75203F246}.Debug|Any CPU.ActiveCfg = Debug|Any CPU
		{90B27178-F535-43F7-886E-0AB75203F246}.Debug|Any CPU.Build.0 = Debug|Any CPU
		{90B27178-F535-43F7-886E-0AB75203F246}.Debug|arm64.ActiveCfg = Debug|Any CPU
		{90B27178-F535-43F7-886E-0AB75203F246}.Debug|arm64.Build.0 = Debug|Any CPU
		{90B27178-F535-43F7-886E-0AB75203F246}.Debug|x64.ActiveCfg = Debug|Any CPU
		{90B27178-F535-43F7-886E-0AB75203F246}.Debug|x64.Build.0 = Debug|Any CPU
		{90B27178-F535-43F7-886E-0AB75203F246}.Debug|x86.ActiveCfg = Debug|Any CPU
		{90B27178-F535-43F7-886E-0AB75203F246}.Debug|x86.Build.0 = Debug|Any CPU
		{90B27178-F535-43F7-886E-0AB75203F246}.Release|Any CPU.ActiveCfg = Release|Any CPU
		{90B27178-F535-43F7-886E-0AB75203F246}.Release|Any CPU.Build.0 = Release|Any CPU
		{90B27178-F535-43F7-886E-0AB75203F246}.Release|arm64.ActiveCfg = Release|Any CPU
		{90B27178-F535-43F7-886E-0AB75203F246}.Release|arm64.Build.0 = Release|Any CPU
		{90B27178-F535-43F7-886E-0AB75203F246}.Release|x64.ActiveCfg = Release|Any CPU
		{90B27178-F535-43F7-886E-0AB75203F246}.Release|x64.Build.0 = Release|Any CPU
		{90B27178-F535-43F7-886E-0AB75203F246}.Release|x86.ActiveCfg = Release|Any CPU
		{90B27178-F535-43F7-886E-0AB75203F246}.Release|x86.Build.0 = Release|Any CPU
		{3BB220A9-7BC9-4D45-9DC7-B5A1D659B478}.Debug|Any CPU.ActiveCfg = Debug|Any CPU
		{3BB220A9-7BC9-4D45-9DC7-B5A1D659B478}.Debug|Any CPU.Build.0 = Debug|Any CPU
		{3BB220A9-7BC9-4D45-9DC7-B5A1D659B478}.Debug|arm64.ActiveCfg = Debug|Any CPU
		{3BB220A9-7BC9-4D45-9DC7-B5A1D659B478}.Debug|arm64.Build.0 = Debug|Any CPU
		{3BB220A9-7BC9-4D45-9DC7-B5A1D659B478}.Debug|x64.ActiveCfg = Debug|Any CPU
		{3BB220A9-7BC9-4D45-9DC7-B5A1D659B478}.Debug|x64.Build.0 = Debug|Any CPU
		{3BB220A9-7BC9-4D45-9DC7-B5A1D659B478}.Debug|x86.ActiveCfg = Debug|Any CPU
		{3BB220A9-7BC9-4D45-9DC7-B5A1D659B478}.Debug|x86.Build.0 = Debug|Any CPU
		{3BB220A9-7BC9-4D45-9DC7-B5A1D659B478}.Release|Any CPU.ActiveCfg = Release|Any CPU
		{3BB220A9-7BC9-4D45-9DC7-B5A1D659B478}.Release|Any CPU.Build.0 = Release|Any CPU
		{3BB220A9-7BC9-4D45-9DC7-B5A1D659B478}.Release|arm64.ActiveCfg = Release|Any CPU
		{3BB220A9-7BC9-4D45-9DC7-B5A1D659B478}.Release|arm64.Build.0 = Release|Any CPU
		{3BB220A9-7BC9-4D45-9DC7-B5A1D659B478}.Release|x64.ActiveCfg = Release|Any CPU
		{3BB220A9-7BC9-4D45-9DC7-B5A1D659B478}.Release|x64.Build.0 = Release|Any CPU
		{3BB220A9-7BC9-4D45-9DC7-B5A1D659B478}.Release|x86.ActiveCfg = Release|Any CPU
		{3BB220A9-7BC9-4D45-9DC7-B5A1D659B478}.Release|x86.Build.0 = Release|Any CPU
		{313D5215-7E76-4864-AEBF-0C15819D0B34}.Debug|Any CPU.ActiveCfg = Debug|Any CPU
		{313D5215-7E76-4864-AEBF-0C15819D0B34}.Debug|arm64.ActiveCfg = Debug|Any CPU
		{313D5215-7E76-4864-AEBF-0C15819D0B34}.Debug|arm64.Build.0 = Debug|Any CPU
		{313D5215-7E76-4864-AEBF-0C15819D0B34}.Debug|x64.ActiveCfg = Debug|Any CPU
		{313D5215-7E76-4864-AEBF-0C15819D0B34}.Debug|x64.Build.0 = Debug|Any CPU
		{313D5215-7E76-4864-AEBF-0C15819D0B34}.Debug|x86.ActiveCfg = Debug|Any CPU
		{313D5215-7E76-4864-AEBF-0C15819D0B34}.Debug|x86.Build.0 = Debug|Any CPU
		{313D5215-7E76-4864-AEBF-0C15819D0B34}.Release|Any CPU.ActiveCfg = Release|Any CPU
		{313D5215-7E76-4864-AEBF-0C15819D0B34}.Release|arm64.ActiveCfg = Release|Any CPU
		{313D5215-7E76-4864-AEBF-0C15819D0B34}.Release|arm64.Build.0 = Release|Any CPU
		{313D5215-7E76-4864-AEBF-0C15819D0B34}.Release|x64.ActiveCfg = Release|Any CPU
		{313D5215-7E76-4864-AEBF-0C15819D0B34}.Release|x64.Build.0 = Release|Any CPU
		{313D5215-7E76-4864-AEBF-0C15819D0B34}.Release|x86.ActiveCfg = Release|Any CPU
		{313D5215-7E76-4864-AEBF-0C15819D0B34}.Release|x86.Build.0 = Release|Any CPU
		{EAF018D1-D51E-4F67-BC7F-6F7F5702C411}.Debug|Any CPU.ActiveCfg = Debug|Any CPU
		{EAF018D1-D51E-4F67-BC7F-6F7F5702C411}.Debug|Any CPU.Build.0 = Debug|Any CPU
		{EAF018D1-D51E-4F67-BC7F-6F7F5702C411}.Debug|arm64.ActiveCfg = Debug|Any CPU
		{EAF018D1-D51E-4F67-BC7F-6F7F5702C411}.Debug|arm64.Build.0 = Debug|Any CPU
		{EAF018D1-D51E-4F67-BC7F-6F7F5702C411}.Debug|x64.ActiveCfg = Debug|Any CPU
		{EAF018D1-D51E-4F67-BC7F-6F7F5702C411}.Debug|x64.Build.0 = Debug|Any CPU
		{EAF018D1-D51E-4F67-BC7F-6F7F5702C411}.Debug|x86.ActiveCfg = Debug|Any CPU
		{EAF018D1-D51E-4F67-BC7F-6F7F5702C411}.Debug|x86.Build.0 = Debug|Any CPU
		{EAF018D1-D51E-4F67-BC7F-6F7F5702C411}.Release|Any CPU.ActiveCfg = Release|Any CPU
		{EAF018D1-D51E-4F67-BC7F-6F7F5702C411}.Release|arm64.ActiveCfg = Release|Any CPU
		{EAF018D1-D51E-4F67-BC7F-6F7F5702C411}.Release|arm64.Build.0 = Release|Any CPU
		{EAF018D1-D51E-4F67-BC7F-6F7F5702C411}.Release|x64.ActiveCfg = Release|Any CPU
		{EAF018D1-D51E-4F67-BC7F-6F7F5702C411}.Release|x64.Build.0 = Release|Any CPU
		{EAF018D1-D51E-4F67-BC7F-6F7F5702C411}.Release|x86.ActiveCfg = Release|Any CPU
		{EAF018D1-D51E-4F67-BC7F-6F7F5702C411}.Release|x86.Build.0 = Release|Any CPU
		{351D8601-6E21-45E8-B3B9-847C4540BD4E}.Debug|Any CPU.ActiveCfg = Debug|Any CPU
		{351D8601-6E21-45E8-B3B9-847C4540BD4E}.Debug|Any CPU.Build.0 = Debug|Any CPU
		{351D8601-6E21-45E8-B3B9-847C4540BD4E}.Debug|arm64.ActiveCfg = Debug|Any CPU
		{351D8601-6E21-45E8-B3B9-847C4540BD4E}.Debug|arm64.Build.0 = Debug|Any CPU
		{351D8601-6E21-45E8-B3B9-847C4540BD4E}.Debug|x64.ActiveCfg = Debug|Any CPU
		{351D8601-6E21-45E8-B3B9-847C4540BD4E}.Debug|x64.Build.0 = Debug|Any CPU
		{351D8601-6E21-45E8-B3B9-847C4540BD4E}.Debug|x86.ActiveCfg = Debug|Any CPU
		{351D8601-6E21-45E8-B3B9-847C4540BD4E}.Debug|x86.Build.0 = Debug|Any CPU
		{351D8601-6E21-45E8-B3B9-847C4540BD4E}.Release|Any CPU.ActiveCfg = Release|Any CPU
		{351D8601-6E21-45E8-B3B9-847C4540BD4E}.Release|Any CPU.Build.0 = Release|Any CPU
		{351D8601-6E21-45E8-B3B9-847C4540BD4E}.Release|arm64.ActiveCfg = Release|Any CPU
		{351D8601-6E21-45E8-B3B9-847C4540BD4E}.Release|arm64.Build.0 = Release|Any CPU
		{351D8601-6E21-45E8-B3B9-847C4540BD4E}.Release|x64.ActiveCfg = Release|Any CPU
		{351D8601-6E21-45E8-B3B9-847C4540BD4E}.Release|x64.Build.0 = Release|Any CPU
		{351D8601-6E21-45E8-B3B9-847C4540BD4E}.Release|x86.ActiveCfg = Release|Any CPU
		{351D8601-6E21-45E8-B3B9-847C4540BD4E}.Release|x86.Build.0 = Release|Any CPU
		{90CC3A84-1087-48A0-8FDC-3A0F6D4D3B4D}.Debug|Any CPU.ActiveCfg = Debug|Any CPU
		{90CC3A84-1087-48A0-8FDC-3A0F6D4D3B4D}.Debug|Any CPU.Build.0 = Debug|Any CPU
		{90CC3A84-1087-48A0-8FDC-3A0F6D4D3B4D}.Debug|arm64.ActiveCfg = Debug|Any CPU
		{90CC3A84-1087-48A0-8FDC-3A0F6D4D3B4D}.Debug|arm64.Build.0 = Debug|Any CPU
		{90CC3A84-1087-48A0-8FDC-3A0F6D4D3B4D}.Debug|x64.ActiveCfg = Debug|Any CPU
		{90CC3A84-1087-48A0-8FDC-3A0F6D4D3B4D}.Debug|x64.Build.0 = Debug|Any CPU
		{90CC3A84-1087-48A0-8FDC-3A0F6D4D3B4D}.Debug|x86.ActiveCfg = Debug|Any CPU
		{90CC3A84-1087-48A0-8FDC-3A0F6D4D3B4D}.Debug|x86.Build.0 = Debug|Any CPU
		{90CC3A84-1087-48A0-8FDC-3A0F6D4D3B4D}.Release|Any CPU.ActiveCfg = Release|Any CPU
		{90CC3A84-1087-48A0-8FDC-3A0F6D4D3B4D}.Release|Any CPU.Build.0 = Release|Any CPU
		{90CC3A84-1087-48A0-8FDC-3A0F6D4D3B4D}.Release|arm64.ActiveCfg = Release|Any CPU
		{90CC3A84-1087-48A0-8FDC-3A0F6D4D3B4D}.Release|arm64.Build.0 = Release|Any CPU
		{90CC3A84-1087-48A0-8FDC-3A0F6D4D3B4D}.Release|x64.ActiveCfg = Release|Any CPU
		{90CC3A84-1087-48A0-8FDC-3A0F6D4D3B4D}.Release|x64.Build.0 = Release|Any CPU
		{90CC3A84-1087-48A0-8FDC-3A0F6D4D3B4D}.Release|x86.ActiveCfg = Release|Any CPU
		{90CC3A84-1087-48A0-8FDC-3A0F6D4D3B4D}.Release|x86.Build.0 = Release|Any CPU
		{61376D2A-4AD5-48F4-BF99-2BB630E21945}.Debug|Any CPU.ActiveCfg = Debug|Any CPU
		{61376D2A-4AD5-48F4-BF99-2BB630E21945}.Debug|Any CPU.Build.0 = Debug|Any CPU
		{61376D2A-4AD5-48F4-BF99-2BB630E21945}.Debug|arm64.ActiveCfg = Debug|Any CPU
		{61376D2A-4AD5-48F4-BF99-2BB630E21945}.Debug|arm64.Build.0 = Debug|Any CPU
		{61376D2A-4AD5-48F4-BF99-2BB630E21945}.Debug|x64.ActiveCfg = Debug|Any CPU
		{61376D2A-4AD5-48F4-BF99-2BB630E21945}.Debug|x64.Build.0 = Debug|Any CPU
		{61376D2A-4AD5-48F4-BF99-2BB630E21945}.Debug|x86.ActiveCfg = Debug|Any CPU
		{61376D2A-4AD5-48F4-BF99-2BB630E21945}.Debug|x86.Build.0 = Debug|Any CPU
		{61376D2A-4AD5-48F4-BF99-2BB630E21945}.Release|Any CPU.ActiveCfg = Release|Any CPU
		{61376D2A-4AD5-48F4-BF99-2BB630E21945}.Release|Any CPU.Build.0 = Release|Any CPU
		{61376D2A-4AD5-48F4-BF99-2BB630E21945}.Release|arm64.ActiveCfg = Release|Any CPU
		{61376D2A-4AD5-48F4-BF99-2BB630E21945}.Release|arm64.Build.0 = Release|Any CPU
		{61376D2A-4AD5-48F4-BF99-2BB630E21945}.Release|x64.ActiveCfg = Release|Any CPU
		{61376D2A-4AD5-48F4-BF99-2BB630E21945}.Release|x64.Build.0 = Release|Any CPU
		{61376D2A-4AD5-48F4-BF99-2BB630E21945}.Release|x86.ActiveCfg = Release|Any CPU
		{61376D2A-4AD5-48F4-BF99-2BB630E21945}.Release|x86.Build.0 = Release|Any CPU
		{442C867C-51C0-8CE5-F067-DF065008E3DA}.Debug|Any CPU.ActiveCfg = Debug|Any CPU
		{442C867C-51C0-8CE5-F067-DF065008E3DA}.Debug|Any CPU.Build.0 = Debug|Any CPU
		{442C867C-51C0-8CE5-F067-DF065008E3DA}.Debug|arm64.ActiveCfg = Debug|Any CPU
		{442C867C-51C0-8CE5-F067-DF065008E3DA}.Debug|arm64.Build.0 = Debug|Any CPU
		{442C867C-51C0-8CE5-F067-DF065008E3DA}.Debug|x64.ActiveCfg = Debug|Any CPU
		{442C867C-51C0-8CE5-F067-DF065008E3DA}.Debug|x64.Build.0 = Debug|Any CPU
		{442C867C-51C0-8CE5-F067-DF065008E3DA}.Debug|x86.ActiveCfg = Debug|Any CPU
		{442C867C-51C0-8CE5-F067-DF065008E3DA}.Debug|x86.Build.0 = Debug|Any CPU
		{442C867C-51C0-8CE5-F067-DF065008E3DA}.Release|Any CPU.ActiveCfg = Release|Any CPU
		{442C867C-51C0-8CE5-F067-DF065008E3DA}.Release|Any CPU.Build.0 = Release|Any CPU
		{442C867C-51C0-8CE5-F067-DF065008E3DA}.Release|arm64.ActiveCfg = Release|Any CPU
		{442C867C-51C0-8CE5-F067-DF065008E3DA}.Release|arm64.Build.0 = Release|Any CPU
		{442C867C-51C0-8CE5-F067-DF065008E3DA}.Release|x64.ActiveCfg = Release|Any CPU
		{442C867C-51C0-8CE5-F067-DF065008E3DA}.Release|x64.Build.0 = Release|Any CPU
		{442C867C-51C0-8CE5-F067-DF065008E3DA}.Release|x86.ActiveCfg = Release|Any CPU
		{442C867C-51C0-8CE5-F067-DF065008E3DA}.Release|x86.Build.0 = Release|Any CPU
		{8AB498C9-5D10-DEBB-99E0-485A02435166}.Debug|Any CPU.ActiveCfg = Debug|Any CPU
		{8AB498C9-5D10-DEBB-99E0-485A02435166}.Debug|arm64.ActiveCfg = Debug|Any CPU
		{8AB498C9-5D10-DEBB-99E0-485A02435166}.Debug|arm64.Build.0 = Debug|Any CPU
		{8AB498C9-5D10-DEBB-99E0-485A02435166}.Debug|x64.ActiveCfg = Debug|Any CPU
		{8AB498C9-5D10-DEBB-99E0-485A02435166}.Debug|x64.Build.0 = Debug|Any CPU
		{8AB498C9-5D10-DEBB-99E0-485A02435166}.Debug|x86.ActiveCfg = Debug|Any CPU
		{8AB498C9-5D10-DEBB-99E0-485A02435166}.Debug|x86.Build.0 = Debug|Any CPU
		{8AB498C9-5D10-DEBB-99E0-485A02435166}.Release|Any CPU.ActiveCfg = Release|Any CPU
		{8AB498C9-5D10-DEBB-99E0-485A02435166}.Release|arm64.ActiveCfg = Release|Any CPU
		{8AB498C9-5D10-DEBB-99E0-485A02435166}.Release|arm64.Build.0 = Release|Any CPU
		{8AB498C9-5D10-DEBB-99E0-485A02435166}.Release|x64.ActiveCfg = Release|Any CPU
		{8AB498C9-5D10-DEBB-99E0-485A02435166}.Release|x64.Build.0 = Release|Any CPU
		{8AB498C9-5D10-DEBB-99E0-485A02435166}.Release|x86.ActiveCfg = Release|Any CPU
		{8AB498C9-5D10-DEBB-99E0-485A02435166}.Release|x86.Build.0 = Release|Any CPU
	EndGlobalSection
	GlobalSection(SolutionProperties) = preSolution
		HideSolutionNode = FALSE
	EndGlobalSection
	GlobalSection(NestedProjects) = preSolution
		{0D23A41B-2626-4703-9E4A-87C07F69B0B2} = {FFD82D6B-78FA-4D85-A19D-FF0A12FC47F2}
		{61D06BBD-B0CF-4CE1-9139-1CC4B82F0F9B} = {FFD82D6B-78FA-4D85-A19D-FF0A12FC47F2}
		{90B27178-F535-43F7-886E-0AB75203F246} = {FFD82D6B-78FA-4D85-A19D-FF0A12FC47F2}
		{3BB220A9-7BC9-4D45-9DC7-B5A1D659B478} = {FFD82D6B-78FA-4D85-A19D-FF0A12FC47F2}
		{351D8601-6E21-45E8-B3B9-847C4540BD4E} = {FFD82D6B-78FA-4D85-A19D-FF0A12FC47F2}
		{90CC3A84-1087-48A0-8FDC-3A0F6D4D3B4D} = {FFD82D6B-78FA-4D85-A19D-FF0A12FC47F2}
		{61376D2A-4AD5-48F4-BF99-2BB630E21945} = {FFD82D6B-78FA-4D85-A19D-FF0A12FC47F2}
		{442C867C-51C0-8CE5-F067-DF065008E3DA} = {FFD82D6B-78FA-4D85-A19D-FF0A12FC47F2}
	EndGlobalSection
	GlobalSection(ExtensibilityGlobals) = postSolution
		SolutionGuid = {7B1B0433-F612-4E5A-BE7E-FCF5B9F6E136}
	EndGlobalSection
EndGlobal
