Microsoft Visual Studio Solution File, Format Version 12.00
# Visual Studio Version 17
VisualStudioVersion = 17.0.31808.319
MinimumVisualStudioVersion = 10.0.40219.1
Project("{9A19103F-16F7-4668-BE54-9A1E7A4F7556}") = "WinformsControlsTest", "src\System.Windows.Forms\tests\IntegrationTests\WinformsControlsTest\WinformsControlsTest.csproj", "{657472B8-FDA3-49DF-B8BE-0246046A4348}"
EndProject
Project("{9A19103F-16F7-4668-BE54-9A1E7A4F7556}") = "System.Windows.Forms", "src\System.Windows.Forms\src\System.Windows.Forms.csproj", "{0D23A41B-2626-4703-9E4A-87C07F69B0B2}"
EndProject
Project("{9A19103F-16F7-4668-BE54-9A1E7A4F7556}") = "System.Windows.Forms.Tests", "src\System.Windows.Forms\tests\UnitTests\System.Windows.Forms.Tests.csproj", "{AB38E262-F206-4820-8F29-23C5F72A4A16}"
EndProject
Project("{9A19103F-16F7-4668-BE54-9A1E7A4F7556}") = "System.Windows.Forms.Design.Tests", "src\System.Windows.Forms.Design\tests\UnitTests\System.Windows.Forms.Design.Tests.csproj", "{F977CA8C-FBF9-4D82-80BA-FE5B2F33486E}"
EndProject
Project("{9A19103F-16F7-4668-BE54-9A1E7A4F7556}") = "System.Windows.Forms.Design", "src\System.Windows.Forms.Design\src\System.Windows.Forms.Design.csproj", "{61D06BBD-B0CF-4CE1-9139-1CC4B82F0F9B}"
EndProject
Project("{9A19103F-16F7-4668-BE54-9A1E7A4F7556}") = "System.Drawing.Design.Facade", "src\System.Drawing.Design\src\System.Drawing.Design.Facade.csproj", "{A2B1148A-1747-47BD-8048-416C2C2AF14C}"
EndProject
Project("{9A19103F-16F7-4668-BE54-9A1E7A4F7556}") = "System.Design.Facade", "src\System.Design\src\System.Design.Facade.csproj", "{9BEC2806-D8E0-443B-8B58-9D344E0C2D24}"
EndProject
Project("{9A19103F-16F7-4668-BE54-9A1E7A4F7556}") = "Microsoft.Private.Winforms", "pkg\Microsoft.Private.Winforms\Microsoft.Private.Winforms.csproj", "{F133342A-3040-4005-A2F0-7685AA7CB82D}"
EndProject
Project("{9A19103F-16F7-4668-BE54-9A1E7A4F7556}") = "Microsoft.Dotnet.Winforms.ProjectTemplates", "pkg\Microsoft.Dotnet.WinForms.ProjectTemplates\Microsoft.Dotnet.Winforms.ProjectTemplates.csproj", "{36A5139E-3E9C-42BD-95EE-818153A487DB}"
EndProject
Project("{2150E333-8FDC-42A3-9474-1A3956D46DE8}") = "pkg", "pkg", "{989F376E-AE19-43B0-A3E6-96A7E22B4E80}"
EndProject
Project("{2150E333-8FDC-42A3-9474-1A3956D46DE8}") = "src", "src", "{77FEDB47-F7F6-490D-AF7C-ABB4A9E0B9D7}"
EndProject
Project("{2150E333-8FDC-42A3-9474-1A3956D46DE8}") = "tests", "tests", "{DF68A171-D27B-4E6A-8A7E-63A651622355}"
EndProject
Project("{2150E333-8FDC-42A3-9474-1A3956D46DE8}") = "facade", "facade", "{434C00C3-E498-4BA7-9764-9F0FC8CFE457}"
EndProject
Project("{2150E333-8FDC-42A3-9474-1A3956D46DE8}") = "unit", "unit", "{583F1292-AE8D-4511-B8D8-A81FE4642DDC}"
EndProject
Project("{2150E333-8FDC-42A3-9474-1A3956D46DE8}") = "integration", "integration", "{680FB14C-7B0C-4D63-9F1A-18ACCDB0F52A}"
EndProject
Project("{9A19103F-16F7-4668-BE54-9A1E7A4F7556}") = "System.Drawing.Facade", "src\System.Drawing\src\System.Drawing.Facade.csproj", "{F1B0790A-1A40-4487-A607-36D21D827E44}"
EndProject
Project("{9A19103F-16F7-4668-BE54-9A1E7A4F7556}") = "Accessibility", "src\Accessibility\src\Accessibility.ilproj", "{351D8601-6E21-45E8-B3B9-847C4540BD4E}"
EndProject
Project("{9A19103F-16F7-4668-BE54-9A1E7A4F7556}") = "Accessibility-version", "src\Accessibility\ver\Accessibility-version.csproj", "{6103E743-057D-41C6-946C-23A751A08748}"
EndProject
Project("{2150E333-8FDC-42A3-9474-1A3956D46DE8}") = "Accessibility", "Accessibility", "{088DD24C-DF6B-45F3-A8BC-592580A4B2A9}"
	ProjectSection(SolutionItems) = preProject
		src\Accessibility\readme.md = src\Accessibility\readme.md
	EndProjectSection
EndProject
Project("{9A19103F-16F7-4668-BE54-9A1E7A4F7556}") = "System.Windows.Forms.IntegrationTests.Common", "src\System.Windows.Forms\tests\IntegrationTests\System.Windows.Forms.IntegrationTests.Common\System.Windows.Forms.IntegrationTests.Common.csproj", "{48979B4E-EAEC-4B41-BB49-44CA230BECAB}"
EndProject
Project("{2150E333-8FDC-42A3-9474-1A3956D46DE8}") = "documentation", "documentation", "{C029199F-7D5C-417C-AA52-913A214E3285}"
	ProjectSection(SolutionItems) = preProject
		docs\building.md = docs\building.md
		CODE_OF_CONDUCT.md = CODE_OF_CONDUCT.md
		docs\coding-style.md = docs\coding-style.md
		CONTRIBUTING.md = CONTRIBUTING.md
		docs\debugging.md = docs\debugging.md
		docs\developer-guide.md = docs\developer-guide.md
		docs\getting-started.md = docs\getting-started.md
		docs\issue-guide.md = docs\issue-guide.md
		docs\list-of-diagnostics.md = docs\list-of-diagnostics.md
		docs\porting-guidelines.md = docs\porting-guidelines.md
		README.md = README.md
		docs\roadmap.md = docs\roadmap.md
		docs\testing.md = docs\testing.md
		THIRD-PARTY-NOTICES.TXT = THIRD-PARTY-NOTICES.TXT
	EndProjectSection
EndProject
Project("{2150E333-8FDC-42A3-9474-1A3956D46DE8}") = "Accessibility", "Accessibility", "{D390F7D2-1E11-4DEE-B7F1-4FD0681A81F0}"
EndProject
Project("{778DAE3C-4631-46EA-AA77-85C1314464D9}") = "Microsoft.VisualBasic.Forms", "src\Microsoft.VisualBasic.Forms\src\Microsoft.VisualBasic.Forms.vbproj", "{55E34830-B375-41FF-AFCA-F53B80A4D152}"
EndProject
Project("{9A19103F-16F7-4668-BE54-9A1E7A4F7556}") = "Microsoft.VisualBasic.Tests", "src\Microsoft.VisualBasic\tests\UnitTests\Microsoft.VisualBasic.Tests.csproj", "{D8598EC8-D64B-4BE7-A4DC-5D5CED6A3938}"
EndProject
Project("{9A19103F-16F7-4668-BE54-9A1E7A4F7556}") = "Microsoft.VisualBasic.Facade", "src\Microsoft.VisualBasic\src\Microsoft.VisualBasic.Facade.csproj", "{A756D568-AC89-4577-A9B2-E147784AB728}"
EndProject
Project("{9A19103F-16F7-4668-BE54-9A1E7A4F7556}") = "Microsoft.VisualBasic.IntegrationTests", "src\Microsoft.VisualBasic\tests\IntegrationTests\Microsoft.VisualBasic.IntegrationTests\Microsoft.VisualBasic.IntegrationTests.csproj", "{1C6F6ADA-97B1-4EB9-934D-0071BB618729}"
EndProject
Project("{9A19103F-16F7-4668-BE54-9A1E7A4F7556}") = "VisualBasicRuntimeTest", "src\Microsoft.VisualBasic\tests\IntegrationTests\VisualBasicRuntimeTest\VisualBasicRuntimeTest.csproj", "{EC7608D1-1857-432E-930F-0F89B98979FB}"
EndProject
Project("{9A19103F-16F7-4668-BE54-9A1E7A4F7556}") = "System.Windows.Forms.Primitives", "src\System.Windows.Forms.Primitives\src\System.Windows.Forms.Primitives.csproj", "{90B27178-F535-43F7-886E-0AB75203F246}"
EndProject
Project("{9A19103F-16F7-4668-BE54-9A1E7A4F7556}") = "System.Windows.Forms.Primitives.Tests", "src\System.Windows.Forms.Primitives\tests\UnitTests\System.Windows.Forms.Primitives.Tests.csproj", "{9BFDE7F2-C8F3-40D6-9A16-8DCD1A37E900}"
EndProject
Project("{9A19103F-16F7-4668-BE54-9A1E7A4F7556}") = "System.Windows.Forms.Design.Editors.Facade3x", "src\System.Windows.Forms.Design.Editors\src\System.Windows.Forms.Design.Editors.Facade3x.csproj", "{E0681991-228A-420E-85D5-A9E796F0AAE0}"
EndProject
Project("{9A19103F-16F7-4668-BE54-9A1E7A4F7556}") = "System.Windows.Forms.Primitives.TestUtilities", "src\System.Windows.Forms.Primitives\tests\TestUtilities\System.Windows.Forms.Primitives.TestUtilities.csproj", "{73B0857A-966B-4E7D-8A83-FECFE0281AB9}"
EndProject
Project("{9A19103F-16F7-4668-BE54-9A1E7A4F7556}") = "System.Windows.Forms.TestUtilities", "src\System.Windows.Forms\tests\TestUtilities\System.Windows.Forms.TestUtilities.csproj", "{86418F0B-39DC-4B5A-8145-6D607E6150AC}"
EndProject
Project("{9A19103F-16F7-4668-BE54-9A1E7A4F7556}") = "System.Windows.Forms.Interop.Tests", "src\System.Windows.Forms\tests\InteropTests\System.Windows.Forms.Interop.Tests.csproj", "{C272DA06-B98D-4BB7-B1C4-ECF58F54B224}"
EndProject
Project("{9A19103F-16F7-4668-BE54-9A1E7A4F7556}") = "System.Windows.Forms.PrivateSourceGenerators", "src\System.Windows.Forms.PrivateSourceGenerators\src\System.Windows.Forms.PrivateSourceGenerators.csproj", "{3BB220A9-7BC9-4D45-9DC7-B5A1D659B478}"
EndProject
Project("{9A19103F-16F7-4668-BE54-9A1E7A4F7556}") = "System.Windows.Forms.PrivateSourceGenerators.Tests", "src\System.Windows.Forms.PrivateSourceGenerators\tests\UnitTests\System.Windows.Forms.PrivateSourceGenerators.Tests.csproj", "{1976540D-65A6-45D7-95D2-13106DE6D5BB}"
EndProject
Project("{9A19103F-16F7-4668-BE54-9A1E7A4F7556}") = "System.Windows.Forms.Primitives.TestUtilities.Tests", "src\System.Windows.Forms.Primitives\tests\TestUtilities.Tests\System.Windows.Forms.Primitives.TestUtilities.Tests.csproj", "{6EE57002-9965-46E7-A48B-B449969738BB}"
EndProject
Project("{2150E333-8FDC-42A3-9474-1A3956D46DE8}") = "interop", "interop", "{A31B1F6F-4880-45DE-9845-EE3EF67C2FCC}"
EndProject
Project("{2150E333-8FDC-42A3-9474-1A3956D46DE8}") = "DesignSurface", "DesignSurface", "{43E46506-7DF8-4E7A-A579-996CA43041EB}"
	ProjectSection(SolutionItems) = preProject
		src\System.Windows.Forms\tests\IntegrationTests\DesignSurface\.editorconfig = src\System.Windows.Forms\tests\IntegrationTests\DesignSurface\.editorconfig
	EndProjectSection
EndProject
Project("{9A19103F-16F7-4668-BE54-9A1E7A4F7556}") = "DemoConsole", "src\System.Windows.Forms\tests\IntegrationTests\DesignSurface\DemoConsole\DemoConsole.csproj", "{93310A19-DDCA-4BCD-AEDE-5C5D788DAFB4}"
EndProject
Project("{9A19103F-16F7-4668-BE54-9A1E7A4F7556}") = "DesignSurfaceExt", "src\System.Windows.Forms\tests\IntegrationTests\DesignSurface\DesignSurfaceExt\DesignSurfaceExt.csproj", "{E96C74BA-9F74-4289-BF72-45CAD472D3D2}"
EndProject
Project("{778DAE3C-4631-46EA-AA77-85C1314464D9}") = "Microsoft.VisualBasic.Forms.Tests", "src\Microsoft.VisualBasic.Forms\tests\UnitTests\Microsoft.VisualBasic.Forms.Tests.vbproj", "{FC75CB54-D8D0-4B41-9A4D-9F862F34A02D}"
EndProject
Project("{9A19103F-16F7-4668-BE54-9A1E7A4F7556}") = "System.Private.Windows.Core.TestUtilities", "src\Common\tests\TestUtilities\System.Private.Windows.Core.TestUtilities.csproj", "{05FD23CE-60AE-44A8-8DD6-1688F04BE385}"
EndProject
Project("{9A19103F-16F7-4668-BE54-9A1E7A4F7556}") = "System.Windows.Forms.Analyzers", "src\System.Windows.Forms.Analyzers\src\System.Windows.Forms.Analyzers.csproj", "{3596BDE6-B211-4BE7-810D-DC7A4315E296}"
EndProject
Project("{9A19103F-16F7-4668-BE54-9A1E7A4F7556}") = "System.Windows.Forms.Analyzers.Tests", "src\System.Windows.Forms.Analyzers\tests\UnitTests\System.Windows.Forms.Analyzers.Tests.csproj", "{E742382E-5D34-481D-A3FC-7B6B9C5033E2}"
EndProject
Project("{2150E333-8FDC-42A3-9474-1A3956D46DE8}") = "Analyzers", "Analyzers", "{E4C6C5F5-46E9-4C63-9628-26752B4D9C11}"
EndProject
Project("{2150E333-8FDC-42A3-9474-1A3956D46DE8}") = "Analyzers", "Analyzers", "{D3AD0BF9-F5E2-4913-9AE3-9C4998F95EA1}"
EndProject
Project("{9A19103F-16F7-4668-BE54-9A1E7A4F7556}") = "System.Windows.Forms.Analyzers.CSharp", "src\System.Windows.Forms.Analyzers.CSharp\src\System.Windows.Forms.Analyzers.CSharp.csproj", "{5025D7FF-EB6D-4250-B9C5-887ADFBBD952}"
EndProject
Project("{9A19103F-16F7-4668-BE54-9A1E7A4F7556}") = "System.Windows.Forms.Analyzers.CSharp.Tests", "src\System.Windows.Forms.Analyzers.CSharp\tests\UnitTests\System.Windows.Forms.Analyzers.CSharp.Tests.csproj", "{714EC82C-D4E0-4E14-9C34-4F270774D384}"
EndProject
Project("{8BC9CEB8-8B4A-11D0-8D11-00A0C91BC942}") = "NativeHost", "src\System.Windows.Forms\tests\IntegrationTests\NativeHost\NativeHost.vcxproj", "{B68FD1FC-EA37-40F2-BBBD-77577A0A1815}"
	ProjectSection(ProjectDependencies) = postProject
		{3129970B-A4EB-46AC-B163-18A5557B11BD} = {3129970B-A4EB-46AC-B163-18A5557B11BD}
	EndProjectSection
EndProject
Project("{9A19103F-16F7-4668-BE54-9A1E7A4F7556}") = "NativeHost.ManagedControl", "src\System.Windows.Forms\tests\IntegrationTests\NativeHost.ManagedControl\NativeHost.ManagedControl.csproj", "{3129970B-A4EB-46AC-B163-18A5557B11BD}"
EndProject
Project("{9A19103F-16F7-4668-BE54-9A1E7A4F7556}") = "System.Windows.Forms.UI.IntegrationTests", "src\System.Windows.Forms\tests\IntegrationTests\UIIntegrationTests\System.Windows.Forms.UI.IntegrationTests.csproj", "{5A6AFB8C-0EFE-4466-BD77-0F4159151AE6}"
EndProject
Project("{9A19103F-16F7-4668-BE54-9A1E7A4F7556}") = "Accessibility_Core_App", "src\System.Windows.Forms\tests\AccessibilityTests\Accessibility_Core_App.csproj", "{317E131C-EA24-47A4-96EE-5A66DED10501}"
EndProject
Project("{9A19103F-16F7-4668-BE54-9A1E7A4F7556}") = "AxHosts", "src\System.Windows.Forms\tests\AxHosts\AxHosts.csproj", "{93651A99-C9EB-4F83-8A66-DF9D21574550}"
EndProject
Project("{2150E333-8FDC-42A3-9474-1A3956D46DE8}") = "BuildAssist", "BuildAssist", "{B3CE7FA8-21C5-4CE8-970E-8210D1D89251}"
EndProject
Project("{13B669BE-BB05-4DDF-9536-439F39A36129}") = "BuildAssist", "src\BuildAssist\BuildAssist.msbuildproj", "{20E7C5E8-CD56-4A1C-9CB2-B7169FD7A5B8}"
EndProject
Project("{9A19103F-16F7-4668-BE54-9A1E7A4F7556}") = "System.Drawing.Common", "src\System.Drawing.Common\src\System.Drawing.Common.csproj", "{90CC3A84-1087-48A0-8FDC-3A0F6D4D3B4D}"
EndProject
Project("{9A19103F-16F7-4668-BE54-9A1E7A4F7556}") = "System.Drawing.Common.Tests", "src\System.Drawing.Common\tests\System.Drawing.Common.Tests.csproj", "{7650F24E-7132-42CF-ADCE-830C8DB26EE5}"
EndProject
Project("{9A19103F-16F7-4668-BE54-9A1E7A4F7556}") = "ScratchProject", "src\System.Windows.Forms\tests\IntegrationTests\ScratchProject\ScratchProject.csproj", "{194D9B0B-421B-4485-B67E-B5A448388D39}"
EndProject
Project("{9A19103F-16F7-4668-BE54-9A1E7A4F7556}") = "TrimTest", "src\System.Windows.Forms\tests\IntegrationTests\TrimTest\TrimTest.csproj", "{BA61D5A8-29E9-41AA-A3FA-B7F0A7F9A191}"
EndProject
Project("{9A19103F-16F7-4668-BE54-9A1E7A4F7556}") = "System.Private.Windows.Core", "src\System.Private.Windows.Core\src\System.Private.Windows.Core.csproj", "{61376D2A-4AD5-48F4-BF99-2BB630E21945}"
EndProject
Project("{2150E333-8FDC-42A3-9474-1A3956D46DE8}") = "eng", "eng", "{8B4B1E09-B3C7-4044-B223-94EDEC1CAA20}"
	ProjectSection(SolutionItems) = preProject
		.gitattributes = .gitattributes
		.gitignore = .gitignore
		Directory.Build.props = Directory.Build.props
		Directory.Build.targets = Directory.Build.targets
		global.json = global.json
		NuGet.Config = NuGet.Config
		eng\packageContent.targets = eng\packageContent.targets
		eng\Publishing.props = eng\Publishing.props
		start-vs.cmd = start-vs.cmd
		eng\Versions.props = eng\Versions.props
	EndProjectSection
EndProject
Project("{9A19103F-16F7-4668-BE54-9A1E7A4F7556}") = "ScratchProjectWithInternals", "src\System.Windows.Forms\tests\IntegrationTests\ScratchProjectWithInternals\ScratchProjectWithInternals.csproj", "{522EBAB3-E4D2-45F3-ACBD-B25FC457BF78}"
EndProject
Project("{9A19103F-16F7-4668-BE54-9A1E7A4F7556}") = "ComDisabled.Tests", "src\System.Windows.Forms\tests\ComDisabledTests\ComDisabled.Tests.csproj", "{55F3174F-C1FE-4C8F-AF71-2512630088F8}"
EndProject
Project("{9A19103F-16F7-4668-BE54-9A1E7A4F7556}") = "TrimTestBinaryDeserialization", "src\System.Windows.Forms\tests\IntegrationTests\TrimTestBinaryDeserialization\TrimTestBinaryDeserialization.csproj", "{CFBCC732-C988-4FE7-A21B-98A142365374}"
EndProject
Project("{9A19103F-16F7-4668-BE54-9A1E7A4F7556}") = "BinaryFormatTests", "src\System.Private.Windows.Core\tests\BinaryFormatTests\BinaryFormatTests.csproj", "{57EC5288-9513-46CF-8FB7-626199690D90}"
EndProject
Project("{778DAE3C-4631-46EA-AA77-85C1314464D9}") = "System.Windows.Forms.Analyzers.VisualBasic", "src\System.Windows.Forms.Analyzers.VisualBasic\src\System.Windows.Forms.Analyzers.VisualBasic.vbproj", "{FF211812-FCCC-4B6B-B536-C4D754195750}"
EndProject
Project("{9A19103F-16F7-4668-BE54-9A1E7A4F7556}") = "System.Windows.Forms.Analyzers.CodeFixes.CSharp", "src\System.Windows.Forms.Analyzers.CodeFixes.CSharp\System.Windows.Forms.Analyzers.CodeFixes.CSharp.csproj", "{1F836B14-D13D-42E0-BEAF-A821DD75DE49}"
EndProject
Project("{778DAE3C-4631-46EA-AA77-85C1314464D9}") = "System.Windows.Forms.Analyzers.CodeFixes.VisualBasic", "src\System.Windows.Forms.Analyzers.CodeFixes.VisualBasic\System.Windows.Forms.Analyzers.CodeFixes.VisualBasic.vbproj", "{C4C031D5-F79A-44B6-811E-0797E7D5C1C1}"
EndProject
Project("{778DAE3C-4631-46EA-AA77-85C1314464D9}") = "System.Windows.Forms.Analyzers.VisualBasic.Tests", "src\System.Windows.Forms.Analyzers.VisualBasic\tests\UnitTests\System.Windows.Forms.Analyzers.VisualBasic.Tests\System.Windows.Forms.Analyzers.VisualBasic.Tests.vbproj", "{0FD53580-3175-4F8F-8372-BE46C9122EE0}"
EndProject
Project("{9A19103F-16F7-4668-BE54-9A1E7A4F7556}") = "System.Private.Windows.Core.Tests", "src\System.Private.Windows.Core\tests\System.Private.Windows.Core.Tests\System.Private.Windows.Core.Tests.csproj", "{B653C860-9B52-4597-9921-24DA79A4E6B1}"
EndProject
Project("{2150E333-8FDC-42A3-9474-1A3956D46DE8}") = "Pipelines", "Pipelines", "{656C66A4-59CD-4E14-8AE4-1F5BCEECB553}"
	ProjectSection(SolutionItems) = preProject
		eng\pipelines\azure-pipelines-codeql.yml = eng\pipelines\azure-pipelines-codeql.yml
		azure-pipelines-PR.yml = azure-pipelines-PR.yml
		azure-pipelines-richnav.yml = azure-pipelines-richnav.yml
		azure-pipelines.yml = azure-pipelines.yml
		eng\pipelines\build-PR.yml = eng\pipelines\build-PR.yml
		eng\pipelines\build.yml = eng\pipelines\build.yml
		eng\CIBuild.cmd = eng\CIBuild.cmd
		eng\custom-cibuild.ps1 = eng\custom-cibuild.ps1
		eng\pipelines\post-build-PR.yml = eng\pipelines\post-build-PR.yml
		eng\pipelines\post-build.yml = eng\pipelines\post-build.yml
	EndProjectSection
EndProject
Project("{2150E333-8FDC-42A3-9474-1A3956D46DE8}") = "Analyzers", "Analyzers", "{D4D97D78-D213-45DF-B003-9C4C9F2E5E1C}"
	ProjectSection(SolutionItems) = preProject
		.editorconfig = .editorconfig
		eng\Analyzer.props = eng\Analyzer.props
		eng\Analyzer.targets = eng\Analyzer.targets
	EndProjectSection
EndProject
Project("{FAE04EC0-301F-11D3-BF4B-00C04F79EFBC}") = "System.Private.Windows.GdiPlus", "src\System.Private.Windows.GdiPlus\System.Private.Windows.GdiPlus.csproj", "{442C867C-51C0-8CE5-F067-DF065008E3DA}"
EndProject
Global
	GlobalSection(SolutionConfigurationPlatforms) = preSolution
		Debug|Any CPU = Debug|Any CPU
		Debug|arm64 = Debug|arm64
		Debug|x64 = Debug|x64
		Debug|x86 = Debug|x86
		Release|Any CPU = Release|Any CPU
		Release|arm64 = Release|arm64
		Release|x64 = Release|x64
		Release|x86 = Release|x86
	EndGlobalSection
	GlobalSection(ProjectConfigurationPlatforms) = postSolution
		{657472B8-FDA3-49DF-B8BE-0246046A4348}.Debug|Any CPU.ActiveCfg = Debug|Any CPU
		{657472B8-FDA3-49DF-B8BE-0246046A4348}.Debug|Any CPU.Build.0 = Debug|Any CPU
		{657472B8-FDA3-49DF-B8BE-0246046A4348}.Debug|arm64.ActiveCfg = Debug|Any CPU
		{657472B8-FDA3-49DF-B8BE-0246046A4348}.Debug|arm64.Build.0 = Debug|Any CPU
		{657472B8-FDA3-49DF-B8BE-0246046A4348}.Debug|x64.ActiveCfg = Debug|Any CPU
		{657472B8-FDA3-49DF-B8BE-0246046A4348}.Debug|x64.Build.0 = Debug|Any CPU
		{657472B8-FDA3-49DF-B8BE-0246046A4348}.Debug|x86.ActiveCfg = Debug|Any CPU
		{657472B8-FDA3-49DF-B8BE-0246046A4348}.Debug|x86.Build.0 = Debug|Any CPU
		{657472B8-FDA3-49DF-B8BE-0246046A4348}.Release|Any CPU.ActiveCfg = Release|Any CPU
		{657472B8-FDA3-49DF-B8BE-0246046A4348}.Release|Any CPU.Build.0 = Release|Any CPU
		{657472B8-FDA3-49DF-B8BE-0246046A4348}.Release|arm64.ActiveCfg = Release|Any CPU
		{657472B8-FDA3-49DF-B8BE-0246046A4348}.Release|arm64.Build.0 = Release|Any CPU
		{657472B8-FDA3-49DF-B8BE-0246046A4348}.Release|x64.ActiveCfg = Release|Any CPU
		{657472B8-FDA3-49DF-B8BE-0246046A4348}.Release|x64.Build.0 = Release|Any CPU
		{657472B8-FDA3-49DF-B8BE-0246046A4348}.Release|x86.ActiveCfg = Release|Any CPU
		{657472B8-FDA3-49DF-B8BE-0246046A4348}.Release|x86.Build.0 = Release|Any CPU
		{0D23A41B-2626-4703-9E4A-87C07F69B0B2}.Debug|Any CPU.ActiveCfg = Debug|Any CPU
		{0D23A41B-2626-4703-9E4A-87C07F69B0B2}.Debug|Any CPU.Build.0 = Debug|Any CPU
		{0D23A41B-2626-4703-9E4A-87C07F69B0B2}.Debug|arm64.ActiveCfg = Debug|Any CPU
		{0D23A41B-2626-4703-9E4A-87C07F69B0B2}.Debug|arm64.Build.0 = Debug|Any CPU
		{0D23A41B-2626-4703-9E4A-87C07F69B0B2}.Debug|x64.ActiveCfg = Debug|Any CPU
		{0D23A41B-2626-4703-9E4A-87C07F69B0B2}.Debug|x64.Build.0 = Debug|Any CPU
		{0D23A41B-2626-4703-9E4A-87C07F69B0B2}.Debug|x86.ActiveCfg = Debug|Any CPU
		{0D23A41B-2626-4703-9E4A-87C07F69B0B2}.Debug|x86.Build.0 = Debug|Any CPU
		{0D23A41B-2626-4703-9E4A-87C07F69B0B2}.Release|Any CPU.ActiveCfg = Release|Any CPU
		{0D23A41B-2626-4703-9E4A-87C07F69B0B2}.Release|Any CPU.Build.0 = Release|Any CPU
		{0D23A41B-2626-4703-9E4A-87C07F69B0B2}.Release|arm64.ActiveCfg = Release|Any CPU
		{0D23A41B-2626-4703-9E4A-87C07F69B0B2}.Release|arm64.Build.0 = Release|Any CPU
		{0D23A41B-2626-4703-9E4A-87C07F69B0B2}.Release|x64.ActiveCfg = Release|Any CPU
		{0D23A41B-2626-4703-9E4A-87C07F69B0B2}.Release|x64.Build.0 = Release|Any CPU
		{0D23A41B-2626-4703-9E4A-87C07F69B0B2}.Release|x86.ActiveCfg = Release|Any CPU
		{0D23A41B-2626-4703-9E4A-87C07F69B0B2}.Release|x86.Build.0 = Release|Any CPU
		{AB38E262-F206-4820-8F29-23C5F72A4A16}.Debug|Any CPU.ActiveCfg = Debug|Any CPU
		{AB38E262-F206-4820-8F29-23C5F72A4A16}.Debug|Any CPU.Build.0 = Debug|Any CPU
		{AB38E262-F206-4820-8F29-23C5F72A4A16}.Debug|arm64.ActiveCfg = Debug|Any CPU
		{AB38E262-F206-4820-8F29-23C5F72A4A16}.Debug|arm64.Build.0 = Debug|Any CPU
		{AB38E262-F206-4820-8F29-23C5F72A4A16}.Debug|x64.ActiveCfg = Debug|Any CPU
		{AB38E262-F206-4820-8F29-23C5F72A4A16}.Debug|x64.Build.0 = Debug|Any CPU
		{AB38E262-F206-4820-8F29-23C5F72A4A16}.Debug|x86.ActiveCfg = Debug|Any CPU
		{AB38E262-F206-4820-8F29-23C5F72A4A16}.Debug|x86.Build.0 = Debug|Any CPU
		{AB38E262-F206-4820-8F29-23C5F72A4A16}.Release|Any CPU.ActiveCfg = Release|Any CPU
		{AB38E262-F206-4820-8F29-23C5F72A4A16}.Release|Any CPU.Build.0 = Release|Any CPU
		{AB38E262-F206-4820-8F29-23C5F72A4A16}.Release|arm64.ActiveCfg = Release|Any CPU
		{AB38E262-F206-4820-8F29-23C5F72A4A16}.Release|arm64.Build.0 = Release|Any CPU
		{AB38E262-F206-4820-8F29-23C5F72A4A16}.Release|x64.ActiveCfg = Release|Any CPU
		{AB38E262-F206-4820-8F29-23C5F72A4A16}.Release|x64.Build.0 = Release|Any CPU
		{AB38E262-F206-4820-8F29-23C5F72A4A16}.Release|x86.ActiveCfg = Release|Any CPU
		{AB38E262-F206-4820-8F29-23C5F72A4A16}.Release|x86.Build.0 = Release|Any CPU
		{F977CA8C-FBF9-4D82-80BA-FE5B2F33486E}.Debug|Any CPU.ActiveCfg = Debug|Any CPU
		{F977CA8C-FBF9-4D82-80BA-FE5B2F33486E}.Debug|Any CPU.Build.0 = Debug|Any CPU
		{F977CA8C-FBF9-4D82-80BA-FE5B2F33486E}.Debug|arm64.ActiveCfg = Debug|Any CPU
		{F977CA8C-FBF9-4D82-80BA-FE5B2F33486E}.Debug|arm64.Build.0 = Debug|Any CPU
		{F977CA8C-FBF9-4D82-80BA-FE5B2F33486E}.Debug|x64.ActiveCfg = Debug|Any CPU
		{F977CA8C-FBF9-4D82-80BA-FE5B2F33486E}.Debug|x64.Build.0 = Debug|Any CPU
		{F977CA8C-FBF9-4D82-80BA-FE5B2F33486E}.Debug|x86.ActiveCfg = Debug|Any CPU
		{F977CA8C-FBF9-4D82-80BA-FE5B2F33486E}.Debug|x86.Build.0 = Debug|Any CPU
		{F977CA8C-FBF9-4D82-80BA-FE5B2F33486E}.Release|Any CPU.ActiveCfg = Release|Any CPU
		{F977CA8C-FBF9-4D82-80BA-FE5B2F33486E}.Release|Any CPU.Build.0 = Release|Any CPU
		{F977CA8C-FBF9-4D82-80BA-FE5B2F33486E}.Release|arm64.ActiveCfg = Release|Any CPU
		{F977CA8C-FBF9-4D82-80BA-FE5B2F33486E}.Release|arm64.Build.0 = Release|Any CPU
		{F977CA8C-FBF9-4D82-80BA-FE5B2F33486E}.Release|x64.ActiveCfg = Release|Any CPU
		{F977CA8C-FBF9-4D82-80BA-FE5B2F33486E}.Release|x64.Build.0 = Release|Any CPU
		{F977CA8C-FBF9-4D82-80BA-FE5B2F33486E}.Release|x86.ActiveCfg = Release|Any CPU
		{F977CA8C-FBF9-4D82-80BA-FE5B2F33486E}.Release|x86.Build.0 = Release|Any CPU
		{61D06BBD-B0CF-4CE1-9139-1CC4B82F0F9B}.Debug|Any CPU.ActiveCfg = Debug|Any CPU
		{61D06BBD-B0CF-4CE1-9139-1CC4B82F0F9B}.Debug|Any CPU.Build.0 = Debug|Any CPU
		{61D06BBD-B0CF-4CE1-9139-1CC4B82F0F9B}.Debug|arm64.ActiveCfg = Debug|Any CPU
		{61D06BBD-B0CF-4CE1-9139-1CC4B82F0F9B}.Debug|arm64.Build.0 = Debug|Any CPU
		{61D06BBD-B0CF-4CE1-9139-1CC4B82F0F9B}.Debug|x64.ActiveCfg = Debug|Any CPU
		{61D06BBD-B0CF-4CE1-9139-1CC4B82F0F9B}.Debug|x64.Build.0 = Debug|Any CPU
		{61D06BBD-B0CF-4CE1-9139-1CC4B82F0F9B}.Debug|x86.ActiveCfg = Debug|Any CPU
		{61D06BBD-B0CF-4CE1-9139-1CC4B82F0F9B}.Debug|x86.Build.0 = Debug|Any CPU
		{61D06BBD-B0CF-4CE1-9139-1CC4B82F0F9B}.Release|Any CPU.ActiveCfg = Release|Any CPU
		{61D06BBD-B0CF-4CE1-9139-1CC4B82F0F9B}.Release|Any CPU.Build.0 = Release|Any CPU
		{61D06BBD-B0CF-4CE1-9139-1CC4B82F0F9B}.Release|arm64.ActiveCfg = Release|Any CPU
		{61D06BBD-B0CF-4CE1-9139-1CC4B82F0F9B}.Release|arm64.Build.0 = Release|Any CPU
		{61D06BBD-B0CF-4CE1-9139-1CC4B82F0F9B}.Release|x64.ActiveCfg = Release|Any CPU
		{61D06BBD-B0CF-4CE1-9139-1CC4B82F0F9B}.Release|x64.Build.0 = Release|Any CPU
		{61D06BBD-B0CF-4CE1-9139-1CC4B82F0F9B}.Release|x86.ActiveCfg = Release|Any CPU
		{61D06BBD-B0CF-4CE1-9139-1CC4B82F0F9B}.Release|x86.Build.0 = Release|Any CPU
		{A2B1148A-1747-47BD-8048-416C2C2AF14C}.Debug|Any CPU.ActiveCfg = Debug|Any CPU
		{A2B1148A-1747-47BD-8048-416C2C2AF14C}.Debug|Any CPU.Build.0 = Debug|Any CPU
		{A2B1148A-1747-47BD-8048-416C2C2AF14C}.Debug|arm64.ActiveCfg = Debug|Any CPU
		{A2B1148A-1747-47BD-8048-416C2C2AF14C}.Debug|arm64.Build.0 = Debug|Any CPU
		{A2B1148A-1747-47BD-8048-416C2C2AF14C}.Debug|x64.ActiveCfg = Debug|Any CPU
		{A2B1148A-1747-47BD-8048-416C2C2AF14C}.Debug|x64.Build.0 = Debug|Any CPU
		{A2B1148A-1747-47BD-8048-416C2C2AF14C}.Debug|x86.ActiveCfg = Debug|Any CPU
		{A2B1148A-1747-47BD-8048-416C2C2AF14C}.Debug|x86.Build.0 = Debug|Any CPU
		{A2B1148A-1747-47BD-8048-416C2C2AF14C}.Release|Any CPU.ActiveCfg = Release|Any CPU
		{A2B1148A-1747-47BD-8048-416C2C2AF14C}.Release|Any CPU.Build.0 = Release|Any CPU
		{A2B1148A-1747-47BD-8048-416C2C2AF14C}.Release|arm64.ActiveCfg = Release|Any CPU
		{A2B1148A-1747-47BD-8048-416C2C2AF14C}.Release|arm64.Build.0 = Release|Any CPU
		{A2B1148A-1747-47BD-8048-416C2C2AF14C}.Release|x64.ActiveCfg = Release|Any CPU
		{A2B1148A-1747-47BD-8048-416C2C2AF14C}.Release|x64.Build.0 = Release|Any CPU
		{A2B1148A-1747-47BD-8048-416C2C2AF14C}.Release|x86.ActiveCfg = Release|Any CPU
		{A2B1148A-1747-47BD-8048-416C2C2AF14C}.Release|x86.Build.0 = Release|Any CPU
		{9BEC2806-D8E0-443B-8B58-9D344E0C2D24}.Debug|Any CPU.ActiveCfg = Debug|Any CPU
		{9BEC2806-D8E0-443B-8B58-9D344E0C2D24}.Debug|Any CPU.Build.0 = Debug|Any CPU
		{9BEC2806-D8E0-443B-8B58-9D344E0C2D24}.Debug|arm64.ActiveCfg = Debug|Any CPU
		{9BEC2806-D8E0-443B-8B58-9D344E0C2D24}.Debug|arm64.Build.0 = Debug|Any CPU
		{9BEC2806-D8E0-443B-8B58-9D344E0C2D24}.Debug|x64.ActiveCfg = Debug|Any CPU
		{9BEC2806-D8E0-443B-8B58-9D344E0C2D24}.Debug|x64.Build.0 = Debug|Any CPU
		{9BEC2806-D8E0-443B-8B58-9D344E0C2D24}.Debug|x86.ActiveCfg = Debug|Any CPU
		{9BEC2806-D8E0-443B-8B58-9D344E0C2D24}.Debug|x86.Build.0 = Debug|Any CPU
		{9BEC2806-D8E0-443B-8B58-9D344E0C2D24}.Release|Any CPU.ActiveCfg = Release|Any CPU
		{9BEC2806-D8E0-443B-8B58-9D344E0C2D24}.Release|Any CPU.Build.0 = Release|Any CPU
		{9BEC2806-D8E0-443B-8B58-9D344E0C2D24}.Release|arm64.ActiveCfg = Release|Any CPU
		{9BEC2806-D8E0-443B-8B58-9D344E0C2D24}.Release|arm64.Build.0 = Release|Any CPU
		{9BEC2806-D8E0-443B-8B58-9D344E0C2D24}.Release|x64.ActiveCfg = Release|Any CPU
		{9BEC2806-D8E0-443B-8B58-9D344E0C2D24}.Release|x64.Build.0 = Release|Any CPU
		{9BEC2806-D8E0-443B-8B58-9D344E0C2D24}.Release|x86.ActiveCfg = Release|Any CPU
		{9BEC2806-D8E0-443B-8B58-9D344E0C2D24}.Release|x86.Build.0 = Release|Any CPU
		{F133342A-3040-4005-A2F0-7685AA7CB82D}.Debug|Any CPU.ActiveCfg = Debug|Any CPU
		{F133342A-3040-4005-A2F0-7685AA7CB82D}.Debug|Any CPU.Build.0 = Debug|Any CPU
		{F133342A-3040-4005-A2F0-7685AA7CB82D}.Debug|arm64.ActiveCfg = Debug|Any CPU
		{F133342A-3040-4005-A2F0-7685AA7CB82D}.Debug|arm64.Build.0 = Debug|Any CPU
		{F133342A-3040-4005-A2F0-7685AA7CB82D}.Debug|x64.ActiveCfg = Debug|Any CPU
		{F133342A-3040-4005-A2F0-7685AA7CB82D}.Debug|x64.Build.0 = Debug|Any CPU
		{F133342A-3040-4005-A2F0-7685AA7CB82D}.Debug|x86.ActiveCfg = Debug|Any CPU
		{F133342A-3040-4005-A2F0-7685AA7CB82D}.Debug|x86.Build.0 = Debug|Any CPU
		{F133342A-3040-4005-A2F0-7685AA7CB82D}.Release|Any CPU.ActiveCfg = Release|Any CPU
		{F133342A-3040-4005-A2F0-7685AA7CB82D}.Release|Any CPU.Build.0 = Release|Any CPU
		{F133342A-3040-4005-A2F0-7685AA7CB82D}.Release|arm64.ActiveCfg = Release|Any CPU
		{F133342A-3040-4005-A2F0-7685AA7CB82D}.Release|arm64.Build.0 = Release|Any CPU
		{F133342A-3040-4005-A2F0-7685AA7CB82D}.Release|x64.ActiveCfg = Release|Any CPU
		{F133342A-3040-4005-A2F0-7685AA7CB82D}.Release|x64.Build.0 = Release|Any CPU
		{F133342A-3040-4005-A2F0-7685AA7CB82D}.Release|x86.ActiveCfg = Release|Any CPU
		{F133342A-3040-4005-A2F0-7685AA7CB82D}.Release|x86.Build.0 = Release|Any CPU
		{36A5139E-3E9C-42BD-95EE-818153A487DB}.Debug|Any CPU.ActiveCfg = Debug|Any CPU
		{36A5139E-3E9C-42BD-95EE-818153A487DB}.Debug|Any CPU.Build.0 = Debug|Any CPU
		{36A5139E-3E9C-42BD-95EE-818153A487DB}.Debug|arm64.ActiveCfg = Debug|Any CPU
		{36A5139E-3E9C-42BD-95EE-818153A487DB}.Debug|arm64.Build.0 = Debug|Any CPU
		{36A5139E-3E9C-42BD-95EE-818153A487DB}.Debug|x64.ActiveCfg = Debug|Any CPU
		{36A5139E-3E9C-42BD-95EE-818153A487DB}.Debug|x64.Build.0 = Debug|Any CPU
		{36A5139E-3E9C-42BD-95EE-818153A487DB}.Debug|x86.ActiveCfg = Debug|Any CPU
		{36A5139E-3E9C-42BD-95EE-818153A487DB}.Debug|x86.Build.0 = Debug|Any CPU
		{36A5139E-3E9C-42BD-95EE-818153A487DB}.Release|Any CPU.ActiveCfg = Release|Any CPU
		{36A5139E-3E9C-42BD-95EE-818153A487DB}.Release|Any CPU.Build.0 = Release|Any CPU
		{36A5139E-3E9C-42BD-95EE-818153A487DB}.Release|arm64.ActiveCfg = Release|Any CPU
		{36A5139E-3E9C-42BD-95EE-818153A487DB}.Release|arm64.Build.0 = Release|Any CPU
		{36A5139E-3E9C-42BD-95EE-818153A487DB}.Release|x64.ActiveCfg = Release|Any CPU
		{36A5139E-3E9C-42BD-95EE-818153A487DB}.Release|x64.Build.0 = Release|Any CPU
		{36A5139E-3E9C-42BD-95EE-818153A487DB}.Release|x86.ActiveCfg = Release|Any CPU
		{36A5139E-3E9C-42BD-95EE-818153A487DB}.Release|x86.Build.0 = Release|Any CPU
		{F1B0790A-1A40-4487-A607-36D21D827E44}.Debug|Any CPU.ActiveCfg = Debug|Any CPU
		{F1B0790A-1A40-4487-A607-36D21D827E44}.Debug|Any CPU.Build.0 = Debug|Any CPU
		{F1B0790A-1A40-4487-A607-36D21D827E44}.Debug|arm64.ActiveCfg = Debug|Any CPU
		{F1B0790A-1A40-4487-A607-36D21D827E44}.Debug|arm64.Build.0 = Debug|Any CPU
		{F1B0790A-1A40-4487-A607-36D21D827E44}.Debug|x64.ActiveCfg = Debug|Any CPU
		{F1B0790A-1A40-4487-A607-36D21D827E44}.Debug|x64.Build.0 = Debug|Any CPU
		{F1B0790A-1A40-4487-A607-36D21D827E44}.Debug|x86.ActiveCfg = Debug|Any CPU
		{F1B0790A-1A40-4487-A607-36D21D827E44}.Debug|x86.Build.0 = Debug|Any CPU
		{F1B0790A-1A40-4487-A607-36D21D827E44}.Release|Any CPU.ActiveCfg = Release|Any CPU
		{F1B0790A-1A40-4487-A607-36D21D827E44}.Release|Any CPU.Build.0 = Release|Any CPU
		{F1B0790A-1A40-4487-A607-36D21D827E44}.Release|arm64.ActiveCfg = Release|Any CPU
		{F1B0790A-1A40-4487-A607-36D21D827E44}.Release|arm64.Build.0 = Release|Any CPU
		{F1B0790A-1A40-4487-A607-36D21D827E44}.Release|x64.ActiveCfg = Release|Any CPU
		{F1B0790A-1A40-4487-A607-36D21D827E44}.Release|x64.Build.0 = Release|Any CPU
		{F1B0790A-1A40-4487-A607-36D21D827E44}.Release|x86.ActiveCfg = Release|Any CPU
		{F1B0790A-1A40-4487-A607-36D21D827E44}.Release|x86.Build.0 = Release|Any CPU
		{351D8601-6E21-45E8-B3B9-847C4540BD4E}.Debug|Any CPU.ActiveCfg = Debug|Any CPU
		{351D8601-6E21-45E8-B3B9-847C4540BD4E}.Debug|Any CPU.Build.0 = Debug|Any CPU
		{351D8601-6E21-45E8-B3B9-847C4540BD4E}.Debug|arm64.ActiveCfg = Debug|Any CPU
		{351D8601-6E21-45E8-B3B9-847C4540BD4E}.Debug|arm64.Build.0 = Debug|Any CPU
		{351D8601-6E21-45E8-B3B9-847C4540BD4E}.Debug|x64.ActiveCfg = Debug|Any CPU
		{351D8601-6E21-45E8-B3B9-847C4540BD4E}.Debug|x64.Build.0 = Debug|Any CPU
		{351D8601-6E21-45E8-B3B9-847C4540BD4E}.Debug|x86.ActiveCfg = Debug|Any CPU
		{351D8601-6E21-45E8-B3B9-847C4540BD4E}.Debug|x86.Build.0 = Debug|Any CPU
		{351D8601-6E21-45E8-B3B9-847C4540BD4E}.Release|Any CPU.ActiveCfg = Release|Any CPU
		{351D8601-6E21-45E8-B3B9-847C4540BD4E}.Release|Any CPU.Build.0 = Release|Any CPU
		{351D8601-6E21-45E8-B3B9-847C4540BD4E}.Release|arm64.ActiveCfg = Release|Any CPU
		{351D8601-6E21-45E8-B3B9-847C4540BD4E}.Release|arm64.Build.0 = Release|Any CPU
		{351D8601-6E21-45E8-B3B9-847C4540BD4E}.Release|x64.ActiveCfg = Release|Any CPU
		{351D8601-6E21-45E8-B3B9-847C4540BD4E}.Release|x64.Build.0 = Release|Any CPU
		{351D8601-6E21-45E8-B3B9-847C4540BD4E}.Release|x86.ActiveCfg = Release|Any CPU
		{351D8601-6E21-45E8-B3B9-847C4540BD4E}.Release|x86.Build.0 = Release|Any CPU
		{6103E743-057D-41C6-946C-23A751A08748}.Debug|Any CPU.ActiveCfg = Debug|Any CPU
		{6103E743-057D-41C6-946C-23A751A08748}.Debug|Any CPU.Build.0 = Debug|Any CPU
		{6103E743-057D-41C6-946C-23A751A08748}.Debug|arm64.ActiveCfg = Debug|Any CPU
		{6103E743-057D-41C6-946C-23A751A08748}.Debug|arm64.Build.0 = Debug|Any CPU
		{6103E743-057D-41C6-946C-23A751A08748}.Debug|x64.ActiveCfg = Debug|Any CPU
		{6103E743-057D-41C6-946C-23A751A08748}.Debug|x64.Build.0 = Debug|Any CPU
		{6103E743-057D-41C6-946C-23A751A08748}.Debug|x86.ActiveCfg = Debug|Any CPU
		{6103E743-057D-41C6-946C-23A751A08748}.Debug|x86.Build.0 = Debug|Any CPU
		{6103E743-057D-41C6-946C-23A751A08748}.Release|Any CPU.ActiveCfg = Release|Any CPU
		{6103E743-057D-41C6-946C-23A751A08748}.Release|Any CPU.Build.0 = Release|Any CPU
		{6103E743-057D-41C6-946C-23A751A08748}.Release|arm64.ActiveCfg = Release|Any CPU
		{6103E743-057D-41C6-946C-23A751A08748}.Release|arm64.Build.0 = Release|Any CPU
		{6103E743-057D-41C6-946C-23A751A08748}.Release|x64.ActiveCfg = Release|Any CPU
		{6103E743-057D-41C6-946C-23A751A08748}.Release|x64.Build.0 = Release|Any CPU
		{6103E743-057D-41C6-946C-23A751A08748}.Release|x86.ActiveCfg = Release|Any CPU
		{6103E743-057D-41C6-946C-23A751A08748}.Release|x86.Build.0 = Release|Any CPU
		{48979B4E-EAEC-4B41-BB49-44CA230BECAB}.Debug|Any CPU.ActiveCfg = Debug|Any CPU
		{48979B4E-EAEC-4B41-BB49-44CA230BECAB}.Debug|Any CPU.Build.0 = Debug|Any CPU
		{48979B4E-EAEC-4B41-BB49-44CA230BECAB}.Debug|arm64.ActiveCfg = Debug|Any CPU
		{48979B4E-EAEC-4B41-BB49-44CA230BECAB}.Debug|arm64.Build.0 = Debug|Any CPU
		{48979B4E-EAEC-4B41-BB49-44CA230BECAB}.Debug|x64.ActiveCfg = Debug|Any CPU
		{48979B4E-EAEC-4B41-BB49-44CA230BECAB}.Debug|x64.Build.0 = Debug|Any CPU
		{48979B4E-EAEC-4B41-BB49-44CA230BECAB}.Debug|x86.ActiveCfg = Debug|Any CPU
		{48979B4E-EAEC-4B41-BB49-44CA230BECAB}.Debug|x86.Build.0 = Debug|Any CPU
		{48979B4E-EAEC-4B41-BB49-44CA230BECAB}.Release|Any CPU.ActiveCfg = Release|Any CPU
		{48979B4E-EAEC-4B41-BB49-44CA230BECAB}.Release|Any CPU.Build.0 = Release|Any CPU
		{48979B4E-EAEC-4B41-BB49-44CA230BECAB}.Release|arm64.ActiveCfg = Release|Any CPU
		{48979B4E-EAEC-4B41-BB49-44CA230BECAB}.Release|arm64.Build.0 = Release|Any CPU
		{48979B4E-EAEC-4B41-BB49-44CA230BECAB}.Release|x64.ActiveCfg = Release|Any CPU
		{48979B4E-EAEC-4B41-BB49-44CA230BECAB}.Release|x64.Build.0 = Release|Any CPU
		{48979B4E-EAEC-4B41-BB49-44CA230BECAB}.Release|x86.ActiveCfg = Release|Any CPU
		{48979B4E-EAEC-4B41-BB49-44CA230BECAB}.Release|x86.Build.0 = Release|Any CPU
		{55E34830-B375-41FF-AFCA-F53B80A4D152}.Debug|Any CPU.ActiveCfg = Debug|Any CPU
		{55E34830-B375-41FF-AFCA-F53B80A4D152}.Debug|Any CPU.Build.0 = Debug|Any CPU
		{55E34830-B375-41FF-AFCA-F53B80A4D152}.Debug|arm64.ActiveCfg = Debug|Any CPU
		{55E34830-B375-41FF-AFCA-F53B80A4D152}.Debug|arm64.Build.0 = Debug|Any CPU
		{55E34830-B375-41FF-AFCA-F53B80A4D152}.Debug|x64.ActiveCfg = Debug|Any CPU
		{55E34830-B375-41FF-AFCA-F53B80A4D152}.Debug|x64.Build.0 = Debug|Any CPU
		{55E34830-B375-41FF-AFCA-F53B80A4D152}.Debug|x86.ActiveCfg = Debug|Any CPU
		{55E34830-B375-41FF-AFCA-F53B80A4D152}.Debug|x86.Build.0 = Debug|Any CPU
		{55E34830-B375-41FF-AFCA-F53B80A4D152}.Release|Any CPU.ActiveCfg = Release|Any CPU
		{55E34830-B375-41FF-AFCA-F53B80A4D152}.Release|Any CPU.Build.0 = Release|Any CPU
		{55E34830-B375-41FF-AFCA-F53B80A4D152}.Release|arm64.ActiveCfg = Release|Any CPU
		{55E34830-B375-41FF-AFCA-F53B80A4D152}.Release|arm64.Build.0 = Release|Any CPU
		{55E34830-B375-41FF-AFCA-F53B80A4D152}.Release|x64.ActiveCfg = Release|Any CPU
		{55E34830-B375-41FF-AFCA-F53B80A4D152}.Release|x64.Build.0 = Release|Any CPU
		{55E34830-B375-41FF-AFCA-F53B80A4D152}.Release|x86.ActiveCfg = Release|Any CPU
		{55E34830-B375-41FF-AFCA-F53B80A4D152}.Release|x86.Build.0 = Release|Any CPU
		{D8598EC8-D64B-4BE7-A4DC-5D5CED6A3938}.Debug|Any CPU.ActiveCfg = Debug|Any CPU
		{D8598EC8-D64B-4BE7-A4DC-5D5CED6A3938}.Debug|Any CPU.Build.0 = Debug|Any CPU
		{D8598EC8-D64B-4BE7-A4DC-5D5CED6A3938}.Debug|arm64.ActiveCfg = Debug|Any CPU
		{D8598EC8-D64B-4BE7-A4DC-5D5CED6A3938}.Debug|arm64.Build.0 = Debug|Any CPU
		{D8598EC8-D64B-4BE7-A4DC-5D5CED6A3938}.Debug|x64.ActiveCfg = Debug|Any CPU
		{D8598EC8-D64B-4BE7-A4DC-5D5CED6A3938}.Debug|x64.Build.0 = Debug|Any CPU
		{D8598EC8-D64B-4BE7-A4DC-5D5CED6A3938}.Debug|x86.ActiveCfg = Debug|Any CPU
		{D8598EC8-D64B-4BE7-A4DC-5D5CED6A3938}.Debug|x86.Build.0 = Debug|Any CPU
		{D8598EC8-D64B-4BE7-A4DC-5D5CED6A3938}.Release|Any CPU.ActiveCfg = Release|Any CPU
		{D8598EC8-D64B-4BE7-A4DC-5D5CED6A3938}.Release|Any CPU.Build.0 = Release|Any CPU
		{D8598EC8-D64B-4BE7-A4DC-5D5CED6A3938}.Release|arm64.ActiveCfg = Release|Any CPU
		{D8598EC8-D64B-4BE7-A4DC-5D5CED6A3938}.Release|arm64.Build.0 = Release|Any CPU
		{D8598EC8-D64B-4BE7-A4DC-5D5CED6A3938}.Release|x64.ActiveCfg = Release|Any CPU
		{D8598EC8-D64B-4BE7-A4DC-5D5CED6A3938}.Release|x64.Build.0 = Release|Any CPU
		{D8598EC8-D64B-4BE7-A4DC-5D5CED6A3938}.Release|x86.ActiveCfg = Release|Any CPU
		{D8598EC8-D64B-4BE7-A4DC-5D5CED6A3938}.Release|x86.Build.0 = Release|Any CPU
		{A756D568-AC89-4577-A9B2-E147784AB728}.Debug|Any CPU.ActiveCfg = Debug|Any CPU
		{A756D568-AC89-4577-A9B2-E147784AB728}.Debug|Any CPU.Build.0 = Debug|Any CPU
		{A756D568-AC89-4577-A9B2-E147784AB728}.Debug|arm64.ActiveCfg = Debug|Any CPU
		{A756D568-AC89-4577-A9B2-E147784AB728}.Debug|arm64.Build.0 = Debug|Any CPU
		{A756D568-AC89-4577-A9B2-E147784AB728}.Debug|x64.ActiveCfg = Debug|Any CPU
		{A756D568-AC89-4577-A9B2-E147784AB728}.Debug|x64.Build.0 = Debug|Any CPU
		{A756D568-AC89-4577-A9B2-E147784AB728}.Debug|x86.ActiveCfg = Debug|Any CPU
		{A756D568-AC89-4577-A9B2-E147784AB728}.Debug|x86.Build.0 = Debug|Any CPU
		{A756D568-AC89-4577-A9B2-E147784AB728}.Release|Any CPU.ActiveCfg = Release|Any CPU
		{A756D568-AC89-4577-A9B2-E147784AB728}.Release|Any CPU.Build.0 = Release|Any CPU
		{A756D568-AC89-4577-A9B2-E147784AB728}.Release|arm64.ActiveCfg = Release|Any CPU
		{A756D568-AC89-4577-A9B2-E147784AB728}.Release|arm64.Build.0 = Release|Any CPU
		{A756D568-AC89-4577-A9B2-E147784AB728}.Release|x64.ActiveCfg = Release|Any CPU
		{A756D568-AC89-4577-A9B2-E147784AB728}.Release|x64.Build.0 = Release|Any CPU
		{A756D568-AC89-4577-A9B2-E147784AB728}.Release|x86.ActiveCfg = Release|Any CPU
		{A756D568-AC89-4577-A9B2-E147784AB728}.Release|x86.Build.0 = Release|Any CPU
		{1C6F6ADA-97B1-4EB9-934D-0071BB618729}.Debug|Any CPU.ActiveCfg = Debug|Any CPU
		{1C6F6ADA-97B1-4EB9-934D-0071BB618729}.Debug|Any CPU.Build.0 = Debug|Any CPU
		{1C6F6ADA-97B1-4EB9-934D-0071BB618729}.Debug|arm64.ActiveCfg = Debug|Any CPU
		{1C6F6ADA-97B1-4EB9-934D-0071BB618729}.Debug|arm64.Build.0 = Debug|Any CPU
		{1C6F6ADA-97B1-4EB9-934D-0071BB618729}.Debug|x64.ActiveCfg = Debug|Any CPU
		{1C6F6ADA-97B1-4EB9-934D-0071BB618729}.Debug|x64.Build.0 = Debug|Any CPU
		{1C6F6ADA-97B1-4EB9-934D-0071BB618729}.Debug|x86.ActiveCfg = Debug|Any CPU
		{1C6F6ADA-97B1-4EB9-934D-0071BB618729}.Debug|x86.Build.0 = Debug|Any CPU
		{1C6F6ADA-97B1-4EB9-934D-0071BB618729}.Release|Any CPU.ActiveCfg = Release|Any CPU
		{1C6F6ADA-97B1-4EB9-934D-0071BB618729}.Release|Any CPU.Build.0 = Release|Any CPU
		{1C6F6ADA-97B1-4EB9-934D-0071BB618729}.Release|arm64.ActiveCfg = Release|Any CPU
		{1C6F6ADA-97B1-4EB9-934D-0071BB618729}.Release|arm64.Build.0 = Release|Any CPU
		{1C6F6ADA-97B1-4EB9-934D-0071BB618729}.Release|x64.ActiveCfg = Release|Any CPU
		{1C6F6ADA-97B1-4EB9-934D-0071BB618729}.Release|x64.Build.0 = Release|Any CPU
		{1C6F6ADA-97B1-4EB9-934D-0071BB618729}.Release|x86.ActiveCfg = Release|Any CPU
		{1C6F6ADA-97B1-4EB9-934D-0071BB618729}.Release|x86.Build.0 = Release|Any CPU
		{EC7608D1-1857-432E-930F-0F89B98979FB}.Debug|Any CPU.ActiveCfg = Debug|Any CPU
		{EC7608D1-1857-432E-930F-0F89B98979FB}.Debug|Any CPU.Build.0 = Debug|Any CPU
		{EC7608D1-1857-432E-930F-0F89B98979FB}.Debug|arm64.ActiveCfg = Debug|Any CPU
		{EC7608D1-1857-432E-930F-0F89B98979FB}.Debug|arm64.Build.0 = Debug|Any CPU
		{EC7608D1-1857-432E-930F-0F89B98979FB}.Debug|x64.ActiveCfg = Debug|Any CPU
		{EC7608D1-1857-432E-930F-0F89B98979FB}.Debug|x64.Build.0 = Debug|Any CPU
		{EC7608D1-1857-432E-930F-0F89B98979FB}.Debug|x86.ActiveCfg = Debug|Any CPU
		{EC7608D1-1857-432E-930F-0F89B98979FB}.Debug|x86.Build.0 = Debug|Any CPU
		{EC7608D1-1857-432E-930F-0F89B98979FB}.Release|Any CPU.ActiveCfg = Release|Any CPU
		{EC7608D1-1857-432E-930F-0F89B98979FB}.Release|Any CPU.Build.0 = Release|Any CPU
		{EC7608D1-1857-432E-930F-0F89B98979FB}.Release|arm64.ActiveCfg = Release|Any CPU
		{EC7608D1-1857-432E-930F-0F89B98979FB}.Release|arm64.Build.0 = Release|Any CPU
		{EC7608D1-1857-432E-930F-0F89B98979FB}.Release|x64.ActiveCfg = Release|Any CPU
		{EC7608D1-1857-432E-930F-0F89B98979FB}.Release|x64.Build.0 = Release|Any CPU
		{EC7608D1-1857-432E-930F-0F89B98979FB}.Release|x86.ActiveCfg = Release|Any CPU
		{EC7608D1-1857-432E-930F-0F89B98979FB}.Release|x86.Build.0 = Release|Any CPU
		{90B27178-F535-43F7-886E-0AB75203F246}.Debug|Any CPU.ActiveCfg = Debug|Any CPU
		{90B27178-F535-43F7-886E-0AB75203F246}.Debug|Any CPU.Build.0 = Debug|Any CPU
		{90B27178-F535-43F7-886E-0AB75203F246}.Debug|arm64.ActiveCfg = Debug|Any CPU
		{90B27178-F535-43F7-886E-0AB75203F246}.Debug|arm64.Build.0 = Debug|Any CPU
		{90B27178-F535-43F7-886E-0AB75203F246}.Debug|x64.ActiveCfg = Debug|Any CPU
		{90B27178-F535-43F7-886E-0AB75203F246}.Debug|x64.Build.0 = Debug|Any CPU
		{90B27178-F535-43F7-886E-0AB75203F246}.Debug|x86.ActiveCfg = Debug|Any CPU
		{90B27178-F535-43F7-886E-0AB75203F246}.Debug|x86.Build.0 = Debug|Any CPU
		{90B27178-F535-43F7-886E-0AB75203F246}.Release|Any CPU.ActiveCfg = Release|Any CPU
		{90B27178-F535-43F7-886E-0AB75203F246}.Release|Any CPU.Build.0 = Release|Any CPU
		{90B27178-F535-43F7-886E-0AB75203F246}.Release|arm64.ActiveCfg = Release|Any CPU
		{90B27178-F535-43F7-886E-0AB75203F246}.Release|arm64.Build.0 = Release|Any CPU
		{90B27178-F535-43F7-886E-0AB75203F246}.Release|x64.ActiveCfg = Release|Any CPU
		{90B27178-F535-43F7-886E-0AB75203F246}.Release|x64.Build.0 = Release|Any CPU
		{90B27178-F535-43F7-886E-0AB75203F246}.Release|x86.ActiveCfg = Release|Any CPU
		{90B27178-F535-43F7-886E-0AB75203F246}.Release|x86.Build.0 = Release|Any CPU
		{9BFDE7F2-C8F3-40D6-9A16-8DCD1A37E900}.Debug|Any CPU.ActiveCfg = Debug|Any CPU
		{9BFDE7F2-C8F3-40D6-9A16-8DCD1A37E900}.Debug|Any CPU.Build.0 = Debug|Any CPU
		{9BFDE7F2-C8F3-40D6-9A16-8DCD1A37E900}.Debug|arm64.ActiveCfg = Debug|Any CPU
		{9BFDE7F2-C8F3-40D6-9A16-8DCD1A37E900}.Debug|arm64.Build.0 = Debug|Any CPU
		{9BFDE7F2-C8F3-40D6-9A16-8DCD1A37E900}.Debug|x64.ActiveCfg = Debug|Any CPU
		{9BFDE7F2-C8F3-40D6-9A16-8DCD1A37E900}.Debug|x64.Build.0 = Debug|Any CPU
		{9BFDE7F2-C8F3-40D6-9A16-8DCD1A37E900}.Debug|x86.ActiveCfg = Debug|Any CPU
		{9BFDE7F2-C8F3-40D6-9A16-8DCD1A37E900}.Debug|x86.Build.0 = Debug|Any CPU
		{9BFDE7F2-C8F3-40D6-9A16-8DCD1A37E900}.Release|Any CPU.ActiveCfg = Release|Any CPU
		{9BFDE7F2-C8F3-40D6-9A16-8DCD1A37E900}.Release|Any CPU.Build.0 = Release|Any CPU
		{9BFDE7F2-C8F3-40D6-9A16-8DCD1A37E900}.Release|arm64.ActiveCfg = Release|Any CPU
		{9BFDE7F2-C8F3-40D6-9A16-8DCD1A37E900}.Release|arm64.Build.0 = Release|Any CPU
		{9BFDE7F2-C8F3-40D6-9A16-8DCD1A37E900}.Release|x64.ActiveCfg = Release|Any CPU
		{9BFDE7F2-C8F3-40D6-9A16-8DCD1A37E900}.Release|x64.Build.0 = Release|Any CPU
		{9BFDE7F2-C8F3-40D6-9A16-8DCD1A37E900}.Release|x86.ActiveCfg = Release|Any CPU
		{9BFDE7F2-C8F3-40D6-9A16-8DCD1A37E900}.Release|x86.Build.0 = Release|Any CPU
		{E0681991-228A-420E-85D5-A9E796F0AAE0}.Debug|Any CPU.ActiveCfg = Debug|Any CPU
		{E0681991-228A-420E-85D5-A9E796F0AAE0}.Debug|Any CPU.Build.0 = Debug|Any CPU
		{E0681991-228A-420E-85D5-A9E796F0AAE0}.Debug|arm64.ActiveCfg = Debug|Any CPU
		{E0681991-228A-420E-85D5-A9E796F0AAE0}.Debug|arm64.Build.0 = Debug|Any CPU
		{E0681991-228A-420E-85D5-A9E796F0AAE0}.Debug|x64.ActiveCfg = Debug|Any CPU
		{E0681991-228A-420E-85D5-A9E796F0AAE0}.Debug|x64.Build.0 = Debug|Any CPU
		{E0681991-228A-420E-85D5-A9E796F0AAE0}.Debug|x86.ActiveCfg = Debug|Any CPU
		{E0681991-228A-420E-85D5-A9E796F0AAE0}.Debug|x86.Build.0 = Debug|Any CPU
		{E0681991-228A-420E-85D5-A9E796F0AAE0}.Release|Any CPU.ActiveCfg = Release|Any CPU
		{E0681991-228A-420E-85D5-A9E796F0AAE0}.Release|Any CPU.Build.0 = Release|Any CPU
		{E0681991-228A-420E-85D5-A9E796F0AAE0}.Release|arm64.ActiveCfg = Release|Any CPU
		{E0681991-228A-420E-85D5-A9E796F0AAE0}.Release|arm64.Build.0 = Release|Any CPU
		{E0681991-228A-420E-85D5-A9E796F0AAE0}.Release|x64.ActiveCfg = Release|Any CPU
		{E0681991-228A-420E-85D5-A9E796F0AAE0}.Release|x64.Build.0 = Release|Any CPU
		{E0681991-228A-420E-85D5-A9E796F0AAE0}.Release|x86.ActiveCfg = Release|Any CPU
		{E0681991-228A-420E-85D5-A9E796F0AAE0}.Release|x86.Build.0 = Release|Any CPU
		{73B0857A-966B-4E7D-8A83-FECFE0281AB9}.Debug|Any CPU.ActiveCfg = Debug|Any CPU
		{73B0857A-966B-4E7D-8A83-FECFE0281AB9}.Debug|Any CPU.Build.0 = Debug|Any CPU
		{73B0857A-966B-4E7D-8A83-FECFE0281AB9}.Debug|arm64.ActiveCfg = Debug|Any CPU
		{73B0857A-966B-4E7D-8A83-FECFE0281AB9}.Debug|arm64.Build.0 = Debug|Any CPU
		{73B0857A-966B-4E7D-8A83-FECFE0281AB9}.Debug|x64.ActiveCfg = Debug|Any CPU
		{73B0857A-966B-4E7D-8A83-FECFE0281AB9}.Debug|x64.Build.0 = Debug|Any CPU
		{73B0857A-966B-4E7D-8A83-FECFE0281AB9}.Debug|x86.ActiveCfg = Debug|Any CPU
		{73B0857A-966B-4E7D-8A83-FECFE0281AB9}.Debug|x86.Build.0 = Debug|Any CPU
		{73B0857A-966B-4E7D-8A83-FECFE0281AB9}.Release|Any CPU.ActiveCfg = Release|Any CPU
		{73B0857A-966B-4E7D-8A83-FECFE0281AB9}.Release|Any CPU.Build.0 = Release|Any CPU
		{73B0857A-966B-4E7D-8A83-FECFE0281AB9}.Release|arm64.ActiveCfg = Release|Any CPU
		{73B0857A-966B-4E7D-8A83-FECFE0281AB9}.Release|arm64.Build.0 = Release|Any CPU
		{73B0857A-966B-4E7D-8A83-FECFE0281AB9}.Release|x64.ActiveCfg = Release|Any CPU
		{73B0857A-966B-4E7D-8A83-FECFE0281AB9}.Release|x64.Build.0 = Release|Any CPU
		{73B0857A-966B-4E7D-8A83-FECFE0281AB9}.Release|x86.ActiveCfg = Release|Any CPU
		{73B0857A-966B-4E7D-8A83-FECFE0281AB9}.Release|x86.Build.0 = Release|Any CPU
		{86418F0B-39DC-4B5A-8145-6D607E6150AC}.Debug|Any CPU.ActiveCfg = Debug|Any CPU
		{86418F0B-39DC-4B5A-8145-6D607E6150AC}.Debug|Any CPU.Build.0 = Debug|Any CPU
		{86418F0B-39DC-4B5A-8145-6D607E6150AC}.Debug|arm64.ActiveCfg = Debug|Any CPU
		{86418F0B-39DC-4B5A-8145-6D607E6150AC}.Debug|arm64.Build.0 = Debug|Any CPU
		{86418F0B-39DC-4B5A-8145-6D607E6150AC}.Debug|x64.ActiveCfg = Debug|Any CPU
		{86418F0B-39DC-4B5A-8145-6D607E6150AC}.Debug|x64.Build.0 = Debug|Any CPU
		{86418F0B-39DC-4B5A-8145-6D607E6150AC}.Debug|x86.ActiveCfg = Debug|Any CPU
		{86418F0B-39DC-4B5A-8145-6D607E6150AC}.Debug|x86.Build.0 = Debug|Any CPU
		{86418F0B-39DC-4B5A-8145-6D607E6150AC}.Release|Any CPU.ActiveCfg = Release|Any CPU
		{86418F0B-39DC-4B5A-8145-6D607E6150AC}.Release|Any CPU.Build.0 = Release|Any CPU
		{86418F0B-39DC-4B5A-8145-6D607E6150AC}.Release|arm64.ActiveCfg = Release|Any CPU
		{86418F0B-39DC-4B5A-8145-6D607E6150AC}.Release|arm64.Build.0 = Release|Any CPU
		{86418F0B-39DC-4B5A-8145-6D607E6150AC}.Release|x64.ActiveCfg = Release|Any CPU
		{86418F0B-39DC-4B5A-8145-6D607E6150AC}.Release|x64.Build.0 = Release|Any CPU
		{86418F0B-39DC-4B5A-8145-6D607E6150AC}.Release|x86.ActiveCfg = Release|Any CPU
		{86418F0B-39DC-4B5A-8145-6D607E6150AC}.Release|x86.Build.0 = Release|Any CPU
		{C272DA06-B98D-4BB7-B1C4-ECF58F54B224}.Debug|Any CPU.ActiveCfg = Debug|x86
		{C272DA06-B98D-4BB7-B1C4-ECF58F54B224}.Debug|Any CPU.Build.0 = Debug|x86
		{C272DA06-B98D-4BB7-B1C4-ECF58F54B224}.Debug|arm64.ActiveCfg = Debug|x64
		{C272DA06-B98D-4BB7-B1C4-ECF58F54B224}.Debug|arm64.Build.0 = Debug|x64
		{C272DA06-B98D-4BB7-B1C4-ECF58F54B224}.Debug|x64.ActiveCfg = Debug|x64
		{C272DA06-B98D-4BB7-B1C4-ECF58F54B224}.Debug|x64.Build.0 = Debug|x64
		{C272DA06-B98D-4BB7-B1C4-ECF58F54B224}.Debug|x86.ActiveCfg = Debug|x86
		{C272DA06-B98D-4BB7-B1C4-ECF58F54B224}.Debug|x86.Build.0 = Debug|x86
		{C272DA06-B98D-4BB7-B1C4-ECF58F54B224}.Release|Any CPU.ActiveCfg = Release|x86
		{C272DA06-B98D-4BB7-B1C4-ECF58F54B224}.Release|Any CPU.Build.0 = Release|x86
		{C272DA06-B98D-4BB7-B1C4-ECF58F54B224}.Release|arm64.ActiveCfg = Release|x64
		{C272DA06-B98D-4BB7-B1C4-ECF58F54B224}.Release|arm64.Build.0 = Release|x64
		{C272DA06-B98D-4BB7-B1C4-ECF58F54B224}.Release|x64.ActiveCfg = Release|x64
		{C272DA06-B98D-4BB7-B1C4-ECF58F54B224}.Release|x64.Build.0 = Release|x64
		{C272DA06-B98D-4BB7-B1C4-ECF58F54B224}.Release|x86.ActiveCfg = Release|x86
		{C272DA06-B98D-4BB7-B1C4-ECF58F54B224}.Release|x86.Build.0 = Release|x86
		{3BB220A9-7BC9-4D45-9DC7-B5A1D659B478}.Debug|Any CPU.ActiveCfg = Debug|Any CPU
		{3BB220A9-7BC9-4D45-9DC7-B5A1D659B478}.Debug|Any CPU.Build.0 = Debug|Any CPU
		{3BB220A9-7BC9-4D45-9DC7-B5A1D659B478}.Debug|arm64.ActiveCfg = Debug|Any CPU
		{3BB220A9-7BC9-4D45-9DC7-B5A1D659B478}.Debug|arm64.Build.0 = Debug|Any CPU
		{3BB220A9-7BC9-4D45-9DC7-B5A1D659B478}.Debug|x64.ActiveCfg = Debug|Any CPU
		{3BB220A9-7BC9-4D45-9DC7-B5A1D659B478}.Debug|x64.Build.0 = Debug|Any CPU
		{3BB220A9-7BC9-4D45-9DC7-B5A1D659B478}.Debug|x86.ActiveCfg = Debug|Any CPU
		{3BB220A9-7BC9-4D45-9DC7-B5A1D659B478}.Debug|x86.Build.0 = Debug|Any CPU
		{3BB220A9-7BC9-4D45-9DC7-B5A1D659B478}.Release|Any CPU.ActiveCfg = Release|Any CPU
		{3BB220A9-7BC9-4D45-9DC7-B5A1D659B478}.Release|Any CPU.Build.0 = Release|Any CPU
		{3BB220A9-7BC9-4D45-9DC7-B5A1D659B478}.Release|arm64.ActiveCfg = Release|Any CPU
		{3BB220A9-7BC9-4D45-9DC7-B5A1D659B478}.Release|arm64.Build.0 = Release|Any CPU
		{3BB220A9-7BC9-4D45-9DC7-B5A1D659B478}.Release|x64.ActiveCfg = Release|Any CPU
		{3BB220A9-7BC9-4D45-9DC7-B5A1D659B478}.Release|x64.Build.0 = Release|Any CPU
		{3BB220A9-7BC9-4D45-9DC7-B5A1D659B478}.Release|x86.ActiveCfg = Release|Any CPU
		{3BB220A9-7BC9-4D45-9DC7-B5A1D659B478}.Release|x86.Build.0 = Release|Any CPU
		{1976540D-65A6-45D7-95D2-13106DE6D5BB}.Debug|Any CPU.ActiveCfg = Debug|Any CPU
		{1976540D-65A6-45D7-95D2-13106DE6D5BB}.Debug|Any CPU.Build.0 = Debug|Any CPU
		{1976540D-65A6-45D7-95D2-13106DE6D5BB}.Debug|arm64.ActiveCfg = Debug|Any CPU
		{1976540D-65A6-45D7-95D2-13106DE6D5BB}.Debug|arm64.Build.0 = Debug|Any CPU
		{1976540D-65A6-45D7-95D2-13106DE6D5BB}.Debug|x64.ActiveCfg = Debug|Any CPU
		{1976540D-65A6-45D7-95D2-13106DE6D5BB}.Debug|x64.Build.0 = Debug|Any CPU
		{1976540D-65A6-45D7-95D2-13106DE6D5BB}.Debug|x86.ActiveCfg = Debug|Any CPU
		{1976540D-65A6-45D7-95D2-13106DE6D5BB}.Debug|x86.Build.0 = Debug|Any CPU
		{1976540D-65A6-45D7-95D2-13106DE6D5BB}.Release|Any CPU.ActiveCfg = Release|Any CPU
		{1976540D-65A6-45D7-95D2-13106DE6D5BB}.Release|Any CPU.Build.0 = Release|Any CPU
		{1976540D-65A6-45D7-95D2-13106DE6D5BB}.Release|arm64.ActiveCfg = Release|Any CPU
		{1976540D-65A6-45D7-95D2-13106DE6D5BB}.Release|arm64.Build.0 = Release|Any CPU
		{1976540D-65A6-45D7-95D2-13106DE6D5BB}.Release|x64.ActiveCfg = Release|Any CPU
		{1976540D-65A6-45D7-95D2-13106DE6D5BB}.Release|x64.Build.0 = Release|Any CPU
		{1976540D-65A6-45D7-95D2-13106DE6D5BB}.Release|x86.ActiveCfg = Release|Any CPU
		{1976540D-65A6-45D7-95D2-13106DE6D5BB}.Release|x86.Build.0 = Release|Any CPU
		{6EE57002-9965-46E7-A48B-B449969738BB}.Debug|Any CPU.ActiveCfg = Debug|Any CPU
		{6EE57002-9965-46E7-A48B-B449969738BB}.Debug|Any CPU.Build.0 = Debug|Any CPU
		{6EE57002-9965-46E7-A48B-B449969738BB}.Debug|arm64.ActiveCfg = Debug|Any CPU
		{6EE57002-9965-46E7-A48B-B449969738BB}.Debug|arm64.Build.0 = Debug|Any CPU
		{6EE57002-9965-46E7-A48B-B449969738BB}.Debug|x64.ActiveCfg = Debug|Any CPU
		{6EE57002-9965-46E7-A48B-B449969738BB}.Debug|x64.Build.0 = Debug|Any CPU
		{6EE57002-9965-46E7-A48B-B449969738BB}.Debug|x86.ActiveCfg = Debug|Any CPU
		{6EE57002-9965-46E7-A48B-B449969738BB}.Debug|x86.Build.0 = Debug|Any CPU
		{6EE57002-9965-46E7-A48B-B449969738BB}.Release|Any CPU.ActiveCfg = Release|Any CPU
		{6EE57002-9965-46E7-A48B-B449969738BB}.Release|Any CPU.Build.0 = Release|Any CPU
		{6EE57002-9965-46E7-A48B-B449969738BB}.Release|arm64.ActiveCfg = Release|Any CPU
		{6EE57002-9965-46E7-A48B-B449969738BB}.Release|arm64.Build.0 = Release|Any CPU
		{6EE57002-9965-46E7-A48B-B449969738BB}.Release|x64.ActiveCfg = Release|Any CPU
		{6EE57002-9965-46E7-A48B-B449969738BB}.Release|x64.Build.0 = Release|Any CPU
		{6EE57002-9965-46E7-A48B-B449969738BB}.Release|x86.ActiveCfg = Release|Any CPU
		{6EE57002-9965-46E7-A48B-B449969738BB}.Release|x86.Build.0 = Release|Any CPU
		{93310A19-DDCA-4BCD-AEDE-5C5D788DAFB4}.Debug|Any CPU.ActiveCfg = Debug|Any CPU
		{93310A19-DDCA-4BCD-AEDE-5C5D788DAFB4}.Debug|Any CPU.Build.0 = Debug|Any CPU
		{93310A19-DDCA-4BCD-AEDE-5C5D788DAFB4}.Debug|arm64.ActiveCfg = Debug|Any CPU
		{93310A19-DDCA-4BCD-AEDE-5C5D788DAFB4}.Debug|arm64.Build.0 = Debug|Any CPU
		{93310A19-DDCA-4BCD-AEDE-5C5D788DAFB4}.Debug|x64.ActiveCfg = Debug|Any CPU
		{93310A19-DDCA-4BCD-AEDE-5C5D788DAFB4}.Debug|x64.Build.0 = Debug|Any CPU
		{93310A19-DDCA-4BCD-AEDE-5C5D788DAFB4}.Debug|x86.ActiveCfg = Debug|Any CPU
		{93310A19-DDCA-4BCD-AEDE-5C5D788DAFB4}.Debug|x86.Build.0 = Debug|Any CPU
		{93310A19-DDCA-4BCD-AEDE-5C5D788DAFB4}.Release|Any CPU.ActiveCfg = Release|Any CPU
		{93310A19-DDCA-4BCD-AEDE-5C5D788DAFB4}.Release|Any CPU.Build.0 = Release|Any CPU
		{93310A19-DDCA-4BCD-AEDE-5C5D788DAFB4}.Release|arm64.ActiveCfg = Release|Any CPU
		{93310A19-DDCA-4BCD-AEDE-5C5D788DAFB4}.Release|arm64.Build.0 = Release|Any CPU
		{93310A19-DDCA-4BCD-AEDE-5C5D788DAFB4}.Release|x64.ActiveCfg = Release|Any CPU
		{93310A19-DDCA-4BCD-AEDE-5C5D788DAFB4}.Release|x64.Build.0 = Release|Any CPU
		{93310A19-DDCA-4BCD-AEDE-5C5D788DAFB4}.Release|x86.ActiveCfg = Release|Any CPU
		{93310A19-DDCA-4BCD-AEDE-5C5D788DAFB4}.Release|x86.Build.0 = Release|Any CPU
		{E96C74BA-9F74-4289-BF72-45CAD472D3D2}.Debug|Any CPU.ActiveCfg = Debug|Any CPU
		{E96C74BA-9F74-4289-BF72-45CAD472D3D2}.Debug|Any CPU.Build.0 = Debug|Any CPU
		{E96C74BA-9F74-4289-BF72-45CAD472D3D2}.Debug|arm64.ActiveCfg = Debug|Any CPU
		{E96C74BA-9F74-4289-BF72-45CAD472D3D2}.Debug|arm64.Build.0 = Debug|Any CPU
		{E96C74BA-9F74-4289-BF72-45CAD472D3D2}.Debug|x64.ActiveCfg = Debug|Any CPU
		{E96C74BA-9F74-4289-BF72-45CAD472D3D2}.Debug|x64.Build.0 = Debug|Any CPU
		{E96C74BA-9F74-4289-BF72-45CAD472D3D2}.Debug|x86.ActiveCfg = Debug|Any CPU
		{E96C74BA-9F74-4289-BF72-45CAD472D3D2}.Debug|x86.Build.0 = Debug|Any CPU
		{E96C74BA-9F74-4289-BF72-45CAD472D3D2}.Release|Any CPU.ActiveCfg = Release|Any CPU
		{E96C74BA-9F74-4289-BF72-45CAD472D3D2}.Release|Any CPU.Build.0 = Release|Any CPU
		{E96C74BA-9F74-4289-BF72-45CAD472D3D2}.Release|arm64.ActiveCfg = Release|Any CPU
		{E96C74BA-9F74-4289-BF72-45CAD472D3D2}.Release|arm64.Build.0 = Release|Any CPU
		{E96C74BA-9F74-4289-BF72-45CAD472D3D2}.Release|x64.ActiveCfg = Release|Any CPU
		{E96C74BA-9F74-4289-BF72-45CAD472D3D2}.Release|x64.Build.0 = Release|Any CPU
		{E96C74BA-9F74-4289-BF72-45CAD472D3D2}.Release|x86.ActiveCfg = Release|Any CPU
		{E96C74BA-9F74-4289-BF72-45CAD472D3D2}.Release|x86.Build.0 = Release|Any CPU
		{FC75CB54-D8D0-4B41-9A4D-9F862F34A02D}.Debug|Any CPU.ActiveCfg = Debug|Any CPU
		{FC75CB54-D8D0-4B41-9A4D-9F862F34A02D}.Debug|Any CPU.Build.0 = Debug|Any CPU
		{FC75CB54-D8D0-4B41-9A4D-9F862F34A02D}.Debug|arm64.ActiveCfg = Debug|Any CPU
		{FC75CB54-D8D0-4B41-9A4D-9F862F34A02D}.Debug|arm64.Build.0 = Debug|Any CPU
		{FC75CB54-D8D0-4B41-9A4D-9F862F34A02D}.Debug|x64.ActiveCfg = Debug|Any CPU
		{FC75CB54-D8D0-4B41-9A4D-9F862F34A02D}.Debug|x64.Build.0 = Debug|Any CPU
		{FC75CB54-D8D0-4B41-9A4D-9F862F34A02D}.Debug|x86.ActiveCfg = Debug|Any CPU
		{FC75CB54-D8D0-4B41-9A4D-9F862F34A02D}.Debug|x86.Build.0 = Debug|Any CPU
		{FC75CB54-D8D0-4B41-9A4D-9F862F34A02D}.Release|Any CPU.ActiveCfg = Release|Any CPU
		{FC75CB54-D8D0-4B41-9A4D-9F862F34A02D}.Release|Any CPU.Build.0 = Release|Any CPU
		{FC75CB54-D8D0-4B41-9A4D-9F862F34A02D}.Release|arm64.ActiveCfg = Release|Any CPU
		{FC75CB54-D8D0-4B41-9A4D-9F862F34A02D}.Release|arm64.Build.0 = Release|Any CPU
		{FC75CB54-D8D0-4B41-9A4D-9F862F34A02D}.Release|x64.ActiveCfg = Release|Any CPU
		{FC75CB54-D8D0-4B41-9A4D-9F862F34A02D}.Release|x64.Build.0 = Release|Any CPU
		{FC75CB54-D8D0-4B41-9A4D-9F862F34A02D}.Release|x86.ActiveCfg = Release|Any CPU
		{FC75CB54-D8D0-4B41-9A4D-9F862F34A02D}.Release|x86.Build.0 = Release|Any CPU
		{05FD23CE-60AE-44A8-8DD6-1688F04BE385}.Debug|Any CPU.ActiveCfg = Debug|Any CPU
		{05FD23CE-60AE-44A8-8DD6-1688F04BE385}.Debug|Any CPU.Build.0 = Debug|Any CPU
		{05FD23CE-60AE-44A8-8DD6-1688F04BE385}.Debug|arm64.ActiveCfg = Debug|Any CPU
		{05FD23CE-60AE-44A8-8DD6-1688F04BE385}.Debug|arm64.Build.0 = Debug|Any CPU
		{05FD23CE-60AE-44A8-8DD6-1688F04BE385}.Debug|x64.ActiveCfg = Debug|Any CPU
		{05FD23CE-60AE-44A8-8DD6-1688F04BE385}.Debug|x64.Build.0 = Debug|Any CPU
		{05FD23CE-60AE-44A8-8DD6-1688F04BE385}.Debug|x86.ActiveCfg = Debug|Any CPU
		{05FD23CE-60AE-44A8-8DD6-1688F04BE385}.Debug|x86.Build.0 = Debug|Any CPU
		{05FD23CE-60AE-44A8-8DD6-1688F04BE385}.Release|Any CPU.ActiveCfg = Release|Any CPU
		{05FD23CE-60AE-44A8-8DD6-1688F04BE385}.Release|Any CPU.Build.0 = Release|Any CPU
		{05FD23CE-60AE-44A8-8DD6-1688F04BE385}.Release|arm64.ActiveCfg = Release|Any CPU
		{05FD23CE-60AE-44A8-8DD6-1688F04BE385}.Release|arm64.Build.0 = Release|Any CPU
		{05FD23CE-60AE-44A8-8DD6-1688F04BE385}.Release|x64.ActiveCfg = Release|Any CPU
		{05FD23CE-60AE-44A8-8DD6-1688F04BE385}.Release|x64.Build.0 = Release|Any CPU
		{05FD23CE-60AE-44A8-8DD6-1688F04BE385}.Release|x86.ActiveCfg = Release|Any CPU
		{05FD23CE-60AE-44A8-8DD6-1688F04BE385}.Release|x86.Build.0 = Release|Any CPU
		{3596BDE6-B211-4BE7-810D-DC7A4315E296}.Debug|Any CPU.ActiveCfg = Debug|Any CPU
		{3596BDE6-B211-4BE7-810D-DC7A4315E296}.Debug|Any CPU.Build.0 = Debug|Any CPU
		{3596BDE6-B211-4BE7-810D-DC7A4315E296}.Debug|arm64.ActiveCfg = Debug|Any CPU
		{3596BDE6-B211-4BE7-810D-DC7A4315E296}.Debug|arm64.Build.0 = Debug|Any CPU
		{3596BDE6-B211-4BE7-810D-DC7A4315E296}.Debug|x64.ActiveCfg = Debug|Any CPU
		{3596BDE6-B211-4BE7-810D-DC7A4315E296}.Debug|x64.Build.0 = Debug|Any CPU
		{3596BDE6-B211-4BE7-810D-DC7A4315E296}.Debug|x86.ActiveCfg = Debug|Any CPU
		{3596BDE6-B211-4BE7-810D-DC7A4315E296}.Debug|x86.Build.0 = Debug|Any CPU
		{3596BDE6-B211-4BE7-810D-DC7A4315E296}.Release|Any CPU.ActiveCfg = Release|Any CPU
		{3596BDE6-B211-4BE7-810D-DC7A4315E296}.Release|Any CPU.Build.0 = Release|Any CPU
		{3596BDE6-B211-4BE7-810D-DC7A4315E296}.Release|arm64.ActiveCfg = Release|Any CPU
		{3596BDE6-B211-4BE7-810D-DC7A4315E296}.Release|arm64.Build.0 = Release|Any CPU
		{3596BDE6-B211-4BE7-810D-DC7A4315E296}.Release|x64.ActiveCfg = Release|Any CPU
		{3596BDE6-B211-4BE7-810D-DC7A4315E296}.Release|x64.Build.0 = Release|Any CPU
		{3596BDE6-B211-4BE7-810D-DC7A4315E296}.Release|x86.ActiveCfg = Release|Any CPU
		{3596BDE6-B211-4BE7-810D-DC7A4315E296}.Release|x86.Build.0 = Release|Any CPU
		{E742382E-5D34-481D-A3FC-7B6B9C5033E2}.Debug|Any CPU.ActiveCfg = Debug|Any CPU
		{E742382E-5D34-481D-A3FC-7B6B9C5033E2}.Debug|Any CPU.Build.0 = Debug|Any CPU
		{E742382E-5D34-481D-A3FC-7B6B9C5033E2}.Debug|arm64.ActiveCfg = Debug|Any CPU
		{E742382E-5D34-481D-A3FC-7B6B9C5033E2}.Debug|arm64.Build.0 = Debug|Any CPU
		{E742382E-5D34-481D-A3FC-7B6B9C5033E2}.Debug|x64.ActiveCfg = Debug|Any CPU
		{E742382E-5D34-481D-A3FC-7B6B9C5033E2}.Debug|x64.Build.0 = Debug|Any CPU
		{E742382E-5D34-481D-A3FC-7B6B9C5033E2}.Debug|x86.ActiveCfg = Debug|Any CPU
		{E742382E-5D34-481D-A3FC-7B6B9C5033E2}.Debug|x86.Build.0 = Debug|Any CPU
		{E742382E-5D34-481D-A3FC-7B6B9C5033E2}.Release|Any CPU.ActiveCfg = Release|Any CPU
		{E742382E-5D34-481D-A3FC-7B6B9C5033E2}.Release|Any CPU.Build.0 = Release|Any CPU
		{E742382E-5D34-481D-A3FC-7B6B9C5033E2}.Release|arm64.ActiveCfg = Release|Any CPU
		{E742382E-5D34-481D-A3FC-7B6B9C5033E2}.Release|arm64.Build.0 = Release|Any CPU
		{E742382E-5D34-481D-A3FC-7B6B9C5033E2}.Release|x64.ActiveCfg = Release|Any CPU
		{E742382E-5D34-481D-A3FC-7B6B9C5033E2}.Release|x64.Build.0 = Release|Any CPU
		{E742382E-5D34-481D-A3FC-7B6B9C5033E2}.Release|x86.ActiveCfg = Release|Any CPU
		{E742382E-5D34-481D-A3FC-7B6B9C5033E2}.Release|x86.Build.0 = Release|Any CPU
		{5025D7FF-EB6D-4250-B9C5-887ADFBBD952}.Debug|Any CPU.ActiveCfg = Debug|Any CPU
		{5025D7FF-EB6D-4250-B9C5-887ADFBBD952}.Debug|Any CPU.Build.0 = Debug|Any CPU
		{5025D7FF-EB6D-4250-B9C5-887ADFBBD952}.Debug|arm64.ActiveCfg = Debug|Any CPU
		{5025D7FF-EB6D-4250-B9C5-887ADFBBD952}.Debug|arm64.Build.0 = Debug|Any CPU
		{5025D7FF-EB6D-4250-B9C5-887ADFBBD952}.Debug|x64.ActiveCfg = Debug|Any CPU
		{5025D7FF-EB6D-4250-B9C5-887ADFBBD952}.Debug|x64.Build.0 = Debug|Any CPU
		{5025D7FF-EB6D-4250-B9C5-887ADFBBD952}.Debug|x86.ActiveCfg = Debug|Any CPU
		{5025D7FF-EB6D-4250-B9C5-887ADFBBD952}.Debug|x86.Build.0 = Debug|Any CPU
		{5025D7FF-EB6D-4250-B9C5-887ADFBBD952}.Release|Any CPU.ActiveCfg = Release|Any CPU
		{5025D7FF-EB6D-4250-B9C5-887ADFBBD952}.Release|Any CPU.Build.0 = Release|Any CPU
		{5025D7FF-EB6D-4250-B9C5-887ADFBBD952}.Release|arm64.ActiveCfg = Release|Any CPU
		{5025D7FF-EB6D-4250-B9C5-887ADFBBD952}.Release|arm64.Build.0 = Release|Any CPU
		{5025D7FF-EB6D-4250-B9C5-887ADFBBD952}.Release|x64.ActiveCfg = Release|Any CPU
		{5025D7FF-EB6D-4250-B9C5-887ADFBBD952}.Release|x64.Build.0 = Release|Any CPU
		{5025D7FF-EB6D-4250-B9C5-887ADFBBD952}.Release|x86.ActiveCfg = Release|Any CPU
		{5025D7FF-EB6D-4250-B9C5-887ADFBBD952}.Release|x86.Build.0 = Release|Any CPU
		{714EC82C-D4E0-4E14-9C34-4F270774D384}.Debug|Any CPU.ActiveCfg = Debug|Any CPU
		{714EC82C-D4E0-4E14-9C34-4F270774D384}.Debug|Any CPU.Build.0 = Debug|Any CPU
		{714EC82C-D4E0-4E14-9C34-4F270774D384}.Debug|arm64.ActiveCfg = Debug|Any CPU
		{714EC82C-D4E0-4E14-9C34-4F270774D384}.Debug|arm64.Build.0 = Debug|Any CPU
		{714EC82C-D4E0-4E14-9C34-4F270774D384}.Debug|x64.ActiveCfg = Debug|Any CPU
		{714EC82C-D4E0-4E14-9C34-4F270774D384}.Debug|x64.Build.0 = Debug|Any CPU
		{714EC82C-D4E0-4E14-9C34-4F270774D384}.Debug|x86.ActiveCfg = Debug|Any CPU
		{714EC82C-D4E0-4E14-9C34-4F270774D384}.Debug|x86.Build.0 = Debug|Any CPU
		{714EC82C-D4E0-4E14-9C34-4F270774D384}.Release|Any CPU.ActiveCfg = Release|Any CPU
		{714EC82C-D4E0-4E14-9C34-4F270774D384}.Release|Any CPU.Build.0 = Release|Any CPU
		{714EC82C-D4E0-4E14-9C34-4F270774D384}.Release|arm64.ActiveCfg = Release|Any CPU
		{714EC82C-D4E0-4E14-9C34-4F270774D384}.Release|arm64.Build.0 = Release|Any CPU
		{714EC82C-D4E0-4E14-9C34-4F270774D384}.Release|x64.ActiveCfg = Release|Any CPU
		{714EC82C-D4E0-4E14-9C34-4F270774D384}.Release|x64.Build.0 = Release|Any CPU
		{714EC82C-D4E0-4E14-9C34-4F270774D384}.Release|x86.ActiveCfg = Release|Any CPU
		{714EC82C-D4E0-4E14-9C34-4F270774D384}.Release|x86.Build.0 = Release|Any CPU
		{B68FD1FC-EA37-40F2-BBBD-77577A0A1815}.Debug|Any CPU.ActiveCfg = Debug|x64
		{B68FD1FC-EA37-40F2-BBBD-77577A0A1815}.Debug|Any CPU.Build.0 = Debug|x64
		{B68FD1FC-EA37-40F2-BBBD-77577A0A1815}.Debug|arm64.ActiveCfg = Debug|x64
		{B68FD1FC-EA37-40F2-BBBD-77577A0A1815}.Debug|arm64.Build.0 = Debug|x64
		{B68FD1FC-EA37-40F2-BBBD-77577A0A1815}.Debug|x64.ActiveCfg = Debug|x64
		{B68FD1FC-EA37-40F2-BBBD-77577A0A1815}.Debug|x64.Build.0 = Debug|x64
		{B68FD1FC-EA37-40F2-BBBD-77577A0A1815}.Debug|x86.ActiveCfg = Debug|Win32
		{B68FD1FC-EA37-40F2-BBBD-77577A0A1815}.Debug|x86.Build.0 = Debug|Win32
		{B68FD1FC-EA37-40F2-BBBD-77577A0A1815}.Release|Any CPU.ActiveCfg = Release|x64
		{B68FD1FC-EA37-40F2-BBBD-77577A0A1815}.Release|Any CPU.Build.0 = Release|x64
		{B68FD1FC-EA37-40F2-BBBD-77577A0A1815}.Release|arm64.ActiveCfg = Release|x64
		{B68FD1FC-EA37-40F2-BBBD-77577A0A1815}.Release|arm64.Build.0 = Release|x64
		{B68FD1FC-EA37-40F2-BBBD-77577A0A1815}.Release|x64.ActiveCfg = Release|x64
		{B68FD1FC-EA37-40F2-BBBD-77577A0A1815}.Release|x64.Build.0 = Release|x64
		{B68FD1FC-EA37-40F2-BBBD-77577A0A1815}.Release|x86.ActiveCfg = Release|Win32
		{B68FD1FC-EA37-40F2-BBBD-77577A0A1815}.Release|x86.Build.0 = Release|Win32
		{3129970B-A4EB-46AC-B163-18A5557B11BD}.Debug|Any CPU.ActiveCfg = Debug|x64
		{3129970B-A4EB-46AC-B163-18A5557B11BD}.Debug|Any CPU.Build.0 = Debug|x64
		{3129970B-A4EB-46AC-B163-18A5557B11BD}.Debug|arm64.ActiveCfg = Debug|x64
		{3129970B-A4EB-46AC-B163-18A5557B11BD}.Debug|arm64.Build.0 = Debug|x64
		{3129970B-A4EB-46AC-B163-18A5557B11BD}.Debug|x64.ActiveCfg = Debug|x64
		{3129970B-A4EB-46AC-B163-18A5557B11BD}.Debug|x64.Build.0 = Debug|x64
		{3129970B-A4EB-46AC-B163-18A5557B11BD}.Debug|x86.ActiveCfg = Debug|x86
		{3129970B-A4EB-46AC-B163-18A5557B11BD}.Debug|x86.Build.0 = Debug|x86
		{3129970B-A4EB-46AC-B163-18A5557B11BD}.Release|Any CPU.ActiveCfg = Release|x64
		{3129970B-A4EB-46AC-B163-18A5557B11BD}.Release|Any CPU.Build.0 = Release|x64
		{3129970B-A4EB-46AC-B163-18A5557B11BD}.Release|arm64.ActiveCfg = Release|x64
		{3129970B-A4EB-46AC-B163-18A5557B11BD}.Release|arm64.Build.0 = Release|x64
		{3129970B-A4EB-46AC-B163-18A5557B11BD}.Release|x64.ActiveCfg = Release|x64
		{3129970B-A4EB-46AC-B163-18A5557B11BD}.Release|x64.Build.0 = Release|x64
		{3129970B-A4EB-46AC-B163-18A5557B11BD}.Release|x86.ActiveCfg = Release|x86
		{3129970B-A4EB-46AC-B163-18A5557B11BD}.Release|x86.Build.0 = Release|x86
		{5A6AFB8C-0EFE-4466-BD77-0F4159151AE6}.Debug|Any CPU.ActiveCfg = Debug|Any CPU
		{5A6AFB8C-0EFE-4466-BD77-0F4159151AE6}.Debug|Any CPU.Build.0 = Debug|Any CPU
		{5A6AFB8C-0EFE-4466-BD77-0F4159151AE6}.Debug|arm64.ActiveCfg = Debug|Any CPU
		{5A6AFB8C-0EFE-4466-BD77-0F4159151AE6}.Debug|arm64.Build.0 = Debug|Any CPU
		{5A6AFB8C-0EFE-4466-BD77-0F4159151AE6}.Debug|x64.ActiveCfg = Debug|Any CPU
		{5A6AFB8C-0EFE-4466-BD77-0F4159151AE6}.Debug|x64.Build.0 = Debug|Any CPU
		{5A6AFB8C-0EFE-4466-BD77-0F4159151AE6}.Debug|x86.ActiveCfg = Debug|Any CPU
		{5A6AFB8C-0EFE-4466-BD77-0F4159151AE6}.Debug|x86.Build.0 = Debug|Any CPU
		{5A6AFB8C-0EFE-4466-BD77-0F4159151AE6}.Release|Any CPU.ActiveCfg = Release|Any CPU
		{5A6AFB8C-0EFE-4466-BD77-0F4159151AE6}.Release|Any CPU.Build.0 = Release|Any CPU
		{5A6AFB8C-0EFE-4466-BD77-0F4159151AE6}.Release|arm64.ActiveCfg = Release|Any CPU
		{5A6AFB8C-0EFE-4466-BD77-0F4159151AE6}.Release|arm64.Build.0 = Release|Any CPU
		{5A6AFB8C-0EFE-4466-BD77-0F4159151AE6}.Release|x64.ActiveCfg = Release|Any CPU
		{5A6AFB8C-0EFE-4466-BD77-0F4159151AE6}.Release|x64.Build.0 = Release|Any CPU
		{5A6AFB8C-0EFE-4466-BD77-0F4159151AE6}.Release|x86.ActiveCfg = Release|Any CPU
		{5A6AFB8C-0EFE-4466-BD77-0F4159151AE6}.Release|x86.Build.0 = Release|Any CPU
		{317E131C-EA24-47A4-96EE-5A66DED10501}.Debug|Any CPU.ActiveCfg = Debug|Any CPU
		{317E131C-EA24-47A4-96EE-5A66DED10501}.Debug|Any CPU.Build.0 = Debug|Any CPU
		{317E131C-EA24-47A4-96EE-5A66DED10501}.Debug|arm64.ActiveCfg = Debug|Any CPU
		{317E131C-EA24-47A4-96EE-5A66DED10501}.Debug|arm64.Build.0 = Debug|Any CPU
		{317E131C-EA24-47A4-96EE-5A66DED10501}.Debug|x64.ActiveCfg = Debug|Any CPU
		{317E131C-EA24-47A4-96EE-5A66DED10501}.Debug|x64.Build.0 = Debug|Any CPU
		{317E131C-EA24-47A4-96EE-5A66DED10501}.Debug|x86.ActiveCfg = Debug|Any CPU
		{317E131C-EA24-47A4-96EE-5A66DED10501}.Debug|x86.Build.0 = Debug|Any CPU
		{317E131C-EA24-47A4-96EE-5A66DED10501}.Release|Any CPU.ActiveCfg = Release|Any CPU
		{317E131C-EA24-47A4-96EE-5A66DED10501}.Release|Any CPU.Build.0 = Release|Any CPU
		{317E131C-EA24-47A4-96EE-5A66DED10501}.Release|arm64.ActiveCfg = Release|Any CPU
		{317E131C-EA24-47A4-96EE-5A66DED10501}.Release|arm64.Build.0 = Release|Any CPU
		{317E131C-EA24-47A4-96EE-5A66DED10501}.Release|x64.ActiveCfg = Release|Any CPU
		{317E131C-EA24-47A4-96EE-5A66DED10501}.Release|x64.Build.0 = Release|Any CPU
		{317E131C-EA24-47A4-96EE-5A66DED10501}.Release|x86.ActiveCfg = Release|Any CPU
		{317E131C-EA24-47A4-96EE-5A66DED10501}.Release|x86.Build.0 = Release|Any CPU
		{93651A99-C9EB-4F83-8A66-DF9D21574550}.Debug|Any CPU.ActiveCfg = Debug|Any CPU
		{93651A99-C9EB-4F83-8A66-DF9D21574550}.Debug|arm64.ActiveCfg = Debug|Any CPU
		{93651A99-C9EB-4F83-8A66-DF9D21574550}.Debug|x64.ActiveCfg = Debug|Any CPU
		{93651A99-C9EB-4F83-8A66-DF9D21574550}.Debug|x86.ActiveCfg = Debug|Any CPU
		{93651A99-C9EB-4F83-8A66-DF9D21574550}.Release|Any CPU.ActiveCfg = Release|Any CPU
		{93651A99-C9EB-4F83-8A66-DF9D21574550}.Release|arm64.ActiveCfg = Release|Any CPU
		{93651A99-C9EB-4F83-8A66-DF9D21574550}.Release|x64.ActiveCfg = Release|Any CPU
		{93651A99-C9EB-4F83-8A66-DF9D21574550}.Release|x86.ActiveCfg = Release|Any CPU
		{20E7C5E8-CD56-4A1C-9CB2-B7169FD7A5B8}.Debug|Any CPU.ActiveCfg = Debug|Any CPU
		{20E7C5E8-CD56-4A1C-9CB2-B7169FD7A5B8}.Debug|Any CPU.Build.0 = Debug|Any CPU
		{20E7C5E8-CD56-4A1C-9CB2-B7169FD7A5B8}.Debug|arm64.ActiveCfg = Debug|Any CPU
		{20E7C5E8-CD56-4A1C-9CB2-B7169FD7A5B8}.Debug|arm64.Build.0 = Debug|Any CPU
		{20E7C5E8-CD56-4A1C-9CB2-B7169FD7A5B8}.Debug|x64.ActiveCfg = Debug|Any CPU
		{20E7C5E8-CD56-4A1C-9CB2-B7169FD7A5B8}.Debug|x64.Build.0 = Debug|Any CPU
		{20E7C5E8-CD56-4A1C-9CB2-B7169FD7A5B8}.Debug|x86.ActiveCfg = Debug|Any CPU
		{20E7C5E8-CD56-4A1C-9CB2-B7169FD7A5B8}.Debug|x86.Build.0 = Debug|Any CPU
		{20E7C5E8-CD56-4A1C-9CB2-B7169FD7A5B8}.Release|Any CPU.ActiveCfg = Release|Any CPU
		{20E7C5E8-CD56-4A1C-9CB2-B7169FD7A5B8}.Release|Any CPU.Build.0 = Release|Any CPU
		{20E7C5E8-CD56-4A1C-9CB2-B7169FD7A5B8}.Release|arm64.ActiveCfg = Release|Any CPU
		{20E7C5E8-CD56-4A1C-9CB2-B7169FD7A5B8}.Release|arm64.Build.0 = Release|Any CPU
		{20E7C5E8-CD56-4A1C-9CB2-B7169FD7A5B8}.Release|x64.ActiveCfg = Release|Any CPU
		{20E7C5E8-CD56-4A1C-9CB2-B7169FD7A5B8}.Release|x64.Build.0 = Release|Any CPU
		{20E7C5E8-CD56-4A1C-9CB2-B7169FD7A5B8}.Release|x86.ActiveCfg = Release|Any CPU
		{20E7C5E8-CD56-4A1C-9CB2-B7169FD7A5B8}.Release|x86.Build.0 = Release|Any CPU
		{90CC3A84-1087-48A0-8FDC-3A0F6D4D3B4D}.Debug|Any CPU.ActiveCfg = Debug|Any CPU
		{90CC3A84-1087-48A0-8FDC-3A0F6D4D3B4D}.Debug|Any CPU.Build.0 = Debug|Any CPU
		{90CC3A84-1087-48A0-8FDC-3A0F6D4D3B4D}.Debug|arm64.ActiveCfg = Debug|Any CPU
		{90CC3A84-1087-48A0-8FDC-3A0F6D4D3B4D}.Debug|arm64.Build.0 = Debug|Any CPU
		{90CC3A84-1087-48A0-8FDC-3A0F6D4D3B4D}.Debug|x64.ActiveCfg = Debug|Any CPU
		{90CC3A84-1087-48A0-8FDC-3A0F6D4D3B4D}.Debug|x64.Build.0 = Debug|Any CPU
		{90CC3A84-1087-48A0-8FDC-3A0F6D4D3B4D}.Debug|x86.ActiveCfg = Debug|Any CPU
		{90CC3A84-1087-48A0-8FDC-3A0F6D4D3B4D}.Debug|x86.Build.0 = Debug|Any CPU
		{90CC3A84-1087-48A0-8FDC-3A0F6D4D3B4D}.Release|Any CPU.ActiveCfg = Release|Any CPU
		{90CC3A84-1087-48A0-8FDC-3A0F6D4D3B4D}.Release|Any CPU.Build.0 = Release|Any CPU
		{90CC3A84-1087-48A0-8FDC-3A0F6D4D3B4D}.Release|arm64.ActiveCfg = Release|Any CPU
		{90CC3A84-1087-48A0-8FDC-3A0F6D4D3B4D}.Release|arm64.Build.0 = Release|Any CPU
		{90CC3A84-1087-48A0-8FDC-3A0F6D4D3B4D}.Release|x64.ActiveCfg = Release|Any CPU
		{90CC3A84-1087-48A0-8FDC-3A0F6D4D3B4D}.Release|x64.Build.0 = Release|Any CPU
		{90CC3A84-1087-48A0-8FDC-3A0F6D4D3B4D}.Release|x86.ActiveCfg = Release|Any CPU
		{90CC3A84-1087-48A0-8FDC-3A0F6D4D3B4D}.Release|x86.Build.0 = Release|Any CPU
		{7650F24E-7132-42CF-ADCE-830C8DB26EE5}.Debug|Any CPU.ActiveCfg = Debug|Any CPU
		{7650F24E-7132-42CF-ADCE-830C8DB26EE5}.Debug|Any CPU.Build.0 = Debug|Any CPU
		{7650F24E-7132-42CF-ADCE-830C8DB26EE5}.Debug|arm64.ActiveCfg = Debug|Any CPU
		{7650F24E-7132-42CF-ADCE-830C8DB26EE5}.Debug|arm64.Build.0 = Debug|Any CPU
		{7650F24E-7132-42CF-ADCE-830C8DB26EE5}.Debug|x64.ActiveCfg = Debug|Any CPU
		{7650F24E-7132-42CF-ADCE-830C8DB26EE5}.Debug|x64.Build.0 = Debug|Any CPU
		{7650F24E-7132-42CF-ADCE-830C8DB26EE5}.Debug|x86.ActiveCfg = Debug|Any CPU
		{7650F24E-7132-42CF-ADCE-830C8DB26EE5}.Debug|x86.Build.0 = Debug|Any CPU
		{7650F24E-7132-42CF-ADCE-830C8DB26EE5}.Release|Any CPU.ActiveCfg = Release|Any CPU
		{7650F24E-7132-42CF-ADCE-830C8DB26EE5}.Release|Any CPU.Build.0 = Release|Any CPU
		{7650F24E-7132-42CF-ADCE-830C8DB26EE5}.Release|arm64.ActiveCfg = Release|Any CPU
		{7650F24E-7132-42CF-ADCE-830C8DB26EE5}.Release|arm64.Build.0 = Release|Any CPU
		{7650F24E-7132-42CF-ADCE-830C8DB26EE5}.Release|x64.ActiveCfg = Release|Any CPU
		{7650F24E-7132-42CF-ADCE-830C8DB26EE5}.Release|x64.Build.0 = Release|Any CPU
		{7650F24E-7132-42CF-ADCE-830C8DB26EE5}.Release|x86.ActiveCfg = Release|Any CPU
		{7650F24E-7132-42CF-ADCE-830C8DB26EE5}.Release|x86.Build.0 = Release|Any CPU
		{194D9B0B-421B-4485-B67E-B5A448388D39}.Debug|Any CPU.ActiveCfg = Debug|Any CPU
		{194D9B0B-421B-4485-B67E-B5A448388D39}.Debug|Any CPU.Build.0 = Debug|Any CPU
		{194D9B0B-421B-4485-B67E-B5A448388D39}.Debug|arm64.ActiveCfg = Debug|Any CPU
		{194D9B0B-421B-4485-B67E-B5A448388D39}.Debug|arm64.Build.0 = Debug|Any CPU
		{194D9B0B-421B-4485-B67E-B5A448388D39}.Debug|x64.ActiveCfg = Debug|Any CPU
		{194D9B0B-421B-4485-B67E-B5A448388D39}.Debug|x64.Build.0 = Debug|Any CPU
		{194D9B0B-421B-4485-B67E-B5A448388D39}.Debug|x86.ActiveCfg = Debug|Any CPU
		{194D9B0B-421B-4485-B67E-B5A448388D39}.Debug|x86.Build.0 = Debug|Any CPU
		{194D9B0B-421B-4485-B67E-B5A448388D39}.Release|Any CPU.ActiveCfg = Release|Any CPU
		{194D9B0B-421B-4485-B67E-B5A448388D39}.Release|Any CPU.Build.0 = Release|Any CPU
		{194D9B0B-421B-4485-B67E-B5A448388D39}.Release|arm64.ActiveCfg = Release|Any CPU
		{194D9B0B-421B-4485-B67E-B5A448388D39}.Release|arm64.Build.0 = Release|Any CPU
		{194D9B0B-421B-4485-B67E-B5A448388D39}.Release|x64.ActiveCfg = Release|Any CPU
		{194D9B0B-421B-4485-B67E-B5A448388D39}.Release|x64.Build.0 = Release|Any CPU
		{194D9B0B-421B-4485-B67E-B5A448388D39}.Release|x86.ActiveCfg = Release|Any CPU
		{194D9B0B-421B-4485-B67E-B5A448388D39}.Release|x86.Build.0 = Release|Any CPU
		{BA61D5A8-29E9-41AA-A3FA-B7F0A7F9A191}.Debug|Any CPU.ActiveCfg = Debug|Any CPU
		{BA61D5A8-29E9-41AA-A3FA-B7F0A7F9A191}.Debug|Any CPU.Build.0 = Debug|Any CPU
		{BA61D5A8-29E9-41AA-A3FA-B7F0A7F9A191}.Debug|arm64.ActiveCfg = Debug|Any CPU
		{BA61D5A8-29E9-41AA-A3FA-B7F0A7F9A191}.Debug|arm64.Build.0 = Debug|Any CPU
		{BA61D5A8-29E9-41AA-A3FA-B7F0A7F9A191}.Debug|x64.ActiveCfg = Debug|Any CPU
		{BA61D5A8-29E9-41AA-A3FA-B7F0A7F9A191}.Debug|x64.Build.0 = Debug|Any CPU
		{BA61D5A8-29E9-41AA-A3FA-B7F0A7F9A191}.Debug|x86.ActiveCfg = Debug|Any CPU
		{BA61D5A8-29E9-41AA-A3FA-B7F0A7F9A191}.Debug|x86.Build.0 = Debug|Any CPU
		{BA61D5A8-29E9-41AA-A3FA-B7F0A7F9A191}.Release|Any CPU.ActiveCfg = Release|Any CPU
		{BA61D5A8-29E9-41AA-A3FA-B7F0A7F9A191}.Release|Any CPU.Build.0 = Release|Any CPU
		{BA61D5A8-29E9-41AA-A3FA-B7F0A7F9A191}.Release|arm64.ActiveCfg = Release|Any CPU
		{BA61D5A8-29E9-41AA-A3FA-B7F0A7F9A191}.Release|arm64.Build.0 = Release|Any CPU
		{BA61D5A8-29E9-41AA-A3FA-B7F0A7F9A191}.Release|x64.ActiveCfg = Release|Any CPU
		{BA61D5A8-29E9-41AA-A3FA-B7F0A7F9A191}.Release|x64.Build.0 = Release|Any CPU
		{BA61D5A8-29E9-41AA-A3FA-B7F0A7F9A191}.Release|x86.ActiveCfg = Release|Any CPU
		{BA61D5A8-29E9-41AA-A3FA-B7F0A7F9A191}.Release|x86.Build.0 = Release|Any CPU
		{61376D2A-4AD5-48F4-BF99-2BB630E21945}.Debug|Any CPU.ActiveCfg = Debug|Any CPU
		{61376D2A-4AD5-48F4-BF99-2BB630E21945}.Debug|Any CPU.Build.0 = Debug|Any CPU
		{61376D2A-4AD5-48F4-BF99-2BB630E21945}.Debug|arm64.ActiveCfg = Debug|Any CPU
		{61376D2A-4AD5-48F4-BF99-2BB630E21945}.Debug|arm64.Build.0 = Debug|Any CPU
		{61376D2A-4AD5-48F4-BF99-2BB630E21945}.Debug|x64.ActiveCfg = Debug|Any CPU
		{61376D2A-4AD5-48F4-BF99-2BB630E21945}.Debug|x64.Build.0 = Debug|Any CPU
		{61376D2A-4AD5-48F4-BF99-2BB630E21945}.Debug|x86.ActiveCfg = Debug|Any CPU
		{61376D2A-4AD5-48F4-BF99-2BB630E21945}.Debug|x86.Build.0 = Debug|Any CPU
		{61376D2A-4AD5-48F4-BF99-2BB630E21945}.Release|Any CPU.ActiveCfg = Release|Any CPU
		{61376D2A-4AD5-48F4-BF99-2BB630E21945}.Release|Any CPU.Build.0 = Release|Any CPU
		{61376D2A-4AD5-48F4-BF99-2BB630E21945}.Release|arm64.ActiveCfg = Release|Any CPU
		{61376D2A-4AD5-48F4-BF99-2BB630E21945}.Release|arm64.Build.0 = Release|Any CPU
		{61376D2A-4AD5-48F4-BF99-2BB630E21945}.Release|x64.ActiveCfg = Release|Any CPU
		{61376D2A-4AD5-48F4-BF99-2BB630E21945}.Release|x64.Build.0 = Release|Any CPU
		{61376D2A-4AD5-48F4-BF99-2BB630E21945}.Release|x86.ActiveCfg = Release|Any CPU
		{61376D2A-4AD5-48F4-BF99-2BB630E21945}.Release|x86.Build.0 = Release|Any CPU
		{522EBAB3-E4D2-45F3-ACBD-B25FC457BF78}.Debug|Any CPU.ActiveCfg = Debug|Any CPU
		{522EBAB3-E4D2-45F3-ACBD-B25FC457BF78}.Debug|Any CPU.Build.0 = Debug|Any CPU
		{522EBAB3-E4D2-45F3-ACBD-B25FC457BF78}.Debug|arm64.ActiveCfg = Debug|Any CPU
		{522EBAB3-E4D2-45F3-ACBD-B25FC457BF78}.Debug|arm64.Build.0 = Debug|Any CPU
		{522EBAB3-E4D2-45F3-ACBD-B25FC457BF78}.Debug|x64.ActiveCfg = Debug|Any CPU
		{522EBAB3-E4D2-45F3-ACBD-B25FC457BF78}.Debug|x64.Build.0 = Debug|Any CPU
		{522EBAB3-E4D2-45F3-ACBD-B25FC457BF78}.Debug|x86.ActiveCfg = Debug|Any CPU
		{522EBAB3-E4D2-45F3-ACBD-B25FC457BF78}.Debug|x86.Build.0 = Debug|Any CPU
		{522EBAB3-E4D2-45F3-ACBD-B25FC457BF78}.Release|Any CPU.ActiveCfg = Release|Any CPU
		{522EBAB3-E4D2-45F3-ACBD-B25FC457BF78}.Release|Any CPU.Build.0 = Release|Any CPU
		{522EBAB3-E4D2-45F3-ACBD-B25FC457BF78}.Release|arm64.ActiveCfg = Release|Any CPU
		{522EBAB3-E4D2-45F3-ACBD-B25FC457BF78}.Release|arm64.Build.0 = Release|Any CPU
		{522EBAB3-E4D2-45F3-ACBD-B25FC457BF78}.Release|x64.ActiveCfg = Release|Any CPU
		{522EBAB3-E4D2-45F3-ACBD-B25FC457BF78}.Release|x64.Build.0 = Release|Any CPU
		{522EBAB3-E4D2-45F3-ACBD-B25FC457BF78}.Release|x86.ActiveCfg = Release|Any CPU
		{522EBAB3-E4D2-45F3-ACBD-B25FC457BF78}.Release|x86.Build.0 = Release|Any CPU
		{55F3174F-C1FE-4C8F-AF71-2512630088F8}.Debug|Any CPU.ActiveCfg = Debug|Any CPU
		{55F3174F-C1FE-4C8F-AF71-2512630088F8}.Debug|Any CPU.Build.0 = Debug|Any CPU
		{55F3174F-C1FE-4C8F-AF71-2512630088F8}.Debug|arm64.ActiveCfg = Debug|Any CPU
		{55F3174F-C1FE-4C8F-AF71-2512630088F8}.Debug|arm64.Build.0 = Debug|Any CPU
		{55F3174F-C1FE-4C8F-AF71-2512630088F8}.Debug|x64.ActiveCfg = Debug|Any CPU
		{55F3174F-C1FE-4C8F-AF71-2512630088F8}.Debug|x64.Build.0 = Debug|Any CPU
		{55F3174F-C1FE-4C8F-AF71-2512630088F8}.Debug|x86.ActiveCfg = Debug|Any CPU
		{55F3174F-C1FE-4C8F-AF71-2512630088F8}.Debug|x86.Build.0 = Debug|Any CPU
		{55F3174F-C1FE-4C8F-AF71-2512630088F8}.Release|Any CPU.ActiveCfg = Release|Any CPU
		{55F3174F-C1FE-4C8F-AF71-2512630088F8}.Release|Any CPU.Build.0 = Release|Any CPU
		{55F3174F-C1FE-4C8F-AF71-2512630088F8}.Release|arm64.ActiveCfg = Release|Any CPU
		{55F3174F-C1FE-4C8F-AF71-2512630088F8}.Release|arm64.Build.0 = Release|Any CPU
		{55F3174F-C1FE-4C8F-AF71-2512630088F8}.Release|x64.ActiveCfg = Release|Any CPU
		{55F3174F-C1FE-4C8F-AF71-2512630088F8}.Release|x64.Build.0 = Release|Any CPU
		{55F3174F-C1FE-4C8F-AF71-2512630088F8}.Release|x86.ActiveCfg = Release|Any CPU
		{55F3174F-C1FE-4C8F-AF71-2512630088F8}.Release|x86.Build.0 = Release|Any CPU
		{CFBCC732-C988-4FE7-A21B-98A142365374}.Debug|Any CPU.ActiveCfg = Debug|Any CPU
		{CFBCC732-C988-4FE7-A21B-98A142365374}.Debug|Any CPU.Build.0 = Debug|Any CPU
		{CFBCC732-C988-4FE7-A21B-98A142365374}.Debug|arm64.ActiveCfg = Debug|Any CPU
		{CFBCC732-C988-4FE7-A21B-98A142365374}.Debug|arm64.Build.0 = Debug|Any CPU
		{CFBCC732-C988-4FE7-A21B-98A142365374}.Debug|x64.ActiveCfg = Debug|Any CPU
		{CFBCC732-C988-4FE7-A21B-98A142365374}.Debug|x64.Build.0 = Debug|Any CPU
		{CFBCC732-C988-4FE7-A21B-98A142365374}.Debug|x86.ActiveCfg = Debug|Any CPU
		{CFBCC732-C988-4FE7-A21B-98A142365374}.Debug|x86.Build.0 = Debug|Any CPU
		{CFBCC732-C988-4FE7-A21B-98A142365374}.Release|Any CPU.ActiveCfg = Release|Any CPU
		{CFBCC732-C988-4FE7-A21B-98A142365374}.Release|Any CPU.Build.0 = Release|Any CPU
		{CFBCC732-C988-4FE7-A21B-98A142365374}.Release|arm64.ActiveCfg = Release|Any CPU
		{CFBCC732-C988-4FE7-A21B-98A142365374}.Release|arm64.Build.0 = Release|Any CPU
		{CFBCC732-C988-4FE7-A21B-98A142365374}.Release|x64.ActiveCfg = Release|Any CPU
		{CFBCC732-C988-4FE7-A21B-98A142365374}.Release|x64.Build.0 = Release|Any CPU
		{CFBCC732-C988-4FE7-A21B-98A142365374}.Release|x86.ActiveCfg = Release|Any CPU
		{CFBCC732-C988-4FE7-A21B-98A142365374}.Release|x86.Build.0 = Release|Any CPU
		{57EC5288-9513-46CF-8FB7-626199690D90}.Debug|Any CPU.ActiveCfg = Debug|Any CPU
		{57EC5288-9513-46CF-8FB7-626199690D90}.Debug|Any CPU.Build.0 = Debug|Any CPU
		{57EC5288-9513-46CF-8FB7-626199690D90}.Debug|arm64.ActiveCfg = Debug|Any CPU
		{57EC5288-9513-46CF-8FB7-626199690D90}.Debug|arm64.Build.0 = Debug|Any CPU
		{57EC5288-9513-46CF-8FB7-626199690D90}.Debug|x64.ActiveCfg = Debug|Any CPU
		{57EC5288-9513-46CF-8FB7-626199690D90}.Debug|x64.Build.0 = Debug|Any CPU
		{57EC5288-9513-46CF-8FB7-626199690D90}.Debug|x86.ActiveCfg = Debug|Any CPU
		{57EC5288-9513-46CF-8FB7-626199690D90}.Debug|x86.Build.0 = Debug|Any CPU
		{57EC5288-9513-46CF-8FB7-626199690D90}.Release|Any CPU.ActiveCfg = Release|Any CPU
		{57EC5288-9513-46CF-8FB7-626199690D90}.Release|Any CPU.Build.0 = Release|Any CPU
		{57EC5288-9513-46CF-8FB7-626199690D90}.Release|arm64.ActiveCfg = Release|Any CPU
		{57EC5288-9513-46CF-8FB7-626199690D90}.Release|arm64.Build.0 = Release|Any CPU
		{57EC5288-9513-46CF-8FB7-626199690D90}.Release|x64.ActiveCfg = Release|Any CPU
		{57EC5288-9513-46CF-8FB7-626199690D90}.Release|x64.Build.0 = Release|Any CPU
		{57EC5288-9513-46CF-8FB7-626199690D90}.Release|x86.ActiveCfg = Release|Any CPU
		{57EC5288-9513-46CF-8FB7-626199690D90}.Release|x86.Build.0 = Release|Any CPU
		{FF211812-FCCC-4B6B-B536-C4D754195750}.Debug|Any CPU.ActiveCfg = Debug|Any CPU
		{FF211812-FCCC-4B6B-B536-C4D754195750}.Debug|Any CPU.Build.0 = Debug|Any CPU
		{FF211812-FCCC-4B6B-B536-C4D754195750}.Debug|arm64.ActiveCfg = Debug|Any CPU
		{FF211812-FCCC-4B6B-B536-C4D754195750}.Debug|arm64.Build.0 = Debug|Any CPU
		{FF211812-FCCC-4B6B-B536-C4D754195750}.Debug|x64.ActiveCfg = Debug|Any CPU
		{FF211812-FCCC-4B6B-B536-C4D754195750}.Debug|x64.Build.0 = Debug|Any CPU
		{FF211812-FCCC-4B6B-B536-C4D754195750}.Debug|x86.ActiveCfg = Debug|Any CPU
		{FF211812-FCCC-4B6B-B536-C4D754195750}.Debug|x86.Build.0 = Debug|Any CPU
		{FF211812-FCCC-4B6B-B536-C4D754195750}.Release|Any CPU.ActiveCfg = Release|Any CPU
		{FF211812-FCCC-4B6B-B536-C4D754195750}.Release|Any CPU.Build.0 = Release|Any CPU
		{FF211812-FCCC-4B6B-B536-C4D754195750}.Release|arm64.ActiveCfg = Release|Any CPU
		{FF211812-FCCC-4B6B-B536-C4D754195750}.Release|arm64.Build.0 = Release|Any CPU
		{FF211812-FCCC-4B6B-B536-C4D754195750}.Release|x64.ActiveCfg = Release|Any CPU
		{FF211812-FCCC-4B6B-B536-C4D754195750}.Release|x64.Build.0 = Release|Any CPU
		{FF211812-FCCC-4B6B-B536-C4D754195750}.Release|x86.ActiveCfg = Release|Any CPU
		{FF211812-FCCC-4B6B-B536-C4D754195750}.Release|x86.Build.0 = Release|Any CPU
		{1F836B14-D13D-42E0-BEAF-A821DD75DE49}.Debug|Any CPU.ActiveCfg = Debug|Any CPU
		{1F836B14-D13D-42E0-BEAF-A821DD75DE49}.Debug|Any CPU.Build.0 = Debug|Any CPU
		{1F836B14-D13D-42E0-BEAF-A821DD75DE49}.Debug|arm64.ActiveCfg = Debug|Any CPU
		{1F836B14-D13D-42E0-BEAF-A821DD75DE49}.Debug|arm64.Build.0 = Debug|Any CPU
		{1F836B14-D13D-42E0-BEAF-A821DD75DE49}.Debug|x64.ActiveCfg = Debug|Any CPU
		{1F836B14-D13D-42E0-BEAF-A821DD75DE49}.Debug|x64.Build.0 = Debug|Any CPU
		{1F836B14-D13D-42E0-BEAF-A821DD75DE49}.Debug|x86.ActiveCfg = Debug|Any CPU
		{1F836B14-D13D-42E0-BEAF-A821DD75DE49}.Debug|x86.Build.0 = Debug|Any CPU
		{1F836B14-D13D-42E0-BEAF-A821DD75DE49}.Release|Any CPU.ActiveCfg = Release|Any CPU
		{1F836B14-D13D-42E0-BEAF-A821DD75DE49}.Release|Any CPU.Build.0 = Release|Any CPU
		{1F836B14-D13D-42E0-BEAF-A821DD75DE49}.Release|arm64.ActiveCfg = Release|Any CPU
		{1F836B14-D13D-42E0-BEAF-A821DD75DE49}.Release|arm64.Build.0 = Release|Any CPU
		{1F836B14-D13D-42E0-BEAF-A821DD75DE49}.Release|x64.ActiveCfg = Release|Any CPU
		{1F836B14-D13D-42E0-BEAF-A821DD75DE49}.Release|x64.Build.0 = Release|Any CPU
		{1F836B14-D13D-42E0-BEAF-A821DD75DE49}.Release|x86.ActiveCfg = Release|Any CPU
		{1F836B14-D13D-42E0-BEAF-A821DD75DE49}.Release|x86.Build.0 = Release|Any CPU
		{C4C031D5-F79A-44B6-811E-0797E7D5C1C1}.Debug|Any CPU.ActiveCfg = Debug|Any CPU
		{C4C031D5-F79A-44B6-811E-0797E7D5C1C1}.Debug|Any CPU.Build.0 = Debug|Any CPU
		{C4C031D5-F79A-44B6-811E-0797E7D5C1C1}.Debug|arm64.ActiveCfg = Debug|Any CPU
		{C4C031D5-F79A-44B6-811E-0797E7D5C1C1}.Debug|arm64.Build.0 = Debug|Any CPU
		{C4C031D5-F79A-44B6-811E-0797E7D5C1C1}.Debug|x64.ActiveCfg = Debug|Any CPU
		{C4C031D5-F79A-44B6-811E-0797E7D5C1C1}.Debug|x64.Build.0 = Debug|Any CPU
		{C4C031D5-F79A-44B6-811E-0797E7D5C1C1}.Debug|x86.ActiveCfg = Debug|Any CPU
		{C4C031D5-F79A-44B6-811E-0797E7D5C1C1}.Debug|x86.Build.0 = Debug|Any CPU
		{C4C031D5-F79A-44B6-811E-0797E7D5C1C1}.Release|Any CPU.ActiveCfg = Release|Any CPU
		{C4C031D5-F79A-44B6-811E-0797E7D5C1C1}.Release|Any CPU.Build.0 = Release|Any CPU
		{C4C031D5-F79A-44B6-811E-0797E7D5C1C1}.Release|arm64.ActiveCfg = Release|Any CPU
		{C4C031D5-F79A-44B6-811E-0797E7D5C1C1}.Release|arm64.Build.0 = Release|Any CPU
		{C4C031D5-F79A-44B6-811E-0797E7D5C1C1}.Release|x64.ActiveCfg = Release|Any CPU
		{C4C031D5-F79A-44B6-811E-0797E7D5C1C1}.Release|x64.Build.0 = Release|Any CPU
		{C4C031D5-F79A-44B6-811E-0797E7D5C1C1}.Release|x86.ActiveCfg = Release|Any CPU
		{C4C031D5-F79A-44B6-811E-0797E7D5C1C1}.Release|x86.Build.0 = Release|Any CPU
		{0FD53580-3175-4F8F-8372-BE46C9122EE0}.Debug|Any CPU.ActiveCfg = Debug|Any CPU
		{0FD53580-3175-4F8F-8372-BE46C9122EE0}.Debug|Any CPU.Build.0 = Debug|Any CPU
		{0FD53580-3175-4F8F-8372-BE46C9122EE0}.Debug|arm64.ActiveCfg = Debug|Any CPU
		{0FD53580-3175-4F8F-8372-BE46C9122EE0}.Debug|arm64.Build.0 = Debug|Any CPU
		{0FD53580-3175-4F8F-8372-BE46C9122EE0}.Debug|x64.ActiveCfg = Debug|Any CPU
		{0FD53580-3175-4F8F-8372-BE46C9122EE0}.Debug|x64.Build.0 = Debug|Any CPU
		{0FD53580-3175-4F8F-8372-BE46C9122EE0}.Debug|x86.ActiveCfg = Debug|Any CPU
		{0FD53580-3175-4F8F-8372-BE46C9122EE0}.Debug|x86.Build.0 = Debug|Any CPU
		{0FD53580-3175-4F8F-8372-BE46C9122EE0}.Release|Any CPU.ActiveCfg = Release|Any CPU
		{0FD53580-3175-4F8F-8372-BE46C9122EE0}.Release|Any CPU.Build.0 = Release|Any CPU
		{0FD53580-3175-4F8F-8372-BE46C9122EE0}.Release|arm64.ActiveCfg = Release|Any CPU
		{0FD53580-3175-4F8F-8372-BE46C9122EE0}.Release|arm64.Build.0 = Release|Any CPU
		{0FD53580-3175-4F8F-8372-BE46C9122EE0}.Release|x64.ActiveCfg = Release|Any CPU
		{0FD53580-3175-4F8F-8372-BE46C9122EE0}.Release|x64.Build.0 = Release|Any CPU
		{0FD53580-3175-4F8F-8372-BE46C9122EE0}.Release|x86.ActiveCfg = Release|Any CPU
		{0FD53580-3175-4F8F-8372-BE46C9122EE0}.Release|x86.Build.0 = Release|Any CPU
		{B653C860-9B52-4597-9921-24DA79A4E6B1}.Debug|Any CPU.ActiveCfg = Debug|Any CPU
		{B653C860-9B52-4597-9921-24DA79A4E6B1}.Debug|Any CPU.Build.0 = Debug|Any CPU
		{B653C860-9B52-4597-9921-24DA79A4E6B1}.Debug|arm64.ActiveCfg = Debug|Any CPU
		{B653C860-9B52-4597-9921-24DA79A4E6B1}.Debug|arm64.Build.0 = Debug|Any CPU
		{B653C860-9B52-4597-9921-24DA79A4E6B1}.Debug|x64.ActiveCfg = Debug|Any CPU
		{B653C860-9B52-4597-9921-24DA79A4E6B1}.Debug|x64.Build.0 = Debug|Any CPU
		{B653C860-9B52-4597-9921-24DA79A4E6B1}.Debug|x86.ActiveCfg = Debug|Any CPU
		{B653C860-9B52-4597-9921-24DA79A4E6B1}.Debug|x86.Build.0 = Debug|Any CPU
		{B653C860-9B52-4597-9921-24DA79A4E6B1}.Release|Any CPU.ActiveCfg = Release|Any CPU
		{B653C860-9B52-4597-9921-24DA79A4E6B1}.Release|Any CPU.Build.0 = Release|Any CPU
		{B653C860-9B52-4597-9921-24DA79A4E6B1}.Release|arm64.ActiveCfg = Release|Any CPU
		{B653C860-9B52-4597-9921-24DA79A4E6B1}.Release|arm64.Build.0 = Release|Any CPU
		{B653C860-9B52-4597-9921-24DA79A4E6B1}.Release|x64.ActiveCfg = Release|Any CPU
		{B653C860-9B52-4597-9921-24DA79A4E6B1}.Release|x64.Build.0 = Release|Any CPU
		{B653C860-9B52-4597-9921-24DA79A4E6B1}.Release|x86.ActiveCfg = Release|Any CPU
		{B653C860-9B52-4597-9921-24DA79A4E6B1}.Release|x86.Build.0 = Release|Any CPU
		{442C867C-51C0-8CE5-F067-DF065008E3DA}.Debug|Any CPU.ActiveCfg = Debug|Any CPU
		{442C867C-51C0-8CE5-F067-DF065008E3DA}.Debug|Any CPU.Build.0 = Debug|Any CPU
		{442C867C-51C0-8CE5-F067-DF065008E3DA}.Debug|arm64.ActiveCfg = Debug|Any CPU
		{442C867C-51C0-8CE5-F067-DF065008E3DA}.Debug|arm64.Build.0 = Debug|Any CPU
		{442C867C-51C0-8CE5-F067-DF065008E3DA}.Debug|x64.ActiveCfg = Debug|Any CPU
		{442C867C-51C0-8CE5-F067-DF065008E3DA}.Debug|x64.Build.0 = Debug|Any CPU
		{442C867C-51C0-8CE5-F067-DF065008E3DA}.Debug|x86.ActiveCfg = Debug|Any CPU
		{442C867C-51C0-8CE5-F067-DF065008E3DA}.Debug|x86.Build.0 = Debug|Any CPU
		{442C867C-51C0-8CE5-F067-DF065008E3DA}.Release|Any CPU.ActiveCfg = Release|Any CPU
		{442C867C-51C0-8CE5-F067-DF065008E3DA}.Release|Any CPU.Build.0 = Release|Any CPU
		{442C867C-51C0-8CE5-F067-DF065008E3DA}.Release|arm64.ActiveCfg = Release|Any CPU
		{442C867C-51C0-8CE5-F067-DF065008E3DA}.Release|arm64.Build.0 = Release|Any CPU
		{442C867C-51C0-8CE5-F067-DF065008E3DA}.Release|x64.ActiveCfg = Release|Any CPU
		{442C867C-51C0-8CE5-F067-DF065008E3DA}.Release|x64.Build.0 = Release|Any CPU
		{442C867C-51C0-8CE5-F067-DF065008E3DA}.Release|x86.ActiveCfg = Release|Any CPU
		{442C867C-51C0-8CE5-F067-DF065008E3DA}.Release|x86.Build.0 = Release|Any CPU
	EndGlobalSection
	GlobalSection(SolutionProperties) = preSolution
		HideSolutionNode = FALSE
	EndGlobalSection
	GlobalSection(NestedProjects) = preSolution
		{657472B8-FDA3-49DF-B8BE-0246046A4348} = {680FB14C-7B0C-4D63-9F1A-18ACCDB0F52A}
		{0D23A41B-2626-4703-9E4A-87C07F69B0B2} = {77FEDB47-F7F6-490D-AF7C-ABB4A9E0B9D7}
		{AB38E262-F206-4820-8F29-23C5F72A4A16} = {583F1292-AE8D-4511-B8D8-A81FE4642DDC}
		{F977CA8C-FBF9-4D82-80BA-FE5B2F33486E} = {583F1292-AE8D-4511-B8D8-A81FE4642DDC}
		{61D06BBD-B0CF-4CE1-9139-1CC4B82F0F9B} = {77FEDB47-F7F6-490D-AF7C-ABB4A9E0B9D7}
		{A2B1148A-1747-47BD-8048-416C2C2AF14C} = {434C00C3-E498-4BA7-9764-9F0FC8CFE457}
		{9BEC2806-D8E0-443B-8B58-9D344E0C2D24} = {434C00C3-E498-4BA7-9764-9F0FC8CFE457}
		{F133342A-3040-4005-A2F0-7685AA7CB82D} = {989F376E-AE19-43B0-A3E6-96A7E22B4E80}
		{36A5139E-3E9C-42BD-95EE-818153A487DB} = {989F376E-AE19-43B0-A3E6-96A7E22B4E80}
		{583F1292-AE8D-4511-B8D8-A81FE4642DDC} = {DF68A171-D27B-4E6A-8A7E-63A651622355}
		{680FB14C-7B0C-4D63-9F1A-18ACCDB0F52A} = {DF68A171-D27B-4E6A-8A7E-63A651622355}
		{F1B0790A-1A40-4487-A607-36D21D827E44} = {434C00C3-E498-4BA7-9764-9F0FC8CFE457}
		{351D8601-6E21-45E8-B3B9-847C4540BD4E} = {088DD24C-DF6B-45F3-A8BC-592580A4B2A9}
		{6103E743-057D-41C6-946C-23A751A08748} = {088DD24C-DF6B-45F3-A8BC-592580A4B2A9}
		{088DD24C-DF6B-45F3-A8BC-592580A4B2A9} = {77FEDB47-F7F6-490D-AF7C-ABB4A9E0B9D7}
		{48979B4E-EAEC-4B41-BB49-44CA230BECAB} = {680FB14C-7B0C-4D63-9F1A-18ACCDB0F52A}
		{D390F7D2-1E11-4DEE-B7F1-4FD0681A81F0} = {DF68A171-D27B-4E6A-8A7E-63A651622355}
		{55E34830-B375-41FF-AFCA-F53B80A4D152} = {77FEDB47-F7F6-490D-AF7C-ABB4A9E0B9D7}
		{D8598EC8-D64B-4BE7-A4DC-5D5CED6A3938} = {583F1292-AE8D-4511-B8D8-A81FE4642DDC}
		{A756D568-AC89-4577-A9B2-E147784AB728} = {77FEDB47-F7F6-490D-AF7C-ABB4A9E0B9D7}
		{1C6F6ADA-97B1-4EB9-934D-0071BB618729} = {680FB14C-7B0C-4D63-9F1A-18ACCDB0F52A}
		{EC7608D1-1857-432E-930F-0F89B98979FB} = {680FB14C-7B0C-4D63-9F1A-18ACCDB0F52A}
		{90B27178-F535-43F7-886E-0AB75203F246} = {77FEDB47-F7F6-490D-AF7C-ABB4A9E0B9D7}
		{9BFDE7F2-C8F3-40D6-9A16-8DCD1A37E900} = {583F1292-AE8D-4511-B8D8-A81FE4642DDC}
		{E0681991-228A-420E-85D5-A9E796F0AAE0} = {434C00C3-E498-4BA7-9764-9F0FC8CFE457}
		{73B0857A-966B-4E7D-8A83-FECFE0281AB9} = {DF68A171-D27B-4E6A-8A7E-63A651622355}
		{86418F0B-39DC-4B5A-8145-6D607E6150AC} = {DF68A171-D27B-4E6A-8A7E-63A651622355}
		{C272DA06-B98D-4BB7-B1C4-ECF58F54B224} = {A31B1F6F-4880-45DE-9845-EE3EF67C2FCC}
		{3BB220A9-7BC9-4D45-9DC7-B5A1D659B478} = {77FEDB47-F7F6-490D-AF7C-ABB4A9E0B9D7}
		{1976540D-65A6-45D7-95D2-13106DE6D5BB} = {583F1292-AE8D-4511-B8D8-A81FE4642DDC}
		{6EE57002-9965-46E7-A48B-B449969738BB} = {583F1292-AE8D-4511-B8D8-A81FE4642DDC}
		{A31B1F6F-4880-45DE-9845-EE3EF67C2FCC} = {DF68A171-D27B-4E6A-8A7E-63A651622355}
		{43E46506-7DF8-4E7A-A579-996CA43041EB} = {680FB14C-7B0C-4D63-9F1A-18ACCDB0F52A}
		{93310A19-DDCA-4BCD-AEDE-5C5D788DAFB4} = {43E46506-7DF8-4E7A-A579-996CA43041EB}
		{E96C74BA-9F74-4289-BF72-45CAD472D3D2} = {43E46506-7DF8-4E7A-A579-996CA43041EB}
		{FC75CB54-D8D0-4B41-9A4D-9F862F34A02D} = {583F1292-AE8D-4511-B8D8-A81FE4642DDC}
		{05FD23CE-60AE-44A8-8DD6-1688F04BE385} = {DF68A171-D27B-4E6A-8A7E-63A651622355}
		{3596BDE6-B211-4BE7-810D-DC7A4315E296} = {E4C6C5F5-46E9-4C63-9628-26752B4D9C11}
		{E742382E-5D34-481D-A3FC-7B6B9C5033E2} = {D3AD0BF9-F5E2-4913-9AE3-9C4998F95EA1}
		{E4C6C5F5-46E9-4C63-9628-26752B4D9C11} = {77FEDB47-F7F6-490D-AF7C-ABB4A9E0B9D7}
		{D3AD0BF9-F5E2-4913-9AE3-9C4998F95EA1} = {DF68A171-D27B-4E6A-8A7E-63A651622355}
		{5025D7FF-EB6D-4250-B9C5-887ADFBBD952} = {E4C6C5F5-46E9-4C63-9628-26752B4D9C11}
		{714EC82C-D4E0-4E14-9C34-4F270774D384} = {D3AD0BF9-F5E2-4913-9AE3-9C4998F95EA1}
		{B68FD1FC-EA37-40F2-BBBD-77577A0A1815} = {680FB14C-7B0C-4D63-9F1A-18ACCDB0F52A}
		{3129970B-A4EB-46AC-B163-18A5557B11BD} = {680FB14C-7B0C-4D63-9F1A-18ACCDB0F52A}
		{5A6AFB8C-0EFE-4466-BD77-0F4159151AE6} = {680FB14C-7B0C-4D63-9F1A-18ACCDB0F52A}
		{317E131C-EA24-47A4-96EE-5A66DED10501} = {D390F7D2-1E11-4DEE-B7F1-4FD0681A81F0}
		{93651A99-C9EB-4F83-8A66-DF9D21574550} = {DF68A171-D27B-4E6A-8A7E-63A651622355}
		{B3CE7FA8-21C5-4CE8-970E-8210D1D89251} = {77FEDB47-F7F6-490D-AF7C-ABB4A9E0B9D7}
		{20E7C5E8-CD56-4A1C-9CB2-B7169FD7A5B8} = {B3CE7FA8-21C5-4CE8-970E-8210D1D89251}
		{90CC3A84-1087-48A0-8FDC-3A0F6D4D3B4D} = {77FEDB47-F7F6-490D-AF7C-ABB4A9E0B9D7}
		{7650F24E-7132-42CF-ADCE-830C8DB26EE5} = {583F1292-AE8D-4511-B8D8-A81FE4642DDC}
		{BA61D5A8-29E9-41AA-A3FA-B7F0A7F9A191} = {680FB14C-7B0C-4D63-9F1A-18ACCDB0F52A}
		{61376D2A-4AD5-48F4-BF99-2BB630E21945} = {77FEDB47-F7F6-490D-AF7C-ABB4A9E0B9D7}
		{55F3174F-C1FE-4C8F-AF71-2512630088F8} = {583F1292-AE8D-4511-B8D8-A81FE4642DDC}
		{CFBCC732-C988-4FE7-A21B-98A142365374} = {680FB14C-7B0C-4D63-9F1A-18ACCDB0F52A}
		{57EC5288-9513-46CF-8FB7-626199690D90} = {583F1292-AE8D-4511-B8D8-A81FE4642DDC}
		{FF211812-FCCC-4B6B-B536-C4D754195750} = {E4C6C5F5-46E9-4C63-9628-26752B4D9C11}
		{1F836B14-D13D-42E0-BEAF-A821DD75DE49} = {E4C6C5F5-46E9-4C63-9628-26752B4D9C11}
		{C4C031D5-F79A-44B6-811E-0797E7D5C1C1} = {E4C6C5F5-46E9-4C63-9628-26752B4D9C11}
		{0FD53580-3175-4F8F-8372-BE46C9122EE0} = {D3AD0BF9-F5E2-4913-9AE3-9C4998F95EA1}
		{B653C860-9B52-4597-9921-24DA79A4E6B1} = {583F1292-AE8D-4511-B8D8-A81FE4642DDC}
		{656C66A4-59CD-4E14-8AE4-1F5BCEECB553} = {8B4B1E09-B3C7-4044-B223-94EDEC1CAA20}
		{D4D97D78-D213-45DF-B003-9C4C9F2E5E1C} = {8B4B1E09-B3C7-4044-B223-94EDEC1CAA20}
		{442C867C-51C0-8CE5-F067-DF065008E3DA} = {77FEDB47-F7F6-490D-AF7C-ABB4A9E0B9D7}
	EndGlobalSection
	GlobalSection(ExtensibilityGlobals) = postSolution
		SolutionGuid = {7B1B0433-F612-4E5A-BE7E-FCF5B9F6E136}
	EndGlobalSection
EndGlobal
