
Microsoft Visual Studio Solution File, Format Version 12.00
# Visual Studio Version 16
VisualStudioVersion = 16.0.28627.84
MinimumVisualStudioVersion = 10.0.40219.1
Project("{9A19103F-16F7-4668-BE54-9A1E7A4F7556}") = "WinformsControlsTest", "src\System.Windows.Forms\tests\IntegrationTests\WinformsControlsTest\WinformsControlsTest.csproj", "{657472B8-FDA3-49DF-B8BE-0246046A4348}"
EndProject
Project("{9A19103F-16F7-4668-BE54-9A1E7A4F7556}") = "System.Windows.Forms", "src\System.Windows.Forms\src\System.Windows.Forms.csproj", "{0D23A41B-2626-4703-9E4A-87C07F69B0B2}"
EndProject
Project("{9A19103F-16F7-4668-BE54-9A1E7A4F7556}") = "System.Windows.Forms.Tests", "src\System.Windows.Forms\tests\UnitTests\System.Windows.Forms.Tests.csproj", "{AB38E262-F206-4820-8F29-23C5F72A4A16}"
EndProject
Project("{9A19103F-16F7-4668-BE54-9A1E7A4F7556}") = "System.Windows.Forms.Design.Editors", "src\System.Windows.Forms.Design.Editors\src\System.Windows.Forms.Design.Editors.csproj", "{B50AC96F-2655-4687-A404-16DF51882CBC}"
EndProject
Project("{9A19103F-16F7-4668-BE54-9A1E7A4F7556}") = "System.Windows.Forms.Design.Editors.Tests", "src\System.Windows.Forms.Design.Editors\tests\UnitTests\System.Windows.Forms.Design.Editors.Tests.csproj", "{27F24D0C-5F0A-472E-AE12-98B386A13D50}"
EndProject
Project("{9A19103F-16F7-4668-BE54-9A1E7A4F7556}") = "System.Windows.Forms.Design.Tests", "src\System.Windows.Forms.Design\tests\UnitTests\System.Windows.Forms.Design.Tests.csproj", "{F977CA8C-FBF9-4D82-80BA-FE5B2F33486E}"
EndProject
Project("{9A19103F-16F7-4668-BE54-9A1E7A4F7556}") = "System.Windows.Forms.Design", "src\System.Windows.Forms.Design\src\System.Windows.Forms.Design.csproj", "{61D06BBD-B0CF-4CE1-9139-1CC4B82F0F9B}"
EndProject
Project("{9A19103F-16F7-4668-BE54-9A1E7A4F7556}") = "System.Drawing.Design.Facade", "src\System.Drawing.Design\src\System.Drawing.Design.Facade.csproj", "{A2B1148A-1747-47BD-8048-416C2C2AF14C}"
EndProject
Project("{9A19103F-16F7-4668-BE54-9A1E7A4F7556}") = "System.Design.Facade", "src\System.Design\src\System.Design.Facade.csproj", "{9BEC2806-D8E0-443B-8B58-9D344E0C2D24}"
EndProject
Project("{9A19103F-16F7-4668-BE54-9A1E7A4F7556}") = "Microsoft.Private.Winforms", "pkg\Microsoft.Private.Winforms\Microsoft.Private.Winforms.csproj", "{F133342A-3040-4005-A2F0-7685AA7CB82D}"
EndProject
Project("{9A19103F-16F7-4668-BE54-9A1E7A4F7556}") = "Microsoft.Dotnet.Winforms.ProjectTemplates", "pkg\Microsoft.Dotnet.WinForms.ProjectTemplates\Microsoft.Dotnet.Winforms.ProjectTemplates.csproj", "{36A5139E-3E9C-42BD-95EE-818153A487DB}"
EndProject
Project("{2150E333-8FDC-42A3-9474-1A3956D46DE8}") = "pkg", "pkg", "{989F376E-AE19-43B0-A3E6-96A7E22B4E80}"
EndProject
Project("{2150E333-8FDC-42A3-9474-1A3956D46DE8}") = "src", "src", "{77FEDB47-F7F6-490D-AF7C-ABB4A9E0B9D7}"
EndProject
Project("{2150E333-8FDC-42A3-9474-1A3956D46DE8}") = "tests", "tests", "{DF68A171-D27B-4E6A-8A7E-63A651622355}"
EndProject
Project("{2150E333-8FDC-42A3-9474-1A3956D46DE8}") = "facade", "facade", "{434C00C3-E498-4BA7-9764-9F0FC8CFE457}"
EndProject
Project("{2150E333-8FDC-42A3-9474-1A3956D46DE8}") = "unit", "unit", "{583F1292-AE8D-4511-B8D8-A81FE4642DDC}"
EndProject
Project("{2150E333-8FDC-42A3-9474-1A3956D46DE8}") = "integration", "integration", "{680FB14C-7B0C-4D63-9F1A-18ACCDB0F52A}"
EndProject
Project("{9A19103F-16F7-4668-BE54-9A1E7A4F7556}") = "System.Windows.Forms.IntegrationTests", "src\System.Windows.Forms\tests\IntegrationTests\System.Windows.Forms.IntegrationTests\System.Windows.Forms.IntegrationTests.csproj", "{238195CE-7CCE-4469-ACD8-EA00E88D947A}"
EndProject
Project("{9A19103F-16F7-4668-BE54-9A1E7A4F7556}") = "System.Drawing.Facade", "src\System.Drawing\src\System.Drawing.Facade.csproj", "{F1B0790A-1A40-4487-A607-36D21D827E44}"
EndProject
Project("{9A19103F-16F7-4668-BE54-9A1E7A4F7556}") = "InternalUtilitiesForTests", "src\Common\tests\InternalUtilitiesForTests\InternalUtilitiesForTests.csproj", "{3603561D-907D-494B-9E3C-29D7001018F6}"
EndProject
Project("{9A19103F-16F7-4668-BE54-9A1E7A4F7556}") = "Accessibility", "src\Accessibility\src\Accessibility.ilproj", "{351D8601-6E21-45E8-B3B9-847C4540BD4E}"
EndProject
Project("{9A19103F-16F7-4668-BE54-9A1E7A4F7556}") = "Accessibility-version", "src\Accessibility\ver\Accessibility-version.csproj", "{6103E743-057D-41C6-946C-23A751A08748}"
EndProject
Project("{2150E333-8FDC-42A3-9474-1A3956D46DE8}") = "Accessibility", "Accessibility", "{088DD24C-DF6B-45F3-A8BC-592580A4B2A9}"
	ProjectSection(SolutionItems) = preProject
		src\Accessibility\readme.md = src\Accessibility\readme.md
	EndProjectSection
EndProject
Project("{2150E333-8FDC-42A3-9474-1A3956D46DE8}") = "maui", "maui", "{8F20A905-BD37-4D80-B8DF-FA45276FC23F}"
EndProject
Project("{9A19103F-16F7-4668-BE54-9A1E7A4F7556}") = "MauiButtonTests", "src\System.Windows.Forms\tests\IntegrationTests\MauiTests\MauiButtonTests\MauiButtonTests.csproj", "{8AB0265C-B32D-444E-BFCB-8902FE45143A}"
EndProject
Project("{9A19103F-16F7-4668-BE54-9A1E7A4F7556}") = "System.Windows.Forms.Maui.IntegrationTests", "src\System.Windows.Forms\tests\IntegrationTests\System.Windows.Forms.Maui.IntegrationTests\System.Windows.Forms.Maui.IntegrationTests.csproj", "{87CF8481-647B-4951-8A57-468B2F0CD84B}"
	ProjectSection(ProjectDependencies) = postProject
		{8AB0265C-B32D-444E-BFCB-8902FE45143A} = {8AB0265C-B32D-444E-BFCB-8902FE45143A}
	EndProjectSection
EndProject
Project("{FAE04EC0-301F-11D3-BF4B-00C04F79EFBC}") = "WinFormsControlsClassicTests", "src\System.Windows.Forms\tests\IntegrationTests\WinFormsControlsClassicTests\WinFormsControlsClassicTests.csproj", "{840B70B2-4F4B-4FF0-A26F-185789625C78}"
EndProject
Project("{9A19103F-16F7-4668-BE54-9A1E7A4F7556}") = "System.Windows.Forms.IntegrationTests.Common", "src\System.Windows.Forms\tests\IntegrationTests\System.Windows.Forms.IntegrationTests.Common\System.Windows.Forms.IntegrationTests.Common.csproj", "{48979B4E-EAEC-4B41-BB49-44CA230BECAB}"
EndProject
Project("{9A19103F-16F7-4668-BE54-9A1E7A4F7556}") = "MauiComboBoxTests", "src\System.Windows.Forms\tests\IntegrationTests\MauiTests\MauiComboBoxTests\MauiComboBoxTests.csproj", "{AF320975-3529-48A7-B4C9-67BCE1E1B9BE}"
EndProject
Project("{2150E333-8FDC-42A3-9474-1A3956D46DE8}") = "build", "build", "{462AD69A-9395-4E98-882D-569CDE562559}"
	ProjectSection(SolutionItems) = preProject
		azure-pipelines.yml = azure-pipelines.yml
		build-local.ps1 = build-local.ps1
		build.cmd = build.cmd
		eng\ci.yml = eng\ci.yml
		eng\CIBuild.cmd = eng\CIBuild.cmd
		eng\CodeCoverage.proj = eng\CodeCoverage.proj
		Directory.Build.props = Directory.Build.props
		Directory.Build.targets = Directory.Build.targets
		eng\FacadeAssemblies.props = eng\FacadeAssemblies.props
		global.json = global.json
		NuGet.Config = NuGet.Config
		eng\Version.Details.xml = eng\Version.Details.xml
		eng\versioning.targets = eng\versioning.targets
		eng\Versions.props = eng\Versions.props
	EndProjectSection
EndProject
Project("{2150E333-8FDC-42A3-9474-1A3956D46DE8}") = "documentation", "documentation", "{C029199F-7D5C-417C-AA52-913A214E3285}"
	ProjectSection(SolutionItems) = preProject
		Documentation\building.md = Documentation\building.md
		CODE_OF_CONDUCT.md = CODE_OF_CONDUCT.md
		Documentation\contributing.md = Documentation\contributing.md
		Documentation\debugging.md = Documentation\debugging.md
		Documentation\developer-guide.md = Documentation\developer-guide.md
		Documentation\getting-started.md = Documentation\getting-started.md
		Documentation\intellisense.md = Documentation\intellisense.md
		Documentation\issue-guide.md = Documentation\issue-guide.md
		Documentation\porting-guidelines.md = Documentation\porting-guidelines.md
		README.md = README.md
		roadmap.md = roadmap.md
		Documentation\testing.md = Documentation\testing.md
		THIRD-PARTY-NOTICES.TXT = THIRD-PARTY-NOTICES.TXT
		Documentation\winforms-designer.md = Documentation\winforms-designer.md
	EndProjectSection
EndProject
Project("{2150E333-8FDC-42A3-9474-1A3956D46DE8}") = "accessibility", "accessibility", "{D390F7D2-1E11-4DEE-B7F1-4FD0681A81F0}"
EndProject
Project("{9A19103F-16F7-4668-BE54-9A1E7A4F7556}") = "AccessibilityTests", "src\System.Windows.Forms\tests\AccessibilityTests\AccessibilityTests.csproj", "{A9F13504-5560-4CC7-80A2-11E23E5852E1}"
EndProject
Global
	GlobalSection(SolutionConfigurationPlatforms) = preSolution
		Debug|Any CPU = Debug|Any CPU
		Release|Any CPU = Release|Any CPU
	EndGlobalSection
	GlobalSection(ProjectConfigurationPlatforms) = postSolution
		{657472B8-FDA3-49DF-B8BE-0246046A4348}.Debug|Any CPU.ActiveCfg = Debug|Any CPU
		{657472B8-FDA3-49DF-B8BE-0246046A4348}.Debug|Any CPU.Build.0 = Debug|Any CPU
		{657472B8-FDA3-49DF-B8BE-0246046A4348}.Release|Any CPU.ActiveCfg = Release|Any CPU
		{657472B8-FDA3-49DF-B8BE-0246046A4348}.Release|Any CPU.Build.0 = Release|Any CPU
		{0D23A41B-2626-4703-9E4A-87C07F69B0B2}.Debug|Any CPU.ActiveCfg = Debug|Any CPU
		{0D23A41B-2626-4703-9E4A-87C07F69B0B2}.Debug|Any CPU.Build.0 = Debug|Any CPU
		{0D23A41B-2626-4703-9E4A-87C07F69B0B2}.Release|Any CPU.ActiveCfg = Release|Any CPU
		{0D23A41B-2626-4703-9E4A-87C07F69B0B2}.Release|Any CPU.Build.0 = Release|Any CPU
		{AB38E262-F206-4820-8F29-23C5F72A4A16}.Debug|Any CPU.ActiveCfg = Debug|Any CPU
		{AB38E262-F206-4820-8F29-23C5F72A4A16}.Debug|Any CPU.Build.0 = Debug|Any CPU
		{AB38E262-F206-4820-8F29-23C5F72A4A16}.Release|Any CPU.ActiveCfg = Release|Any CPU
		{AB38E262-F206-4820-8F29-23C5F72A4A16}.Release|Any CPU.Build.0 = Release|Any CPU
		{B50AC96F-2655-4687-A404-16DF51882CBC}.Debug|Any CPU.ActiveCfg = Debug|Any CPU
		{B50AC96F-2655-4687-A404-16DF51882CBC}.Debug|Any CPU.Build.0 = Debug|Any CPU
		{B50AC96F-2655-4687-A404-16DF51882CBC}.Release|Any CPU.ActiveCfg = Release|Any CPU
		{B50AC96F-2655-4687-A404-16DF51882CBC}.Release|Any CPU.Build.0 = Release|Any CPU
		{27F24D0C-5F0A-472E-AE12-98B386A13D50}.Debug|Any CPU.ActiveCfg = Debug|Any CPU
		{27F24D0C-5F0A-472E-AE12-98B386A13D50}.Debug|Any CPU.Build.0 = Debug|Any CPU
		{27F24D0C-5F0A-472E-AE12-98B386A13D50}.Release|Any CPU.ActiveCfg = Release|Any CPU
		{27F24D0C-5F0A-472E-AE12-98B386A13D50}.Release|Any CPU.Build.0 = Release|Any CPU
		{F977CA8C-FBF9-4D82-80BA-FE5B2F33486E}.Debug|Any CPU.ActiveCfg = Debug|Any CPU
		{F977CA8C-FBF9-4D82-80BA-FE5B2F33486E}.Debug|Any CPU.Build.0 = Debug|Any CPU
		{F977CA8C-FBF9-4D82-80BA-FE5B2F33486E}.Release|Any CPU.ActiveCfg = Release|Any CPU
		{F977CA8C-FBF9-4D82-80BA-FE5B2F33486E}.Release|Any CPU.Build.0 = Release|Any CPU
		{61D06BBD-B0CF-4CE1-9139-1CC4B82F0F9B}.Debug|Any CPU.ActiveCfg = Debug|Any CPU
		{61D06BBD-B0CF-4CE1-9139-1CC4B82F0F9B}.Debug|Any CPU.Build.0 = Debug|Any CPU
		{61D06BBD-B0CF-4CE1-9139-1CC4B82F0F9B}.Release|Any CPU.ActiveCfg = Release|Any CPU
		{61D06BBD-B0CF-4CE1-9139-1CC4B82F0F9B}.Release|Any CPU.Build.0 = Release|Any CPU
		{A2B1148A-1747-47BD-8048-416C2C2AF14C}.Debug|Any CPU.ActiveCfg = Debug|Any CPU
		{A2B1148A-1747-47BD-8048-416C2C2AF14C}.Debug|Any CPU.Build.0 = Debug|Any CPU
		{A2B1148A-1747-47BD-8048-416C2C2AF14C}.Release|Any CPU.ActiveCfg = Release|Any CPU
		{A2B1148A-1747-47BD-8048-416C2C2AF14C}.Release|Any CPU.Build.0 = Release|Any CPU
		{9BEC2806-D8E0-443B-8B58-9D344E0C2D24}.Debug|Any CPU.ActiveCfg = Debug|Any CPU
		{9BEC2806-D8E0-443B-8B58-9D344E0C2D24}.Debug|Any CPU.Build.0 = Debug|Any CPU
		{9BEC2806-D8E0-443B-8B58-9D344E0C2D24}.Release|Any CPU.ActiveCfg = Release|Any CPU
		{9BEC2806-D8E0-443B-8B58-9D344E0C2D24}.Release|Any CPU.Build.0 = Release|Any CPU
		{F133342A-3040-4005-A2F0-7685AA7CB82D}.Debug|Any CPU.ActiveCfg = Debug|Any CPU
		{F133342A-3040-4005-A2F0-7685AA7CB82D}.Debug|Any CPU.Build.0 = Debug|Any CPU
		{F133342A-3040-4005-A2F0-7685AA7CB82D}.Release|Any CPU.ActiveCfg = Release|Any CPU
		{F133342A-3040-4005-A2F0-7685AA7CB82D}.Release|Any CPU.Build.0 = Release|Any CPU
		{36A5139E-3E9C-42BD-95EE-818153A487DB}.Debug|Any CPU.ActiveCfg = Debug|Any CPU
		{36A5139E-3E9C-42BD-95EE-818153A487DB}.Debug|Any CPU.Build.0 = Debug|Any CPU
		{36A5139E-3E9C-42BD-95EE-818153A487DB}.Release|Any CPU.ActiveCfg = Release|Any CPU
		{36A5139E-3E9C-42BD-95EE-818153A487DB}.Release|Any CPU.Build.0 = Release|Any CPU
		{238195CE-7CCE-4469-ACD8-EA00E88D947A}.Debug|Any CPU.ActiveCfg = Debug|Any CPU
		{238195CE-7CCE-4469-ACD8-EA00E88D947A}.Debug|Any CPU.Build.0 = Debug|Any CPU
		{238195CE-7CCE-4469-ACD8-EA00E88D947A}.Release|Any CPU.ActiveCfg = Release|Any CPU
		{238195CE-7CCE-4469-ACD8-EA00E88D947A}.Release|Any CPU.Build.0 = Release|Any CPU
		{F1B0790A-1A40-4487-A607-36D21D827E44}.Debug|Any CPU.ActiveCfg = Debug|Any CPU
		{F1B0790A-1A40-4487-A607-36D21D827E44}.Debug|Any CPU.Build.0 = Debug|Any CPU
		{F1B0790A-1A40-4487-A607-36D21D827E44}.Release|Any CPU.ActiveCfg = Release|Any CPU
		{F1B0790A-1A40-4487-A607-36D21D827E44}.Release|Any CPU.Build.0 = Release|Any CPU
		{3603561D-907D-494B-9E3C-29D7001018F6}.Debug|Any CPU.ActiveCfg = Debug|Any CPU
		{3603561D-907D-494B-9E3C-29D7001018F6}.Debug|Any CPU.Build.0 = Debug|Any CPU
		{3603561D-907D-494B-9E3C-29D7001018F6}.Release|Any CPU.ActiveCfg = Release|Any CPU
		{3603561D-907D-494B-9E3C-29D7001018F6}.Release|Any CPU.Build.0 = Release|Any CPU
		{351D8601-6E21-45E8-B3B9-847C4540BD4E}.Debug|Any CPU.ActiveCfg = Debug|Any CPU
		{351D8601-6E21-45E8-B3B9-847C4540BD4E}.Debug|Any CPU.Build.0 = Debug|Any CPU
		{351D8601-6E21-45E8-B3B9-847C4540BD4E}.Release|Any CPU.ActiveCfg = Release|Any CPU
		{351D8601-6E21-45E8-B3B9-847C4540BD4E}.Release|Any CPU.Build.0 = Release|Any CPU
		{6103E743-057D-41C6-946C-23A751A08748}.Debug|Any CPU.ActiveCfg = Debug|Any CPU
		{6103E743-057D-41C6-946C-23A751A08748}.Debug|Any CPU.Build.0 = Debug|Any CPU
		{6103E743-057D-41C6-946C-23A751A08748}.Release|Any CPU.ActiveCfg = Release|Any CPU
		{6103E743-057D-41C6-946C-23A751A08748}.Release|Any CPU.Build.0 = Release|Any CPU
		{8AB0265C-B32D-444E-BFCB-8902FE45143A}.Debug|Any CPU.ActiveCfg = Debug|Any CPU
		{8AB0265C-B32D-444E-BFCB-8902FE45143A}.Debug|Any CPU.Build.0 = Debug|Any CPU
		{8AB0265C-B32D-444E-BFCB-8902FE45143A}.Release|Any CPU.ActiveCfg = Release|Any CPU
		{8AB0265C-B32D-444E-BFCB-8902FE45143A}.Release|Any CPU.Build.0 = Release|Any CPU
		{87CF8481-647B-4951-8A57-468B2F0CD84B}.Debug|Any CPU.ActiveCfg = Debug|Any CPU
		{87CF8481-647B-4951-8A57-468B2F0CD84B}.Debug|Any CPU.Build.0 = Debug|Any CPU
		{87CF8481-647B-4951-8A57-468B2F0CD84B}.Release|Any CPU.ActiveCfg = Release|Any CPU
		{87CF8481-647B-4951-8A57-468B2F0CD84B}.Release|Any CPU.Build.0 = Release|Any CPU
		{840B70B2-4F4B-4FF0-A26F-185789625C78}.Debug|Any CPU.ActiveCfg = Debug|Any CPU
		{840B70B2-4F4B-4FF0-A26F-185789625C78}.Debug|Any CPU.Build.0 = Debug|Any CPU
		{840B70B2-4F4B-4FF0-A26F-185789625C78}.Release|Any CPU.ActiveCfg = Release|Any CPU
		{840B70B2-4F4B-4FF0-A26F-185789625C78}.Release|Any CPU.Build.0 = Release|Any CPU
		{48979B4E-EAEC-4B41-BB49-44CA230BECAB}.Debug|Any CPU.ActiveCfg = Debug|Any CPU
		{48979B4E-EAEC-4B41-BB49-44CA230BECAB}.Debug|Any CPU.Build.0 = Debug|Any CPU
		{48979B4E-EAEC-4B41-BB49-44CA230BECAB}.Release|Any CPU.ActiveCfg = Release|Any CPU
		{48979B4E-EAEC-4B41-BB49-44CA230BECAB}.Release|Any CPU.Build.0 = Release|Any CPU
		{AF320975-3529-48A7-B4C9-67BCE1E1B9BE}.Debug|Any CPU.ActiveCfg = Debug|Any CPU
		{AF320975-3529-48A7-B4C9-67BCE1E1B9BE}.Debug|Any CPU.Build.0 = Debug|Any CPU
		{AF320975-3529-48A7-B4C9-67BCE1E1B9BE}.Release|Any CPU.ActiveCfg = Release|Any CPU
		{AF320975-3529-48A7-B4C9-67BCE1E1B9BE}.Release|Any CPU.Build.0 = Release|Any CPU
		{A9F13504-5560-4CC7-80A2-11E23E5852E1}.Debug|Any CPU.ActiveCfg = Debug|Any CPU
		{A9F13504-5560-4CC7-80A2-11E23E5852E1}.Debug|Any CPU.Build.0 = Debug|Any CPU
		{A9F13504-5560-4CC7-80A2-11E23E5852E1}.Release|Any CPU.ActiveCfg = Release|Any CPU
		{A9F13504-5560-4CC7-80A2-11E23E5852E1}.Release|Any CPU.Build.0 = Release|Any CPU
	EndGlobalSection
	GlobalSection(SolutionProperties) = preSolution
		HideSolutionNode = FALSE
	EndGlobalSection
	GlobalSection(NestedProjects) = preSolution
		{657472B8-FDA3-49DF-B8BE-0246046A4348} = {680FB14C-7B0C-4D63-9F1A-18ACCDB0F52A}
		{0D23A41B-2626-4703-9E4A-87C07F69B0B2} = {77FEDB47-F7F6-490D-AF7C-ABB4A9E0B9D7}
		{AB38E262-F206-4820-8F29-23C5F72A4A16} = {583F1292-AE8D-4511-B8D8-A81FE4642DDC}
		{B50AC96F-2655-4687-A404-16DF51882CBC} = {77FEDB47-F7F6-490D-AF7C-ABB4A9E0B9D7}
		{27F24D0C-5F0A-472E-AE12-98B386A13D50} = {583F1292-AE8D-4511-B8D8-A81FE4642DDC}
		{F977CA8C-FBF9-4D82-80BA-FE5B2F33486E} = {583F1292-AE8D-4511-B8D8-A81FE4642DDC}
		{61D06BBD-B0CF-4CE1-9139-1CC4B82F0F9B} = {77FEDB47-F7F6-490D-AF7C-ABB4A9E0B9D7}
		{A2B1148A-1747-47BD-8048-416C2C2AF14C} = {434C00C3-E498-4BA7-9764-9F0FC8CFE457}
		{9BEC2806-D8E0-443B-8B58-9D344E0C2D24} = {434C00C3-E498-4BA7-9764-9F0FC8CFE457}
		{F133342A-3040-4005-A2F0-7685AA7CB82D} = {989F376E-AE19-43B0-A3E6-96A7E22B4E80}
		{36A5139E-3E9C-42BD-95EE-818153A487DB} = {989F376E-AE19-43B0-A3E6-96A7E22B4E80}
		{583F1292-AE8D-4511-B8D8-A81FE4642DDC} = {DF68A171-D27B-4E6A-8A7E-63A651622355}
		{680FB14C-7B0C-4D63-9F1A-18ACCDB0F52A} = {DF68A171-D27B-4E6A-8A7E-63A651622355}
		{238195CE-7CCE-4469-ACD8-EA00E88D947A} = {680FB14C-7B0C-4D63-9F1A-18ACCDB0F52A}
		{F1B0790A-1A40-4487-A607-36D21D827E44} = {434C00C3-E498-4BA7-9764-9F0FC8CFE457}
		{3603561D-907D-494B-9E3C-29D7001018F6} = {DF68A171-D27B-4E6A-8A7E-63A651622355}
		{351D8601-6E21-45E8-B3B9-847C4540BD4E} = {088DD24C-DF6B-45F3-A8BC-592580A4B2A9}
		{6103E743-057D-41C6-946C-23A751A08748} = {088DD24C-DF6B-45F3-A8BC-592580A4B2A9}
		{088DD24C-DF6B-45F3-A8BC-592580A4B2A9} = {77FEDB47-F7F6-490D-AF7C-ABB4A9E0B9D7}
		{8F20A905-BD37-4D80-B8DF-FA45276FC23F} = {680FB14C-7B0C-4D63-9F1A-18ACCDB0F52A}
		{8AB0265C-B32D-444E-BFCB-8902FE45143A} = {8F20A905-BD37-4D80-B8DF-FA45276FC23F}
		{87CF8481-647B-4951-8A57-468B2F0CD84B} = {680FB14C-7B0C-4D63-9F1A-18ACCDB0F52A}
		{840B70B2-4F4B-4FF0-A26F-185789625C78} = {680FB14C-7B0C-4D63-9F1A-18ACCDB0F52A}
		{48979B4E-EAEC-4B41-BB49-44CA230BECAB} = {680FB14C-7B0C-4D63-9F1A-18ACCDB0F52A}
		{AF320975-3529-48A7-B4C9-67BCE1E1B9BE} = {8F20A905-BD37-4D80-B8DF-FA45276FC23F}
		{D390F7D2-1E11-4DEE-B7F1-4FD0681A81F0} = {DF68A171-D27B-4E6A-8A7E-63A651622355}
		{A9F13504-5560-4CC7-80A2-11E23E5852E1} = {D390F7D2-1E11-4DEE-B7F1-4FD0681A81F0}
	EndGlobalSection
	GlobalSection(ExtensibilityGlobals) = postSolution
		SolutionGuid = {7B1B0433-F612-4E5A-BE7E-FCF5B9F6E136}
	EndGlobalSection
EndGlobal
