
Microsoft Visual Studio Solution File, Format Version 12.00
# Visual Studio Version 16
VisualStudioVersion = 16.0.31320.298
MinimumVisualStudioVersion = 10.0.40219.1
Project("{F184B08F-C81C-45F6-A57F-5ABD9991F28F}") = "IdleTextDemo_VB", "IdleTextDemo_VB\IdleTextDemo_VB.vbproj", "{15BFFD13-59AE-4637-9325-937FF590B9A3}"
EndProject
Global
	GlobalSection(SolutionConfigurationPlatforms) = preSolution
		Debug|Any CPU = Debug|Any CPU
		Release|Any CPU = Release|Any CPU
	EndGlobalSection
	GlobalSection(ProjectConfigurationPlatforms) = postSolution
		{15BFFD13-59AE-4637-9325-937FF590B9A3}.Debug|Any CPU.ActiveCfg = Debug|Any CPU
		{15BFFD13-59AE-4637-9325-937FF590B9A3}.Debug|Any CPU.Build.0 = Debug|Any CPU
		{15BFFD13-59AE-4637-9325-937FF590B9A3}.Release|Any CPU.ActiveCfg = Release|Any CPU
		{15BFFD13-59AE-4637-9325-937FF590B9A3}.Release|Any CPU.Build.0 = Release|Any CPU
	EndGlobalSection
	GlobalSection(SolutionProperties) = preSolution
		HideSolutionNode = FALSE
	EndGlobalSection
	GlobalSection(ExtensibilityGlobals) = postSolution
		SolutionGuid = {364B984B-F370-4CA7-B7E5-C15445149055}
	EndGlobalSection
EndGlobal
